// !$*UTF8*$!
{
	archiveVersion = 1;
	classes = {
	};
	objectVersion = 48;
	objects = {

/* Begin PBXBuildFile section */
		061CC3A80DA207C22923B6B9A2AB469A /* ChecklistViewController.swift in Sources */ = {isa = PBXBuildFile; fileRef = 6189C84E1BCDB6DF0C980F2EA91BC94E /* ChecklistViewController.swift */; };
		0E6B385C8DC1229F200420E96DF19F3E /* ChecklistDataProvider.swift in Sources */ = {isa = PBXBuildFile; fileRef = 96D43AEE865688E1AC7B99A46A6561E6 /* ChecklistDataProvider.swift */; };
		17DA3E74618DEE4710279B35D77AFD88 /* Environment.swift in Sources */ = {isa = PBXBuildFile; fileRef = DEA81480832C2CED36A61F1DD6D2287D /* Environment.swift */; };
		1BF92A26B46C6459DD041AF6C22E2864 /* Pods_Checklists.framework in Frameworks */ = {isa = PBXBuildFile; fileRef = 9C53B8A34CE47B39F6AEFD3C555CD48B /* Pods_Checklists.framework */; };
		268460360465E7A3B49BB2240B83DA1F /* LaunchScreen.storyboard in Resources */ = {isa = PBXBuildFile; fileRef = C85F82CDB62CDEA543ACA67999688322 /* LaunchScreen.storyboard */; };
		2736A892DCFF7E6FC4B45A828DAF0F2B /* ChecklistDataProviderTypeMock.swift in Sources */ = {isa = PBXBuildFile; fileRef = B91D6E4F15D10B33B14A659BC19FBE99 /* ChecklistDataProviderTypeMock.swift */; };
		314C9B11BCE393B9A2665A7A39715548 /* APIMock.swift in Sources */ = {isa = PBXBuildFile; fileRef = 0B3C3D3EF145297648D633CFABA67000 /* APIMock.swift */; };
		52361006E634273C688D9237E64E7802 /* LocalEnvironmentSpec.swift in Sources */ = {isa = PBXBuildFile; fileRef = C069D14524348B09D27C16D3EBAB5348 /* LocalEnvironmentSpec.swift */; };
		54D85E7C0D093DC20EC682706DB6A03A /* IntegrationTests.swift in Sources */ = {isa = PBXBuildFile; fileRef = 8EBD16A4AB4B001C0C387001304429A5 /* IntegrationTests.swift */; };
		561D0CC5FB4BF7496BF0BD1F528B981C /* ItemDetailViewController.swift in Sources */ = {isa = PBXBuildFile; fileRef = 27A0479C0F8DA0A5396BF77E15CB471B /* ItemDetailViewController.swift */; };
		64FDD0BC33E8C47883322E148F78D948 /* ChecklistDataPersistence.swift in Sources */ = {isa = PBXBuildFile; fileRef = 537AEBED620C53C4D14BA813979DED43 /* ChecklistDataPersistence.swift */; };
		72574D7B76A747A190338291095E925F /* ChecklistDataPersistenceSpec.swift in Sources */ = {isa = PBXBuildFile; fileRef = 6A93002FCE670A8629C527DD000D0693 /* ChecklistDataPersistenceSpec.swift */; };
		73B2AF14939858F5732D9319CC2CF9A2 /* ItemDetailViewControllerDelegateMock.swift in Sources */ = {isa = PBXBuildFile; fileRef = A5D9FD33A1CA1E744D3DCF69C8609D17 /* ItemDetailViewControllerDelegateMock.swift */; };
		76261B146482A13F9ADD03C19F4D7853 /* Pods_Unit_Tests.framework in Frameworks */ = {isa = PBXBuildFile; fileRef = 8465DFB2755DCBD8334FE0407FE08285 /* Pods_Unit_Tests.framework */; };
		7CC7C1CAF979310D29D6D96604116CC1 /* BaseRobot.swift in Sources */ = {isa = PBXBuildFile; fileRef = 0311826DA68BA311CF2DB4824E585C57 /* BaseRobot.swift */; };
		7EA6164F33F42ABFCDCD6A926C7A3993 /* ChecklistRobot.swift in Sources */ = {isa = PBXBuildFile; fileRef = F1F743DB47EDA2836B1C5EBB2CA56509 /* ChecklistRobot.swift */; };
		842F2FF597D5D9F340C7770FA8E123A4 /* ChecklistDataProviderSpec.swift in Sources */ = {isa = PBXBuildFile; fileRef = E33C782A348B35DDF83633C89D43E096 /* ChecklistDataProviderSpec.swift */; };
		8A600BA4F92829D933D25F4DA87B4E54 /* ChecklistDataPersistenceRest.swift in Sources */ = {isa = PBXBuildFile; fileRef = BED906414EC0452AF5624959708846A8 /* ChecklistDataPersistenceRest.swift */; };
		8ACA87B08B5C6246E47032D3133BB64C /* Pods_Integration_Tests.framework in Frameworks */ = {isa = PBXBuildFile; fileRef = D31D2801D86F94B93817B1B28F20B5F3 /* Pods_Integration_Tests.framework */; };
		94443FE79AC7C9656E73A47630827697 /* Main.storyboard in Resources */ = {isa = PBXBuildFile; fileRef = 1F2FA77C497A9ECA00DEBA96A31941C9 /* Main.storyboard */; };
		9FB3E246BC7D116732DC12DEF9470DCF /* Assets.xcassets in Resources */ = {isa = PBXBuildFile; fileRef = 5173F3E7466A2F8361B84BA8E810DEE8 /* Assets.xcassets */; };
		A3A32C522E0414134E0CD0AF053309CA /* AppDelegate.swift in Sources */ = {isa = PBXBuildFile; fileRef = D7DE7A15AF494470EB04BF9EA7122D7C /* AppDelegate.swift */; };
		A990685BD8DB74D6ABEB615CDF6B912F /* EnvironmentSpec.swift in Sources */ = {isa = PBXBuildFile; fileRef = 7775B388727095CDB8ADEB399CDE5597 /* EnvironmentSpec.swift */; };
		B9048469DA054E2AA8718FACC81E32CE /* ChecklistDataPersistenceMock.swift in Sources */ = {isa = PBXBuildFile; fileRef = 4A36DF921C2C8AC5EB378DCD70F379BF /* ChecklistDataPersistenceMock.swift */; };
		BE37A4BC438304324B9C50F44CD17936 /* EndToEndTests.swift in Sources */ = {isa = PBXBuildFile; fileRef = 7160C8C1C9E78C39922143714523547B /* EndToEndTests.swift */; };
		BF3F8AE87E9DCB3D42070F73DF0DA03B /* ChecklistViewControllerSpec.swift in Sources */ = {isa = PBXBuildFile; fileRef = 4D1A783C4E9AA3BB9EED04E092A89A42 /* ChecklistViewControllerSpec.swift */; };
		C0015482DA1362CAAFFF29821601117B /* ChecklistRobot.swift in Sources */ = {isa = PBXBuildFile; fileRef = F1F743DB47EDA2836B1C5EBB2CA56509 /* ChecklistRobot.swift */; };
		C174CA8C74875E040B58F4B35958FFD3 /* ItemDetailViewControllerSpec.swift in Sources */ = {isa = PBXBuildFile; fileRef = CB15B27EF78A2DB4A93E3412AC886E52 /* ItemDetailViewControllerSpec.swift */; };
		C424631EA064DB11C2D2E2E528FD8F75 /* Pods_End_to_End_Tests.framework in Frameworks */ = {isa = PBXBuildFile; fileRef = 79079FD0D8BF6B74C07EA6B2EDE1652C /* Pods_End_to_End_Tests.framework */; };
		E25AE39175617C7D918CF92D72DEBE47 /* EndToEndEnvironmentSpec.swift in Sources */ = {isa = PBXBuildFile; fileRef = DE0543D7ED9036F28EDE0DC7C9E6D5AA /* EndToEndEnvironmentSpec.swift */; };
		E4DF1F1ECAD4EE963BE47BE1DD194FC5 /* Environment.swift in Sources */ = {isa = PBXBuildFile; fileRef = DEA81480832C2CED36A61F1DD6D2287D /* Environment.swift */; };
		E96D12D130DEE9428858E23E972C4294 /* CheckListItemSpec.swift in Sources */ = {isa = PBXBuildFile; fileRef = 7F79F96C21CEA7EE06206BABEC820B5B /* CheckListItemSpec.swift */; };
		EE493660A68A79FD1D07B0B20B29C2E2 /* ChecklistItem.swift in Sources */ = {isa = PBXBuildFile; fileRef = E1D3424EEE6448F3C289C33B90B3BD85 /* ChecklistItem.swift */; };
		EF4559CC211424057053637A7ADD1362 /* Environment.swift in Sources */ = {isa = PBXBuildFile; fileRef = DEA81480832C2CED36A61F1DD6D2287D /* Environment.swift */; };
		FFDF9BBFA7697319E72816FB0A9AFC00 /* BaseRobot.swift in Sources */ = {isa = PBXBuildFile; fileRef = 0311826DA68BA311CF2DB4824E585C57 /* BaseRobot.swift */; };
/* End PBXBuildFile section */

/* Begin PBXContainerItemProxy section */
		30FD26C1376330AAC6991A1BA6379264 /* PBXContainerItemProxy */ = {
			isa = PBXContainerItemProxy;
			containerPortal = E810412BCEBC4E4DBF6042106A57A373 /* Project object */;
			proxyType = 1;
			remoteGlobalIDString = ADF66C4C9F00975F16EBC494FECC3DE7;
			remoteInfo = Checklists;
		};
		6612113C9D8261121811235C38B0982C /* PBXContainerItemProxy */ = {
			isa = PBXContainerItemProxy;
			containerPortal = E810412BCEBC4E4DBF6042106A57A373 /* Project object */;
			proxyType = 1;
			remoteGlobalIDString = ADF66C4C9F00975F16EBC494FECC3DE7;
			remoteInfo = Checklists;
		};
		CC32EEEF3695776097FC96C18504F90F /* PBXContainerItemProxy */ = {
			isa = PBXContainerItemProxy;
			containerPortal = E810412BCEBC4E4DBF6042106A57A373 /* Project object */;
			proxyType = 1;
			remoteGlobalIDString = ADF66C4C9F00975F16EBC494FECC3DE7;
			remoteInfo = Checklists;
		};
/* End PBXContainerItemProxy section */

/* Begin PBXFileReference section */
		0200972191F4CBC2AF25524FD3BECCD2 /* Pods-Unit Tests.debug.xcconfig */ = {isa = PBXFileReference; includeInIndex = 1; lastKnownFileType = text.xcconfig; name = "Pods-Unit Tests.debug.xcconfig"; path = "Pods/Target Support Files/Pods-Unit Tests/Pods-Unit Tests.debug.xcconfig"; sourceTree = "<group>"; };
		0311826DA68BA311CF2DB4824E585C57 /* BaseRobot.swift */ = {isa = PBXFileReference; fileEncoding = 4; lastKnownFileType = sourcecode.swift; path = BaseRobot.swift; sourceTree = "<group>"; };
		0B3C3D3EF145297648D633CFABA67000 /* APIMock.swift */ = {isa = PBXFileReference; lastKnownFileType = sourcecode.swift; path = APIMock.swift; sourceTree = "<group>"; };
		121EAC2F9A050F0019FE5158CA1B3C53 /* Checklists.app */ = {isa = PBXFileReference; explicitFileType = wrapper.application; includeInIndex = 0; path = Checklists.app; sourceTree = BUILT_PRODUCTS_DIR; };
		1B961F5A81AE4BC3577444C9C1F0321E /* Info.plist */ = {isa = PBXFileReference; lastKnownFileType = text.plist.xml; path = Info.plist; sourceTree = "<group>"; };
		24321628192836734DF73387388A8563 /* Unit Tests.xctest */ = {isa = PBXFileReference; explicitFileType = wrapper.cfbundle; includeInIndex = 0; path = "Unit Tests.xctest"; sourceTree = BUILT_PRODUCTS_DIR; };
		261ADD073846398DC81EF921F80A6A6A /* Info.plist */ = {isa = PBXFileReference; lastKnownFileType = text.plist.xml; path = Info.plist; sourceTree = "<group>"; };
		27A0479C0F8DA0A5396BF77E15CB471B /* ItemDetailViewController.swift */ = {isa = PBXFileReference; lastKnownFileType = sourcecode.swift; path = ItemDetailViewController.swift; sourceTree = "<group>"; };
		27CA188C8410467C4A548DD5C77CFF99 /* Makefile */ = {isa = PBXFileReference; lastKnownFileType = sourcecode.make; path = Makefile; sourceTree = "<group>"; };
		2F5232103993033C8005D25C446F30FF /* Pods-Checklists.release.xcconfig */ = {isa = PBXFileReference; includeInIndex = 1; lastKnownFileType = text.xcconfig; name = "Pods-Checklists.release.xcconfig"; path = "Pods/Target Support Files/Pods-Checklists/Pods-Checklists.release.xcconfig"; sourceTree = "<group>"; };
		4063011482C2B76A5B985FFE8EB04540 /* Info.plist */ = {isa = PBXFileReference; lastKnownFileType = text.plist.xml; path = Info.plist; sourceTree = "<group>"; };
		41D2E68682D7F543FDAD6E05E85A9BF5 /* Info.plist */ = {isa = PBXFileReference; lastKnownFileType = text.plist.xml; path = Info.plist; sourceTree = "<group>"; };
		4A36DF921C2C8AC5EB378DCD70F379BF /* ChecklistDataPersistenceMock.swift */ = {isa = PBXFileReference; lastKnownFileType = sourcecode.swift; path = ChecklistDataPersistenceMock.swift; sourceTree = "<group>"; };
		4D1A783C4E9AA3BB9EED04E092A89A42 /* ChecklistViewControllerSpec.swift */ = {isa = PBXFileReference; lastKnownFileType = sourcecode.swift; path = ChecklistViewControllerSpec.swift; sourceTree = "<group>"; };
		5173F3E7466A2F8361B84BA8E810DEE8 /* Assets.xcassets */ = {isa = PBXFileReference; lastKnownFileType = folder.assetcatalog; path = Assets.xcassets; sourceTree = "<group>"; };
		51B3FD98425C05DCB258A2372AEF2400 /* Base */ = {isa = PBXFileReference; lastKnownFileType = file.storyboard; name = Base; path = Base.lproj/Main.storyboard; sourceTree = "<group>"; };
		537AEBED620C53C4D14BA813979DED43 /* ChecklistDataPersistence.swift */ = {isa = PBXFileReference; lastKnownFileType = sourcecode.swift; path = ChecklistDataPersistence.swift; sourceTree = "<group>"; };
		5B58C97B5D24923386F419A24A3C091E /* Integration Tests.xctest */ = {isa = PBXFileReference; explicitFileType = wrapper.cfbundle; includeInIndex = 0; path = "Integration Tests.xctest"; sourceTree = BUILT_PRODUCTS_DIR; };
		6189C84E1BCDB6DF0C980F2EA91BC94E /* ChecklistViewController.swift */ = {isa = PBXFileReference; lastKnownFileType = sourcecode.swift; path = ChecklistViewController.swift; sourceTree = "<group>"; };
		642736A8846F3509A30F98C37D61DB03 /* Pods-Integration Tests.debug.xcconfig */ = {isa = PBXFileReference; includeInIndex = 1; lastKnownFileType = text.xcconfig; name = "Pods-Integration Tests.debug.xcconfig"; path = "Pods/Target Support Files/Pods-Integration Tests/Pods-Integration Tests.debug.xcconfig"; sourceTree = "<group>"; };
		6A93002FCE670A8629C527DD000D0693 /* ChecklistDataPersistenceSpec.swift */ = {isa = PBXFileReference; lastKnownFileType = sourcecode.swift; path = ChecklistDataPersistenceSpec.swift; sourceTree = "<group>"; };
		6D8C1B4D3B413AB0419426B7923989C2 /* Base */ = {isa = PBXFileReference; lastKnownFileType = file.storyboard; name = Base; path = Base.lproj/LaunchScreen.storyboard; sourceTree = "<group>"; };
		7160C8C1C9E78C39922143714523547B /* EndToEndTests.swift */ = {isa = PBXFileReference; lastKnownFileType = sourcecode.swift; path = EndToEndTests.swift; sourceTree = "<group>"; };
		774422022564BBEC70B91CF14262D90F /* Pods-End to End Tests.release.xcconfig */ = {isa = PBXFileReference; includeInIndex = 1; lastKnownFileType = text.xcconfig; name = "Pods-End to End Tests.release.xcconfig"; path = "Pods/Target Support Files/Pods-End to End Tests/Pods-End to End Tests.release.xcconfig"; sourceTree = "<group>"; };
		7775B388727095CDB8ADEB399CDE5597 /* EnvironmentSpec.swift */ = {isa = PBXFileReference; lastKnownFileType = sourcecode.swift; path = EnvironmentSpec.swift; sourceTree = "<group>"; };
		79079FD0D8BF6B74C07EA6B2EDE1652C /* Pods_End_to_End_Tests.framework */ = {isa = PBXFileReference; explicitFileType = wrapper.framework; includeInIndex = 0; path = Pods_End_to_End_Tests.framework; sourceTree = BUILT_PRODUCTS_DIR; };
		7F79F96C21CEA7EE06206BABEC820B5B /* CheckListItemSpec.swift */ = {isa = PBXFileReference; lastKnownFileType = sourcecode.swift; path = CheckListItemSpec.swift; sourceTree = "<group>"; };
		8465DFB2755DCBD8334FE0407FE08285 /* Pods_Unit_Tests.framework */ = {isa = PBXFileReference; explicitFileType = wrapper.framework; includeInIndex = 0; path = Pods_Unit_Tests.framework; sourceTree = BUILT_PRODUCTS_DIR; };
		8EBD16A4AB4B001C0C387001304429A5 /* IntegrationTests.swift */ = {isa = PBXFileReference; lastKnownFileType = sourcecode.swift; path = IntegrationTests.swift; sourceTree = "<group>"; };
		96D43AEE865688E1AC7B99A46A6561E6 /* ChecklistDataProvider.swift */ = {isa = PBXFileReference; lastKnownFileType = sourcecode.swift; path = ChecklistDataProvider.swift; sourceTree = "<group>"; };
		9982A6FBF6DB291B11CF879E9D6BA3FE /* Pods-Integration Tests.release.xcconfig */ = {isa = PBXFileReference; includeInIndex = 1; lastKnownFileType = text.xcconfig; name = "Pods-Integration Tests.release.xcconfig"; path = "Pods/Target Support Files/Pods-Integration Tests/Pods-Integration Tests.release.xcconfig"; sourceTree = "<group>"; };
		9C53B8A34CE47B39F6AEFD3C555CD48B /* Pods_Checklists.framework */ = {isa = PBXFileReference; explicitFileType = wrapper.framework; includeInIndex = 0; path = Pods_Checklists.framework; sourceTree = BUILT_PRODUCTS_DIR; };
		A5D9FD33A1CA1E744D3DCF69C8609D17 /* ItemDetailViewControllerDelegateMock.swift */ = {isa = PBXFileReference; lastKnownFileType = sourcecode.swift; path = ItemDetailViewControllerDelegateMock.swift; sourceTree = "<group>"; };
		B1670FD7830EB34CAB2AE78B2FA0EA36 /* Pods-Unit Tests.release.xcconfig */ = {isa = PBXFileReference; includeInIndex = 1; lastKnownFileType = text.xcconfig; name = "Pods-Unit Tests.release.xcconfig"; path = "Pods/Target Support Files/Pods-Unit Tests/Pods-Unit Tests.release.xcconfig"; sourceTree = "<group>"; };
		B91D6E4F15D10B33B14A659BC19FBE99 /* ChecklistDataProviderTypeMock.swift */ = {isa = PBXFileReference; lastKnownFileType = sourcecode.swift; path = ChecklistDataProviderTypeMock.swift; sourceTree = "<group>"; };
		BA98807D535197FE8BCF3B9FB11BB349 /* Pods-End to End Tests.debug.xcconfig */ = {isa = PBXFileReference; includeInIndex = 1; lastKnownFileType = text.xcconfig; name = "Pods-End to End Tests.debug.xcconfig"; path = "Pods/Target Support Files/Pods-End to End Tests/Pods-End to End Tests.debug.xcconfig"; sourceTree = "<group>"; };
		BED906414EC0452AF5624959708846A8 /* ChecklistDataPersistenceRest.swift */ = {isa = PBXFileReference; lastKnownFileType = sourcecode.swift; path = ChecklistDataPersistenceRest.swift; sourceTree = "<group>"; };
		C069D14524348B09D27C16D3EBAB5348 /* LocalEnvironmentSpec.swift */ = {isa = PBXFileReference; lastKnownFileType = sourcecode.swift; path = LocalEnvironmentSpec.swift; sourceTree = "<group>"; };
		CB15B27EF78A2DB4A93E3412AC886E52 /* ItemDetailViewControllerSpec.swift */ = {isa = PBXFileReference; lastKnownFileType = sourcecode.swift; path = ItemDetailViewControllerSpec.swift; sourceTree = "<group>"; };
		D31D2801D86F94B93817B1B28F20B5F3 /* Pods_Integration_Tests.framework */ = {isa = PBXFileReference; explicitFileType = wrapper.framework; includeInIndex = 0; path = Pods_Integration_Tests.framework; sourceTree = BUILT_PRODUCTS_DIR; };
		D7DE7A15AF494470EB04BF9EA7122D7C /* AppDelegate.swift */ = {isa = PBXFileReference; lastKnownFileType = sourcecode.swift; path = AppDelegate.swift; sourceTree = "<group>"; };
		DD5CF44B0C2EEFF60B6874CE958AD95D /* End to End Tests.xctest */ = {isa = PBXFileReference; explicitFileType = wrapper.cfbundle; includeInIndex = 0; path = "End to End Tests.xctest"; sourceTree = BUILT_PRODUCTS_DIR; };
		DE0543D7ED9036F28EDE0DC7C9E6D5AA /* EndToEndEnvironmentSpec.swift */ = {isa = PBXFileReference; lastKnownFileType = sourcecode.swift; path = EndToEndEnvironmentSpec.swift; sourceTree = "<group>"; };
		DEA81480832C2CED36A61F1DD6D2287D /* Environment.swift */ = {isa = PBXFileReference; lastKnownFileType = sourcecode.swift; path = Environment.swift; sourceTree = "<group>"; };
		E1D3424EEE6448F3C289C33B90B3BD85 /* ChecklistItem.swift */ = {isa = PBXFileReference; lastKnownFileType = sourcecode.swift; path = ChecklistItem.swift; sourceTree = "<group>"; };
		E33C782A348B35DDF83633C89D43E096 /* ChecklistDataProviderSpec.swift */ = {isa = PBXFileReference; lastKnownFileType = sourcecode.swift; path = ChecklistDataProviderSpec.swift; sourceTree = "<group>"; };
		F1F743DB47EDA2836B1C5EBB2CA56509 /* ChecklistRobot.swift */ = {isa = PBXFileReference; lastKnownFileType = sourcecode.swift; path = ChecklistRobot.swift; sourceTree = "<group>"; };
		F39AF4559ED6BC307F2CF15601818249 /* Pods-Checklists.debug.xcconfig */ = {isa = PBXFileReference; includeInIndex = 1; lastKnownFileType = text.xcconfig; name = "Pods-Checklists.debug.xcconfig"; path = "Pods/Target Support Files/Pods-Checklists/Pods-Checklists.debug.xcconfig"; sourceTree = "<group>"; };
/* End PBXFileReference section */

/* Begin PBXFrameworksBuildPhase section */
		23B5A969984D7005DD1D946A6FB48692 /* Frameworks */ = {
			isa = PBXFrameworksBuildPhase;
			buildActionMask = 2147483647;
			files = (
				76261B146482A13F9ADD03C19F4D7853 /* Pods_Unit_Tests.framework in Frameworks */,
			);
			runOnlyForDeploymentPostprocessing = 0;
		};
		50E3DF9E074CC079999B4C4E2B507D9C /* Frameworks */ = {
			isa = PBXFrameworksBuildPhase;
			buildActionMask = 2147483647;
			files = (
				1BF92A26B46C6459DD041AF6C22E2864 /* Pods_Checklists.framework in Frameworks */,
			);
			runOnlyForDeploymentPostprocessing = 0;
		};
		71D7497A674878A08953F656A1784083 /* Frameworks */ = {
			isa = PBXFrameworksBuildPhase;
			buildActionMask = 2147483647;
			files = (
				C424631EA064DB11C2D2E2E528FD8F75 /* Pods_End_to_End_Tests.framework in Frameworks */,
			);
			runOnlyForDeploymentPostprocessing = 0;
		};
		C9E837F228CD5574AF30BA019A6F9946 /* Frameworks */ = {
			isa = PBXFrameworksBuildPhase;
			buildActionMask = 2147483647;
			files = (
				8ACA87B08B5C6246E47032D3133BB64C /* Pods_Integration_Tests.framework in Frameworks */,
			);
			runOnlyForDeploymentPostprocessing = 0;
		};
/* End PBXFrameworksBuildPhase section */

/* Begin PBXGroup section */
		03444B99D17DCBEBADDC02CB646CA6A4 /* Data */ = {
			isa = PBXGroup;
			children = (
				537AEBED620C53C4D14BA813979DED43 /* ChecklistDataPersistence.swift */,
				BED906414EC0452AF5624959708846A8 /* ChecklistDataPersistenceRest.swift */,
				96D43AEE865688E1AC7B99A46A6561E6 /* ChecklistDataProvider.swift */,
			);
			path = Data;
			sourceTree = "<group>";
		};
		0C62139A97642777659F619730F54168 /* View */ = {
			isa = PBXGroup;
			children = (
				6189C84E1BCDB6DF0C980F2EA91BC94E /* ChecklistViewController.swift */,
				27A0479C0F8DA0A5396BF77E15CB471B /* ItemDetailViewController.swift */,
			);
			path = View;
			sourceTree = "<group>";
		};
		291A62E5F3BCB4E6337B9C6BAF5C5645 /* Checklists */ = {
			isa = PBXGroup;
			children = (
				03444B99D17DCBEBADDC02CB646CA6A4 /* Data */,
				2E2C1FF87AF24C4731F70C058E542EF8 /* Model */,
				0C62139A97642777659F619730F54168 /* View */,
				D7DE7A15AF494470EB04BF9EA7122D7C /* AppDelegate.swift */,
				5173F3E7466A2F8361B84BA8E810DEE8 /* Assets.xcassets */,
				DEA81480832C2CED36A61F1DD6D2287D /* Environment.swift */,
				4063011482C2B76A5B985FFE8EB04540 /* Info.plist */,
				C85F82CDB62CDEA543ACA67999688322 /* LaunchScreen.storyboard */,
				1F2FA77C497A9ECA00DEBA96A31941C9 /* Main.storyboard */,
			);
			path = Checklists;
			sourceTree = "<group>";
		};
		2E2C1FF87AF24C4731F70C058E542EF8 /* Model */ = {
			isa = PBXGroup;
			children = (
				E1D3424EEE6448F3C289C33B90B3BD85 /* ChecklistItem.swift */,
			);
			path = Model;
			sourceTree = "<group>";
		};
		36EF5E93B2BCCF8AB91D8AD7D5B116F1 /* View */ = {
			isa = PBXGroup;
			children = (
				4D1A783C4E9AA3BB9EED04E092A89A42 /* ChecklistViewControllerSpec.swift */,
				CB15B27EF78A2DB4A93E3412AC886E52 /* ItemDetailViewControllerSpec.swift */,
			);
			path = View;
			sourceTree = "<group>";
		};
		4A39E09F1D0726CEF672B99963E77F6F /* Unit Tests */ = {
			isa = PBXGroup;
			children = (
				7B5980B6696B33ED67D14CFA01807CFB /* Data */,
				7CEBB5FB1AE482493B94BF5741C6CE36 /* Mocks */,
				C0AAC9FF56B1A43FAD988A7939840F85 /* Model */,
				36EF5E93B2BCCF8AB91D8AD7D5B116F1 /* View */,
				7775B388727095CDB8ADEB399CDE5597 /* EnvironmentSpec.swift */,
				1B961F5A81AE4BC3577444C9C1F0321E /* Info.plist */,
			);
			path = "Unit Tests";
			sourceTree = "<group>";
		};
		4C4188C311DF31A39F24D60685057040 /* Pods */ = {
			isa = PBXGroup;
			children = (
				F39AF4559ED6BC307F2CF15601818249 /* Pods-Checklists.debug.xcconfig */,
				2F5232103993033C8005D25C446F30FF /* Pods-Checklists.release.xcconfig */,
				BA98807D535197FE8BCF3B9FB11BB349 /* Pods-End to End Tests.debug.xcconfig */,
				774422022564BBEC70B91CF14262D90F /* Pods-End to End Tests.release.xcconfig */,
				642736A8846F3509A30F98C37D61DB03 /* Pods-Integration Tests.debug.xcconfig */,
				9982A6FBF6DB291B11CF879E9D6BA3FE /* Pods-Integration Tests.release.xcconfig */,
				0200972191F4CBC2AF25524FD3BECCD2 /* Pods-Unit Tests.debug.xcconfig */,
				B1670FD7830EB34CAB2AE78B2FA0EA36 /* Pods-Unit Tests.release.xcconfig */,
			);
			name = Pods;
			sourceTree = "<group>";
		};
		5834CCDEC622B98AC669A5E626A28137 = {
			isa = PBXGroup;
			children = (
				291A62E5F3BCB4E6337B9C6BAF5C5645 /* Checklists */,
				BBAA098D47A2F84B7D5B519A8416078A /* Frameworks */,
				27CA188C8410467C4A548DD5C77CFF99 /* Makefile */,
				4C4188C311DF31A39F24D60685057040 /* Pods */,
				C6DCF49DC5CBEF67DD72ADFC82F87856 /* Products */,
				F149626825959C76568D2BE2AB83AF8A /* Tests */,
			);
			sourceTree = "<group>";
		};
		7B5980B6696B33ED67D14CFA01807CFB /* Data */ = {
			isa = PBXGroup;
			children = (
				6A93002FCE670A8629C527DD000D0693 /* ChecklistDataPersistenceSpec.swift */,
				E33C782A348B35DDF83633C89D43E096 /* ChecklistDataProviderSpec.swift */,
			);
			path = Data;
			sourceTree = "<group>";
		};
		7B72A2FDB16163A28516B8EEFE6920B3 /* Helpers */ = {
			isa = PBXGroup;
			children = (
				0311826DA68BA311CF2DB4824E585C57 /* BaseRobot.swift */,
				F1F743DB47EDA2836B1C5EBB2CA56509 /* ChecklistRobot.swift */,
			);
			path = Helpers;
			sourceTree = "<group>";
		};
		7CEBB5FB1AE482493B94BF5741C6CE36 /* Mocks */ = {
			isa = PBXGroup;
			children = (
				4A36DF921C2C8AC5EB378DCD70F379BF /* ChecklistDataPersistenceMock.swift */,
				B91D6E4F15D10B33B14A659BC19FBE99 /* ChecklistDataProviderTypeMock.swift */,
				A5D9FD33A1CA1E744D3DCF69C8609D17 /* ItemDetailViewControllerDelegateMock.swift */,
			);
			path = Mocks;
			sourceTree = "<group>";
		};
		8D7CA3AB6A4A88FB18B378F2194051B0 /* End to End Tests */ = {
			isa = PBXGroup;
			children = (
				DE0543D7ED9036F28EDE0DC7C9E6D5AA /* EndToEndEnvironmentSpec.swift */,
				7160C8C1C9E78C39922143714523547B /* EndToEndTests.swift */,
				261ADD073846398DC81EF921F80A6A6A /* Info.plist */,
			);
			path = "End to End Tests";
			sourceTree = "<group>";
		};
		9DC9F89D21F2F5A6DA596F62832D42A9 /* Integration Tests */ = {
			isa = PBXGroup;
			children = (
				0B3C3D3EF145297648D633CFABA67000 /* APIMock.swift */,
				41D2E68682D7F543FDAD6E05E85A9BF5 /* Info.plist */,
				8EBD16A4AB4B001C0C387001304429A5 /* IntegrationTests.swift */,
				C069D14524348B09D27C16D3EBAB5348 /* LocalEnvironmentSpec.swift */,
			);
			path = "Integration Tests";
			sourceTree = "<group>";
		};
		BBAA098D47A2F84B7D5B519A8416078A /* Frameworks */ = {
			isa = PBXGroup;
			children = (
				9C53B8A34CE47B39F6AEFD3C555CD48B /* Pods_Checklists.framework */,
				79079FD0D8BF6B74C07EA6B2EDE1652C /* Pods_End_to_End_Tests.framework */,
				D31D2801D86F94B93817B1B28F20B5F3 /* Pods_Integration_Tests.framework */,
				8465DFB2755DCBD8334FE0407FE08285 /* Pods_Unit_Tests.framework */,
			);
			name = Frameworks;
			sourceTree = "<group>";
		};
		C0AAC9FF56B1A43FAD988A7939840F85 /* Model */ = {
			isa = PBXGroup;
			children = (
				7F79F96C21CEA7EE06206BABEC820B5B /* CheckListItemSpec.swift */,
			);
			path = Model;
			sourceTree = "<group>";
		};
		C6DCF49DC5CBEF67DD72ADFC82F87856 /* Products */ = {
			isa = PBXGroup;
			children = (
				121EAC2F9A050F0019FE5158CA1B3C53 /* Checklists.app */,
				DD5CF44B0C2EEFF60B6874CE958AD95D /* End to End Tests.xctest */,
				5B58C97B5D24923386F419A24A3C091E /* Integration Tests.xctest */,
				24321628192836734DF73387388A8563 /* Unit Tests.xctest */,
			);
			name = Products;
			sourceTree = "<group>";
		};
		F149626825959C76568D2BE2AB83AF8A /* Tests */ = {
			isa = PBXGroup;
			children = (
				8D7CA3AB6A4A88FB18B378F2194051B0 /* End to End Tests */,
				7B72A2FDB16163A28516B8EEFE6920B3 /* Helpers */,
				9DC9F89D21F2F5A6DA596F62832D42A9 /* Integration Tests */,
				4A39E09F1D0726CEF672B99963E77F6F /* Unit Tests */,
			);
			path = Tests;
			sourceTree = "<group>";
		};
/* End PBXGroup section */

/* Begin PBXNativeTarget section */
		084CC429B5C558577B12AF10E6A9370A /* Unit Tests */ = {
			isa = PBXNativeTarget;
			buildConfigurationList = 72946CCC51FE2E7446E838DA87A08F63 /* Build configuration list for PBXNativeTarget "Unit Tests" */;
			buildPhases = (
				79EADA1646930E23753ABA15EB93840E /* [CP] Check Pods Manifest.lock */,
				D78ED0A81A066E4571565F087B0D0FBD /* Sources */,
				23B5A969984D7005DD1D946A6FB48692 /* Frameworks */,
				911F1ECE6B4B79925699B0924842D940 /* Resources */,
				B965E16BD726E6037F5B126F0532FE72 /* [CP] Embed Pods Frameworks */,
			);
			buildRules = (
			);
			dependencies = (
				22239B0F3C0BE19D03B9ED5818ED1845 /* PBXTargetDependency */,
			);
			name = "Unit Tests";
			productName = ChecklistsTests;
			productReference = 24321628192836734DF73387388A8563 /* Unit Tests.xctest */;
			productType = "com.apple.product-type.bundle.unit-test";
		};
		568DD8498FBDD1B6F318C76C3CF19FF0 /* End to End Tests */ = {
			isa = PBXNativeTarget;
			buildConfigurationList = E9498E920BC9518DFFE9493F35D4CDAB /* Build configuration list for PBXNativeTarget "End to End Tests" */;
			buildPhases = (
				B8AE07B3BC57AA4B8A981A0D4155B488 /* [CP] Check Pods Manifest.lock */,
				0A893A3AA55BF6C3DDD2FB590BD417E9 /* Sources */,
				71D7497A674878A08953F656A1784083 /* Frameworks */,
				40C8BC32BC68CDA8F7D1A3A031FBAF4F /* Resources */,
				254A56E0EE8828CA1F35FC4A1A35E4F2 /* [CP] Embed Pods Frameworks */,
			);
			buildRules = (
			);
			dependencies = (
				4BC5F95C701CD778DDDE903B13F5A14E /* PBXTargetDependency */,
			);
			name = "End to End Tests";
			productName = ChecklistsUITests;
			productReference = DD5CF44B0C2EEFF60B6874CE958AD95D /* End to End Tests.xctest */;
			productType = "com.apple.product-type.bundle.ui-testing";
		};
		ADF66C4C9F00975F16EBC494FECC3DE7 /* Checklists */ = {
			isa = PBXNativeTarget;
			buildConfigurationList = 1C1BE9454D544B1F7A7444AADB49BDDC /* Build configuration list for PBXNativeTarget "Checklists" */;
			buildPhases = (
				2E15DB319AD5F537B48299D67A934A1D /* [CP] Check Pods Manifest.lock */,
				EBA468E16DF747E875846A34E025C097 /* Sources */,
				50E3DF9E074CC079999B4C4E2B507D9C /* Frameworks */,
				EDF9553A33F0935D48AD4CC16D3C882D /* Resources */,
				9738B15DBA9CC06C586E74DE9867D7E3 /* [CP] Embed Pods Frameworks */,
			);
			buildRules = (
			);
			dependencies = (
			);
			name = Checklists;
			productName = Checklists;
			productReference = 121EAC2F9A050F0019FE5158CA1B3C53 /* Checklists.app */;
			productType = "com.apple.product-type.application";
		};
		D056BE22D9BD09BFF53D3332F4A01AEE /* Integration Tests */ = {
			isa = PBXNativeTarget;
			buildConfigurationList = 7F2194D150F2C690DC9396FEE70CE2B4 /* Build configuration list for PBXNativeTarget "Integration Tests" */;
			buildPhases = (
				CBE001BD9AC8DFB804E9A44A01E2E755 /* [CP] Check Pods Manifest.lock */,
				A137F1CF27CEDCEDA846549B368A73EC /* Sources */,
				C9E837F228CD5574AF30BA019A6F9946 /* Frameworks */,
				CAE314B28F3F5A1843F6AAC22E3FF753 /* Resources */,
				56ABF2A1625FA868B342B187CE239C8D /* [CP] Embed Pods Frameworks */,
			);
			buildRules = (
			);
			dependencies = (
				7988735AEEDEAA7A847FC1256FD220F3 /* PBXTargetDependency */,
			);
			name = "Integration Tests";
			productName = ChecklistsUITests;
			productReference = 5B58C97B5D24923386F419A24A3C091E /* Integration Tests.xctest */;
			productType = "com.apple.product-type.bundle.ui-testing";
		};
/* End PBXNativeTarget section */

/* Begin PBXProject section */
		E810412BCEBC4E4DBF6042106A57A373 /* Project object */ = {
			isa = PBXProject;
			attributes = {
				LastSwiftUpdateCheck = 0920;
				LastUpgradeCheck = 0920;
				ORGANIZATIONNAME = "CapDev ThoughtWorks";
				TargetAttributes = {
					084CC429B5C558577B12AF10E6A9370A = {
						CreatedOnToolsVersion = 9.2;
						ProvisioningStyle = Automatic;
						TestTargetID = ADF66C4C9F00975F16EBC494FECC3DE7;
					};
					568DD8498FBDD1B6F318C76C3CF19FF0 = {
						ProvisioningStyle = Automatic;
						TestTargetID = ADF66C4C9F00975F16EBC494FECC3DE7;
					};
					ADF66C4C9F00975F16EBC494FECC3DE7 = {
						CreatedOnToolsVersion = 9.2;
						ProvisioningStyle = Automatic;
					};
					D056BE22D9BD09BFF53D3332F4A01AEE = {
						CreatedOnToolsVersion = 9.2;
						ProvisioningStyle = Automatic;
						TestTargetID = ADF66C4C9F00975F16EBC494FECC3DE7;
					};
				};
			};
			buildConfigurationList = D9682820D5D83E1329EA6EE1BEC6E4B9 /* Build configuration list for PBXProject "Checklists" */;
			compatibilityVersion = "Xcode 8.0";
			developmentRegion = en;
			hasScannedForEncodings = 0;
			knownRegions = (
				en,
				Base,
			);
			mainGroup = 5834CCDEC622B98AC669A5E626A28137;
			productRefGroup = C6DCF49DC5CBEF67DD72ADFC82F87856 /* Products */;
			projectDirPath = "";
			projectRoot = "";
			targets = (
				ADF66C4C9F00975F16EBC494FECC3DE7 /* Checklists */,
				084CC429B5C558577B12AF10E6A9370A /* Unit Tests */,
				D056BE22D9BD09BFF53D3332F4A01AEE /* Integration Tests */,
				568DD8498FBDD1B6F318C76C3CF19FF0 /* End to End Tests */,
			);
		};
/* End PBXProject section */

/* Begin PBXResourcesBuildPhase section */
		40C8BC32BC68CDA8F7D1A3A031FBAF4F /* Resources */ = {
			isa = PBXResourcesBuildPhase;
			buildActionMask = 2147483647;
			files = (
			);
			runOnlyForDeploymentPostprocessing = 0;
		};
		911F1ECE6B4B79925699B0924842D940 /* Resources */ = {
			isa = PBXResourcesBuildPhase;
			buildActionMask = 2147483647;
			files = (
			);
			runOnlyForDeploymentPostprocessing = 0;
		};
		CAE314B28F3F5A1843F6AAC22E3FF753 /* Resources */ = {
			isa = PBXResourcesBuildPhase;
			buildActionMask = 2147483647;
			files = (
			);
			runOnlyForDeploymentPostprocessing = 0;
		};
		EDF9553A33F0935D48AD4CC16D3C882D /* Resources */ = {
			isa = PBXResourcesBuildPhase;
			buildActionMask = 2147483647;
			files = (
				9FB3E246BC7D116732DC12DEF9470DCF /* Assets.xcassets in Resources */,
				268460360465E7A3B49BB2240B83DA1F /* LaunchScreen.storyboard in Resources */,
				94443FE79AC7C9656E73A47630827697 /* Main.storyboard in Resources */,
			);
			runOnlyForDeploymentPostprocessing = 0;
		};
/* End PBXResourcesBuildPhase section */

/* Begin PBXShellScriptBuildPhase section */
		254A56E0EE8828CA1F35FC4A1A35E4F2 /* [CP] Embed Pods Frameworks */ = {
			isa = PBXShellScriptBuildPhase;
			buildActionMask = 2147483647;
			files = (
			);
			inputPaths = (
				"${SRCROOT}/Pods/Target Support Files/Pods-End to End Tests/Pods-End to End Tests-frameworks.sh",
				"${BUILT_PRODUCTS_DIR}/RxSwift/RxSwift.framework",
				"${BUILT_PRODUCTS_DIR}/Nimble/Nimble.framework",
				"${BUILT_PRODUCTS_DIR}/Quick/Quick.framework",
				"${BUILT_PRODUCTS_DIR}/RxBlocking/RxBlocking.framework",
				"${BUILT_PRODUCTS_DIR}/RxTest/RxTest.framework",
				"${BUILT_PRODUCTS_DIR}/SwiftMonkey/SwiftMonkey.framework",
				"${BUILT_PRODUCTS_DIR}/Swifter/Swifter.framework",
			);
			name = "[CP] Embed Pods Frameworks";
			outputPaths = (
				"${TARGET_BUILD_DIR}/${FRAMEWORKS_FOLDER_PATH}/RxSwift.framework",
				"${TARGET_BUILD_DIR}/${FRAMEWORKS_FOLDER_PATH}/Nimble.framework",
				"${TARGET_BUILD_DIR}/${FRAMEWORKS_FOLDER_PATH}/Quick.framework",
				"${TARGET_BUILD_DIR}/${FRAMEWORKS_FOLDER_PATH}/RxBlocking.framework",
				"${TARGET_BUILD_DIR}/${FRAMEWORKS_FOLDER_PATH}/RxTest.framework",
				"${TARGET_BUILD_DIR}/${FRAMEWORKS_FOLDER_PATH}/SwiftMonkey.framework",
				"${TARGET_BUILD_DIR}/${FRAMEWORKS_FOLDER_PATH}/Swifter.framework",
			);
			runOnlyForDeploymentPostprocessing = 0;
			shellPath = /bin/sh;
			shellScript = "\"${SRCROOT}/Pods/Target Support Files/Pods-End to End Tests/Pods-End to End Tests-frameworks.sh\"\n";
			showEnvVarsInLog = 0;
		};
		2E15DB319AD5F537B48299D67A934A1D /* [CP] Check Pods Manifest.lock */ = {
			isa = PBXShellScriptBuildPhase;
			buildActionMask = 2147483647;
			files = (
			);
			inputPaths = (
				"${PODS_PODFILE_DIR_PATH}/Podfile.lock",
				"${PODS_ROOT}/Manifest.lock",
			);
			name = "[CP] Check Pods Manifest.lock";
			outputPaths = (
				"$(DERIVED_FILE_DIR)/Pods-Checklists-checkManifestLockResult.txt",
			);
			runOnlyForDeploymentPostprocessing = 0;
			shellPath = /bin/sh;
			shellScript = "diff \"${PODS_PODFILE_DIR_PATH}/Podfile.lock\" \"${PODS_ROOT}/Manifest.lock\" > /dev/null\nif [ $? != 0 ] ; then\n    # print error to STDERR\n    echo \"error: The sandbox is not in sync with the Podfile.lock. Run 'pod install' or update your CocoaPods installation.\" >&2\n    exit 1\nfi\n# This output is used by Xcode 'outputs' to avoid re-running this script phase.\necho \"SUCCESS\" > \"${SCRIPT_OUTPUT_FILE_0}\"\n";
			showEnvVarsInLog = 0;
		};
		56ABF2A1625FA868B342B187CE239C8D /* [CP] Embed Pods Frameworks */ = {
			isa = PBXShellScriptBuildPhase;
			buildActionMask = 2147483647;
			files = (
			);
			inputPaths = (
				"${SRCROOT}/Pods/Target Support Files/Pods-Integration Tests/Pods-Integration Tests-frameworks.sh",
				"${BUILT_PRODUCTS_DIR}/RxSwift/RxSwift.framework",
				"${BUILT_PRODUCTS_DIR}/Nimble/Nimble.framework",
				"${BUILT_PRODUCTS_DIR}/Quick/Quick.framework",
				"${BUILT_PRODUCTS_DIR}/RxBlocking/RxBlocking.framework",
				"${BUILT_PRODUCTS_DIR}/RxTest/RxTest.framework",
				"${BUILT_PRODUCTS_DIR}/SwiftMonkey/SwiftMonkey.framework",
				"${BUILT_PRODUCTS_DIR}/Swifter/Swifter.framework",
			);
			name = "[CP] Embed Pods Frameworks";
			outputPaths = (
				"${TARGET_BUILD_DIR}/${FRAMEWORKS_FOLDER_PATH}/RxSwift.framework",
				"${TARGET_BUILD_DIR}/${FRAMEWORKS_FOLDER_PATH}/Nimble.framework",
				"${TARGET_BUILD_DIR}/${FRAMEWORKS_FOLDER_PATH}/Quick.framework",
				"${TARGET_BUILD_DIR}/${FRAMEWORKS_FOLDER_PATH}/RxBlocking.framework",
				"${TARGET_BUILD_DIR}/${FRAMEWORKS_FOLDER_PATH}/RxTest.framework",
				"${TARGET_BUILD_DIR}/${FRAMEWORKS_FOLDER_PATH}/SwiftMonkey.framework",
				"${TARGET_BUILD_DIR}/${FRAMEWORKS_FOLDER_PATH}/Swifter.framework",
			);
			runOnlyForDeploymentPostprocessing = 0;
			shellPath = /bin/sh;
			shellScript = "\"${SRCROOT}/Pods/Target Support Files/Pods-Integration Tests/Pods-Integration Tests-frameworks.sh\"\n";
			showEnvVarsInLog = 0;
		};
		79EADA1646930E23753ABA15EB93840E /* [CP] Check Pods Manifest.lock */ = {
			isa = PBXShellScriptBuildPhase;
			buildActionMask = 2147483647;
			files = (
			);
			inputPaths = (
				"${PODS_PODFILE_DIR_PATH}/Podfile.lock",
				"${PODS_ROOT}/Manifest.lock",
			);
			name = "[CP] Check Pods Manifest.lock";
			outputPaths = (
				"$(DERIVED_FILE_DIR)/Pods-Unit Tests-checkManifestLockResult.txt",
			);
			runOnlyForDeploymentPostprocessing = 0;
			shellPath = /bin/sh;
			shellScript = "diff \"${PODS_PODFILE_DIR_PATH}/Podfile.lock\" \"${PODS_ROOT}/Manifest.lock\" > /dev/null\nif [ $? != 0 ] ; then\n    # print error to STDERR\n    echo \"error: The sandbox is not in sync with the Podfile.lock. Run 'pod install' or update your CocoaPods installation.\" >&2\n    exit 1\nfi\n# This output is used by Xcode 'outputs' to avoid re-running this script phase.\necho \"SUCCESS\" > \"${SCRIPT_OUTPUT_FILE_0}\"\n";
			showEnvVarsInLog = 0;
		};
		9738B15DBA9CC06C586E74DE9867D7E3 /* [CP] Embed Pods Frameworks */ = {
			isa = PBXShellScriptBuildPhase;
			buildActionMask = 2147483647;
			files = (
			);
			inputPaths = (
				"${SRCROOT}/Pods/Target Support Files/Pods-Checklists/Pods-Checklists-frameworks.sh",
				"${BUILT_PRODUCTS_DIR}/Alamofire/Alamofire.framework",
				"${BUILT_PRODUCTS_DIR}/Alamofire-Synchronous/Alamofire_Synchronous.framework",
				"${BUILT_PRODUCTS_DIR}/ProgressHUD/ProgressHUD.framework",
				"${BUILT_PRODUCTS_DIR}/RxCocoa/RxCocoa.framework",
				"${BUILT_PRODUCTS_DIR}/RxSwift/RxSwift.framework",
				"${BUILT_PRODUCTS_DIR}/SwiftyJSON/SwiftyJSON.framework",
			);
			name = "[CP] Embed Pods Frameworks";
			outputPaths = (
				"${TARGET_BUILD_DIR}/${FRAMEWORKS_FOLDER_PATH}/Alamofire.framework",
				"${TARGET_BUILD_DIR}/${FRAMEWORKS_FOLDER_PATH}/Alamofire_Synchronous.framework",
				"${TARGET_BUILD_DIR}/${FRAMEWORKS_FOLDER_PATH}/ProgressHUD.framework",
				"${TARGET_BUILD_DIR}/${FRAMEWORKS_FOLDER_PATH}/RxCocoa.framework",
				"${TARGET_BUILD_DIR}/${FRAMEWORKS_FOLDER_PATH}/RxSwift.framework",
				"${TARGET_BUILD_DIR}/${FRAMEWORKS_FOLDER_PATH}/SwiftyJSON.framework",
			);
			runOnlyForDeploymentPostprocessing = 0;
			shellPath = /bin/sh;
			shellScript = "\"${SRCROOT}/Pods/Target Support Files/Pods-Checklists/Pods-Checklists-frameworks.sh\"\n";
			showEnvVarsInLog = 0;
		};
		B8AE07B3BC57AA4B8A981A0D4155B488 /* [CP] Check Pods Manifest.lock */ = {
			isa = PBXShellScriptBuildPhase;
			buildActionMask = 2147483647;
			files = (
			);
			inputPaths = (
				"${PODS_PODFILE_DIR_PATH}/Podfile.lock",
				"${PODS_ROOT}/Manifest.lock",
			);
			name = "[CP] Check Pods Manifest.lock";
			outputPaths = (
				"$(DERIVED_FILE_DIR)/Pods-End to End Tests-checkManifestLockResult.txt",
			);
			runOnlyForDeploymentPostprocessing = 0;
			shellPath = /bin/sh;
			shellScript = "diff \"${PODS_PODFILE_DIR_PATH}/Podfile.lock\" \"${PODS_ROOT}/Manifest.lock\" > /dev/null\nif [ $? != 0 ] ; then\n    # print error to STDERR\n    echo \"error: The sandbox is not in sync with the Podfile.lock. Run 'pod install' or update your CocoaPods installation.\" >&2\n    exit 1\nfi\n# This output is used by Xcode 'outputs' to avoid re-running this script phase.\necho \"SUCCESS\" > \"${SCRIPT_OUTPUT_FILE_0}\"\n";
			showEnvVarsInLog = 0;
		};
		B965E16BD726E6037F5B126F0532FE72 /* [CP] Embed Pods Frameworks */ = {
			isa = PBXShellScriptBuildPhase;
			buildActionMask = 2147483647;
			files = (
			);
			inputPaths = (
				"${SRCROOT}/Pods/Target Support Files/Pods-Unit Tests/Pods-Unit Tests-frameworks.sh",
				"${BUILT_PRODUCTS_DIR}/RxSwift/RxSwift.framework",
				"${BUILT_PRODUCTS_DIR}/Nimble/Nimble.framework",
				"${BUILT_PRODUCTS_DIR}/Quick/Quick.framework",
				"${BUILT_PRODUCTS_DIR}/RxBlocking/RxBlocking.framework",
				"${BUILT_PRODUCTS_DIR}/RxTest/RxTest.framework",
				"${BUILT_PRODUCTS_DIR}/SwiftMonkey/SwiftMonkey.framework",
				"${BUILT_PRODUCTS_DIR}/Swifter/Swifter.framework",
			);
			name = "[CP] Embed Pods Frameworks";
			outputPaths = (
				"${TARGET_BUILD_DIR}/${FRAMEWORKS_FOLDER_PATH}/RxSwift.framework",
				"${TARGET_BUILD_DIR}/${FRAMEWORKS_FOLDER_PATH}/Nimble.framework",
				"${TARGET_BUILD_DIR}/${FRAMEWORKS_FOLDER_PATH}/Quick.framework",
				"${TARGET_BUILD_DIR}/${FRAMEWORKS_FOLDER_PATH}/RxBlocking.framework",
				"${TARGET_BUILD_DIR}/${FRAMEWORKS_FOLDER_PATH}/RxTest.framework",
				"${TARGET_BUILD_DIR}/${FRAMEWORKS_FOLDER_PATH}/SwiftMonkey.framework",
				"${TARGET_BUILD_DIR}/${FRAMEWORKS_FOLDER_PATH}/Swifter.framework",
			);
			runOnlyForDeploymentPostprocessing = 0;
			shellPath = /bin/sh;
			shellScript = "\"${SRCROOT}/Pods/Target Support Files/Pods-Unit Tests/Pods-Unit Tests-frameworks.sh\"\n";
			showEnvVarsInLog = 0;
		};
		CBE001BD9AC8DFB804E9A44A01E2E755 /* [CP] Check Pods Manifest.lock */ = {
			isa = PBXShellScriptBuildPhase;
			buildActionMask = 2147483647;
			files = (
			);
			inputPaths = (
				"${PODS_PODFILE_DIR_PATH}/Podfile.lock",
				"${PODS_ROOT}/Manifest.lock",
			);
			name = "[CP] Check Pods Manifest.lock";
			outputPaths = (
				"$(DERIVED_FILE_DIR)/Pods-Integration Tests-checkManifestLockResult.txt",
			);
			runOnlyForDeploymentPostprocessing = 0;
			shellPath = /bin/sh;
			shellScript = "diff \"${PODS_PODFILE_DIR_PATH}/Podfile.lock\" \"${PODS_ROOT}/Manifest.lock\" > /dev/null\nif [ $? != 0 ] ; then\n    # print error to STDERR\n    echo \"error: The sandbox is not in sync with the Podfile.lock. Run 'pod install' or update your CocoaPods installation.\" >&2\n    exit 1\nfi\n# This output is used by Xcode 'outputs' to avoid re-running this script phase.\necho \"SUCCESS\" > \"${SCRIPT_OUTPUT_FILE_0}\"\n";
			showEnvVarsInLog = 0;
		};
/* End PBXShellScriptBuildPhase section */

/* Begin PBXSourcesBuildPhase section */
		0A893A3AA55BF6C3DDD2FB590BD417E9 /* Sources */ = {
			isa = PBXSourcesBuildPhase;
			buildActionMask = 2147483647;
			files = (
				FFDF9BBFA7697319E72816FB0A9AFC00 /* BaseRobot.swift in Sources */,
				7EA6164F33F42ABFCDCD6A926C7A3993 /* ChecklistRobot.swift in Sources */,
				E25AE39175617C7D918CF92D72DEBE47 /* EndToEndEnvironmentSpec.swift in Sources */,
				BE37A4BC438304324B9C50F44CD17936 /* EndToEndTests.swift in Sources */,
				E4DF1F1ECAD4EE963BE47BE1DD194FC5 /* Environment.swift in Sources */,
			);
			runOnlyForDeploymentPostprocessing = 0;
		};
		A137F1CF27CEDCEDA846549B368A73EC /* Sources */ = {
			isa = PBXSourcesBuildPhase;
			buildActionMask = 2147483647;
			files = (
				314C9B11BCE393B9A2665A7A39715548 /* APIMock.swift in Sources */,
				7CC7C1CAF979310D29D6D96604116CC1 /* BaseRobot.swift in Sources */,
				C0015482DA1362CAAFFF29821601117B /* ChecklistRobot.swift in Sources */,
				EF4559CC211424057053637A7ADD1362 /* Environment.swift in Sources */,
				54D85E7C0D093DC20EC682706DB6A03A /* IntegrationTests.swift in Sources */,
				52361006E634273C688D9237E64E7802 /* LocalEnvironmentSpec.swift in Sources */,
			);
			runOnlyForDeploymentPostprocessing = 0;
		};
		D78ED0A81A066E4571565F087B0D0FBD /* Sources */ = {
			isa = PBXSourcesBuildPhase;
			buildActionMask = 2147483647;
			files = (
				E96D12D130DEE9428858E23E972C4294 /* CheckListItemSpec.swift in Sources */,
				B9048469DA054E2AA8718FACC81E32CE /* ChecklistDataPersistenceMock.swift in Sources */,
				72574D7B76A747A190338291095E925F /* ChecklistDataPersistenceSpec.swift in Sources */,
				842F2FF597D5D9F340C7770FA8E123A4 /* ChecklistDataProviderSpec.swift in Sources */,
				2736A892DCFF7E6FC4B45A828DAF0F2B /* ChecklistDataProviderTypeMock.swift in Sources */,
				BF3F8AE87E9DCB3D42070F73DF0DA03B /* ChecklistViewControllerSpec.swift in Sources */,
				A990685BD8DB74D6ABEB615CDF6B912F /* EnvironmentSpec.swift in Sources */,
				73B2AF14939858F5732D9319CC2CF9A2 /* ItemDetailViewControllerDelegateMock.swift in Sources */,
				C174CA8C74875E040B58F4B35958FFD3 /* ItemDetailViewControllerSpec.swift in Sources */,
			);
			runOnlyForDeploymentPostprocessing = 0;
		};
		EBA468E16DF747E875846A34E025C097 /* Sources */ = {
			isa = PBXSourcesBuildPhase;
			buildActionMask = 2147483647;
			files = (
				A3A32C522E0414134E0CD0AF053309CA /* AppDelegate.swift in Sources */,
				64FDD0BC33E8C47883322E148F78D948 /* ChecklistDataPersistence.swift in Sources */,
				8A600BA4F92829D933D25F4DA87B4E54 /* ChecklistDataPersistenceRest.swift in Sources */,
				0E6B385C8DC1229F200420E96DF19F3E /* ChecklistDataProvider.swift in Sources */,
				EE493660A68A79FD1D07B0B20B29C2E2 /* ChecklistItem.swift in Sources */,
				061CC3A80DA207C22923B6B9A2AB469A /* ChecklistViewController.swift in Sources */,
				17DA3E74618DEE4710279B35D77AFD88 /* Environment.swift in Sources */,
				561D0CC5FB4BF7496BF0BD1F528B981C /* ItemDetailViewController.swift in Sources */,
			);
			runOnlyForDeploymentPostprocessing = 0;
		};
/* End PBXSourcesBuildPhase section */

/* Begin PBXTargetDependency section */
		22239B0F3C0BE19D03B9ED5818ED1845 /* PBXTargetDependency */ = {
			isa = PBXTargetDependency;
			target = ADF66C4C9F00975F16EBC494FECC3DE7 /* Checklists */;
			targetProxy = CC32EEEF3695776097FC96C18504F90F /* PBXContainerItemProxy */;
		};
		4BC5F95C701CD778DDDE903B13F5A14E /* PBXTargetDependency */ = {
			isa = PBXTargetDependency;
			target = ADF66C4C9F00975F16EBC494FECC3DE7 /* Checklists */;
			targetProxy = 30FD26C1376330AAC6991A1BA6379264 /* PBXContainerItemProxy */;
		};
		7988735AEEDEAA7A847FC1256FD220F3 /* PBXTargetDependency */ = {
			isa = PBXTargetDependency;
			target = ADF66C4C9F00975F16EBC494FECC3DE7 /* Checklists */;
			targetProxy = 6612113C9D8261121811235C38B0982C /* PBXContainerItemProxy */;
		};
/* End PBXTargetDependency section */

/* Begin PBXVariantGroup section */
		1F2FA77C497A9ECA00DEBA96A31941C9 /* Main.storyboard */ = {
			isa = PBXVariantGroup;
			children = (
				51B3FD98425C05DCB258A2372AEF2400 /* Base */,
			);
			name = Main.storyboard;
			sourceTree = "<group>";
		};
		C85F82CDB62CDEA543ACA67999688322 /* LaunchScreen.storyboard */ = {
			isa = PBXVariantGroup;
			children = (
				6D8C1B4D3B413AB0419426B7923989C2 /* Base */,
			);
			name = LaunchScreen.storyboard;
			sourceTree = "<group>";
		};
/* End PBXVariantGroup section */

/* Begin XCBuildConfiguration section */
		14D08E54A3BF57C226E83F6DCC2F5F85 /* Debug */ = {
			isa = XCBuildConfiguration;
			baseConfigurationReference = 0200972191F4CBC2AF25524FD3BECCD2 /* Pods-Unit Tests.debug.xcconfig */;
			buildSettings = {
				ALWAYS_EMBED_SWIFT_STANDARD_LIBRARIES = YES;
				BUNDLE_LOADER = "$(TEST_HOST)";
				CODE_SIGN_STYLE = Automatic;
				DEVELOPMENT_TEAM = CZ8P948NCH;
				INFOPLIST_FILE = "Tests/Unit Tests/Info.plist";
				LD_RUNPATH_SEARCH_PATHS = "$(inherited) @executable_path/Frameworks @loader_path/Frameworks";
				PRODUCT_BUNDLE_IDENTIFIER = com.thoughtworks.capdev.lbarra.ChecklistsTests;
				PRODUCT_NAME = "$(TARGET_NAME)";
				SWIFT_VERSION = 4.0;
				TARGETED_DEVICE_FAMILY = "1,2";
				TEST_HOST = "$(BUILT_PRODUCTS_DIR)/Checklists.app/Checklists";
			};
			name = Debug;
		};
		2E04943539C0EA97897770E98B105719 /* Release */ = {
			isa = XCBuildConfiguration;
			baseConfigurationReference = 774422022564BBEC70B91CF14262D90F /* Pods-End to End Tests.release.xcconfig */;
			buildSettings = {
				ALWAYS_EMBED_SWIFT_STANDARD_LIBRARIES = YES;
				CODE_SIGN_STYLE = Automatic;
				DEVELOPMENT_TEAM = CZ8P948NCH;
				INFOPLIST_FILE = "Tests/End to End Tests/Info.plist";
				LD_RUNPATH_SEARCH_PATHS = "$(inherited) @executable_path/Frameworks @loader_path/Frameworks";
				PRODUCT_BUNDLE_IDENTIFIER = com.thoughtworks.capdev.lbarra.ChecklistsUITests;
				PRODUCT_NAME = "$(TARGET_NAME)";
				SWIFT_VERSION = 4.0;
				TARGETED_DEVICE_FAMILY = "1,2";
				TEST_TARGET_NAME = Checklists;
			};
			name = Release;
		};
		3739928C3A7567070346BF2C0E4AD834 /* Release */ = {
			isa = XCBuildConfiguration;
			buildSettings = {
				ALWAYS_SEARCH_USER_PATHS = NO;
				CLANG_ANALYZER_NONNULL = YES;
				CLANG_ANALYZER_NUMBER_OBJECT_CONVERSION = YES_AGGRESSIVE;
				CLANG_CXX_LANGUAGE_STANDARD = "gnu++14";
				CLANG_CXX_LIBRARY = "libc++";
				CLANG_ENABLE_MODULES = YES;
				CLANG_ENABLE_OBJC_ARC = YES;
				CLANG_WARN_BLOCK_CAPTURE_AUTORELEASING = YES;
				CLANG_WARN_BOOL_CONVERSION = YES;
				CLANG_WARN_COMMA = YES;
				CLANG_WARN_CONSTANT_CONVERSION = YES;
				CLANG_WARN_DIRECT_OBJC_ISA_USAGE = YES_ERROR;
				CLANG_WARN_DOCUMENTATION_COMMENTS = YES;
				CLANG_WARN_EMPTY_BODY = YES;
				CLANG_WARN_ENUM_CONVERSION = YES;
				CLANG_WARN_INFINITE_RECURSION = YES;
				CLANG_WARN_INT_CONVERSION = YES;
				CLANG_WARN_NON_LITERAL_NULL_CONVERSION = YES;
				CLANG_WARN_OBJC_LITERAL_CONVERSION = YES;
				CLANG_WARN_OBJC_ROOT_CLASS = YES_ERROR;
				CLANG_WARN_RANGE_LOOP_ANALYSIS = YES;
				CLANG_WARN_STRICT_PROTOTYPES = YES;
				CLANG_WARN_SUSPICIOUS_MOVE = YES;
				CLANG_WARN_UNGUARDED_AVAILABILITY = YES_AGGRESSIVE;
				CLANG_WARN_UNREACHABLE_CODE = YES;
				CLANG_WARN__DUPLICATE_METHOD_MATCH = YES;
				CODE_SIGN_IDENTITY = "iPhone Developer";
				COPY_PHASE_STRIP = NO;
				DEBUG_INFORMATION_FORMAT = "dwarf-with-dsym";
				ENABLE_NS_ASSERTIONS = NO;
				ENABLE_STRICT_OBJC_MSGSEND = YES;
				GCC_C_LANGUAGE_STANDARD = gnu11;
				GCC_NO_COMMON_BLOCKS = YES;
				GCC_WARN_64_TO_32_BIT_CONVERSION = YES;
				GCC_WARN_ABOUT_RETURN_TYPE = YES_ERROR;
				GCC_WARN_UNDECLARED_SELECTOR = YES;
				GCC_WARN_UNINITIALIZED_AUTOS = YES_AGGRESSIVE;
				GCC_WARN_UNUSED_FUNCTION = YES;
				GCC_WARN_UNUSED_VARIABLE = YES;
				IPHONEOS_DEPLOYMENT_TARGET = 11.2;
				MTL_ENABLE_DEBUG_INFO = NO;
				SDKROOT = iphoneos;
				SWIFT_OPTIMIZATION_LEVEL = "-Owholemodule";
				VALIDATE_PRODUCT = YES;
			};
			name = Release;
		};
		3FDFB576E853503E268E4CD5B7E8340C /* Release */ = {
			isa = XCBuildConfiguration;
			baseConfigurationReference = B1670FD7830EB34CAB2AE78B2FA0EA36 /* Pods-Unit Tests.release.xcconfig */;
			buildSettings = {
				ALWAYS_EMBED_SWIFT_STANDARD_LIBRARIES = YES;
				BUNDLE_LOADER = "$(TEST_HOST)";
				CODE_SIGN_STYLE = Automatic;
				DEVELOPMENT_TEAM = CZ8P948NCH;
				INFOPLIST_FILE = "Tests/Unit Tests/Info.plist";
				LD_RUNPATH_SEARCH_PATHS = "$(inherited) @executable_path/Frameworks @loader_path/Frameworks";
				PRODUCT_BUNDLE_IDENTIFIER = com.thoughtworks.capdev.lbarra.ChecklistsTests;
				PRODUCT_NAME = "$(TARGET_NAME)";
				SWIFT_VERSION = 4.0;
				TARGETED_DEVICE_FAMILY = "1,2";
				TEST_HOST = "$(BUILT_PRODUCTS_DIR)/Checklists.app/Checklists";
			};
			name = Release;
		};
		5FC90A34DB4173D99E420D8797316A98 /* Debug */ = {
			isa = XCBuildConfiguration;
			baseConfigurationReference = F39AF4559ED6BC307F2CF15601818249 /* Pods-Checklists.debug.xcconfig */;
			buildSettings = {
				ASSETCATALOG_COMPILER_APPICON_NAME = AppIcon;
				CODE_SIGN_STYLE = Automatic;
				DEVELOPMENT_TEAM = CZ8P948NCH;
				INFOPLIST_FILE = Checklists/Info.plist;
				LD_RUNPATH_SEARCH_PATHS = "$(inherited) @executable_path/Frameworks";
				PRODUCT_BUNDLE_IDENTIFIER = com.thoughtworks.capdev.lbarra.Checklists;
				PRODUCT_NAME = "$(TARGET_NAME)";
				SWIFT_VERSION = 4.0;
				TARGETED_DEVICE_FAMILY = "1,2";
			};
			name = Debug;
		};
		AE758799F8CEACE5E795776B917BD387 /* Debug */ = {
			isa = XCBuildConfiguration;
			baseConfigurationReference = 642736A8846F3509A30F98C37D61DB03 /* Pods-Integration Tests.debug.xcconfig */;
			buildSettings = {
				ALWAYS_EMBED_SWIFT_STANDARD_LIBRARIES = YES;
				CODE_SIGN_STYLE = Automatic;
				DEVELOPMENT_TEAM = CZ8P948NCH;
				INFOPLIST_FILE = "Tests/Integration Tests/Info.plist";
				LD_RUNPATH_SEARCH_PATHS = "$(inherited) @executable_path/Frameworks @loader_path/Frameworks";
				PRODUCT_BUNDLE_IDENTIFIER = com.thoughtworks.capdev.lbarra.ChecklistsUITests;
				PRODUCT_NAME = "$(TARGET_NAME)";
				SWIFT_VERSION = 4.0;
				TARGETED_DEVICE_FAMILY = "1,2";
				TEST_TARGET_NAME = Checklists;
			};
			name = Debug;
		};
		B46EB23B48CD4FE2C02C416729132928 /* Debug */ = {
			isa = XCBuildConfiguration;
			baseConfigurationReference = BA98807D535197FE8BCF3B9FB11BB349 /* Pods-End to End Tests.debug.xcconfig */;
			buildSettings = {
				ALWAYS_EMBED_SWIFT_STANDARD_LIBRARIES = YES;
				CODE_SIGN_STYLE = Automatic;
				DEVELOPMENT_TEAM = CZ8P948NCH;
				INFOPLIST_FILE = "Tests/End to End Tests/Info.plist";
				LD_RUNPATH_SEARCH_PATHS = "$(inherited) @executable_path/Frameworks @loader_path/Frameworks";
				PRODUCT_BUNDLE_IDENTIFIER = com.thoughtworks.capdev.lbarra.ChecklistsUITests;
				PRODUCT_NAME = "$(TARGET_NAME)";
				SWIFT_VERSION = 4.0;
				TARGETED_DEVICE_FAMILY = "1,2";
				TEST_TARGET_NAME = Checklists;
			};
			name = Debug;
		};
		B51F1FFED82F21EE158367712D53C693 /* Debug */ = {
			isa = XCBuildConfiguration;
			buildSettings = {
				ALWAYS_SEARCH_USER_PATHS = NO;
				CLANG_ANALYZER_NONNULL = YES;
				CLANG_ANALYZER_NUMBER_OBJECT_CONVERSION = YES_AGGRESSIVE;
				CLANG_CXX_LANGUAGE_STANDARD = "gnu++14";
				CLANG_CXX_LIBRARY = "libc++";
				CLANG_ENABLE_MODULES = YES;
				CLANG_ENABLE_OBJC_ARC = YES;
				CLANG_WARN_BLOCK_CAPTURE_AUTORELEASING = YES;
				CLANG_WARN_BOOL_CONVERSION = YES;
				CLANG_WARN_COMMA = YES;
				CLANG_WARN_CONSTANT_CONVERSION = YES;
				CLANG_WARN_DIRECT_OBJC_ISA_USAGE = YES_ERROR;
				CLANG_WARN_DOCUMENTATION_COMMENTS = YES;
				CLANG_WARN_EMPTY_BODY = YES;
				CLANG_WARN_ENUM_CONVERSION = YES;
				CLANG_WARN_INFINITE_RECURSION = YES;
				CLANG_WARN_INT_CONVERSION = YES;
				CLANG_WARN_NON_LITERAL_NULL_CONVERSION = YES;
				CLANG_WARN_OBJC_LITERAL_CONVERSION = YES;
				CLANG_WARN_OBJC_ROOT_CLASS = YES_ERROR;
				CLANG_WARN_RANGE_LOOP_ANALYSIS = YES;
				CLANG_WARN_STRICT_PROTOTYPES = YES;
				CLANG_WARN_SUSPICIOUS_MOVE = YES;
				CLANG_WARN_UNGUARDED_AVAILABILITY = YES_AGGRESSIVE;
				CLANG_WARN_UNREACHABLE_CODE = YES;
				CLANG_WARN__DUPLICATE_METHOD_MATCH = YES;
				CODE_SIGN_IDENTITY = "iPhone Developer";
				COPY_PHASE_STRIP = NO;
				DEBUG_INFORMATION_FORMAT = dwarf;
				ENABLE_STRICT_OBJC_MSGSEND = YES;
				ENABLE_TESTABILITY = YES;
				GCC_C_LANGUAGE_STANDARD = gnu11;
				GCC_DYNAMIC_NO_PIC = NO;
				GCC_NO_COMMON_BLOCKS = YES;
				GCC_OPTIMIZATION_LEVEL = 0;
				GCC_PREPROCESSOR_DEFINITIONS = (
					"DEBUG=1",
					"$(inherited)",
				);
				GCC_WARN_64_TO_32_BIT_CONVERSION = YES;
				GCC_WARN_ABOUT_RETURN_TYPE = YES_ERROR;
				GCC_WARN_UNDECLARED_SELECTOR = YES;
				GCC_WARN_UNINITIALIZED_AUTOS = YES_AGGRESSIVE;
				GCC_WARN_UNUSED_FUNCTION = YES;
				GCC_WARN_UNUSED_VARIABLE = YES;
				IPHONEOS_DEPLOYMENT_TARGET = 11.2;
				MTL_ENABLE_DEBUG_INFO = YES;
				ONLY_ACTIVE_ARCH = YES;
				SDKROOT = iphoneos;
				SWIFT_ACTIVE_COMPILATION_CONDITIONS = DEBUG;
				SWIFT_OPTIMIZATION_LEVEL = "-Onone";
			};
			name = Debug;
		};
		BEE648FB8170476F1F4A5BEB76EBD63D /* Release */ = {
			isa = XCBuildConfiguration;
			baseConfigurationReference = 9982A6FBF6DB291B11CF879E9D6BA3FE /* Pods-Integration Tests.release.xcconfig */;
			buildSettings = {
				ALWAYS_EMBED_SWIFT_STANDARD_LIBRARIES = YES;
				CODE_SIGN_STYLE = Automatic;
				DEVELOPMENT_TEAM = CZ8P948NCH;
				INFOPLIST_FILE = "Tests/Integration Tests/Info.plist";
				LD_RUNPATH_SEARCH_PATHS = "$(inherited) @executable_path/Frameworks @loader_path/Frameworks";
				PRODUCT_BUNDLE_IDENTIFIER = com.thoughtworks.capdev.lbarra.ChecklistsUITests;
				PRODUCT_NAME = "$(TARGET_NAME)";
				SWIFT_VERSION = 4.0;
				TARGETED_DEVICE_FAMILY = "1,2";
				TEST_TARGET_NAME = Checklists;
			};
			name = Release;
		};
		F21169EE9354B2C73BC7F334FDFB59A6 /* Release */ = {
			isa = XCBuildConfiguration;
			baseConfigurationReference = 2F5232103993033C8005D25C446F30FF /* Pods-Checklists.release.xcconfig */;
			buildSettings = {
				ASSETCATALOG_COMPILER_APPICON_NAME = AppIcon;
				CODE_SIGN_STYLE = Automatic;
				DEVELOPMENT_TEAM = CZ8P948NCH;
				INFOPLIST_FILE = Checklists/Info.plist;
				LD_RUNPATH_SEARCH_PATHS = "$(inherited) @executable_path/Frameworks";
				PRODUCT_BUNDLE_IDENTIFIER = com.thoughtworks.capdev.lbarra.Checklists;
				PRODUCT_NAME = "$(TARGET_NAME)";
				SWIFT_VERSION = 4.0;
				TARGETED_DEVICE_FAMILY = "1,2";
			};
			name = Release;
		};
/* End XCBuildConfiguration section */

/* Begin XCConfigurationList section */
		1C1BE9454D544B1F7A7444AADB49BDDC /* Build configuration list for PBXNativeTarget "Checklists" */ = {
			isa = XCConfigurationList;
			buildConfigurations = (
				5FC90A34DB4173D99E420D8797316A98 /* Debug */,
				F21169EE9354B2C73BC7F334FDFB59A6 /* Release */,
			);
			defaultConfigurationIsVisible = 0;
			defaultConfigurationName = Release;
		};
		72946CCC51FE2E7446E838DA87A08F63 /* Build configuration list for PBXNativeTarget "Unit Tests" */ = {
			isa = XCConfigurationList;
			buildConfigurations = (
				14D08E54A3BF57C226E83F6DCC2F5F85 /* Debug */,
				3FDFB576E853503E268E4CD5B7E8340C /* Release */,
			);
			defaultConfigurationIsVisible = 0;
			defaultConfigurationName = Release;
		};
		7F2194D150F2C690DC9396FEE70CE2B4 /* Build configuration list for PBXNativeTarget "Integration Tests" */ = {
			isa = XCConfigurationList;
			buildConfigurations = (
				AE758799F8CEACE5E795776B917BD387 /* Debug */,
				BEE648FB8170476F1F4A5BEB76EBD63D /* Release */,
			);
			defaultConfigurationIsVisible = 0;
			defaultConfigurationName = Release;
		};
		D9682820D5D83E1329EA6EE1BEC6E4B9 /* Build configuration list for PBXProject "Checklists" */ = {
			isa = XCConfigurationList;
			buildConfigurations = (
				B51F1FFED82F21EE158367712D53C693 /* Debug */,
				3739928C3A7567070346BF2C0E4AD834 /* Release */,
			);
			defaultConfigurationIsVisible = 0;
			defaultConfigurationName = Release;
		};
		E9498E920BC9518DFFE9493F35D4CDAB /* Build configuration list for PBXNativeTarget "End to End Tests" */ = {
			isa = XCConfigurationList;
			buildConfigurations = (
				B46EB23B48CD4FE2C02C416729132928 /* Debug */,
				2E04943539C0EA97897770E98B105719 /* Release */,
			);
			defaultConfigurationIsVisible = 0;
			defaultConfigurationName = Release;
		};
/* End XCConfigurationList section */
	};
	rootObject = E810412BCEBC4E4DBF6042106A57A373 /* Project object */;
}
