// !$*UTF8*$!
{
	archiveVersion = 1;
	classes = {
	};
	objectVersion = 48;
	objects = {

/* Begin PBXBuildFile section */
		061CC3A80DA207C22923B6B9A2AB469A /* ChecklistViewController.swift in Sources */ = {isa = PBXBuildFile; fileRef = 6189C84E1BCDB6DF0C980F2EA91BC94E /* ChecklistViewController.swift */; };
		0E6B385C8DC1229F200420E96DF19F3E /* ChecklistDataProvider.swift in Sources */ = {isa = PBXBuildFile; fileRef = 96D43AEE865688E1AC7B99A46A6561E6 /* ChecklistDataProvider.swift */; };
		0FEADC42E4591CFA075CF2E9AEE8E5D8 /* APIMock.swift in Sources */ = {isa = PBXBuildFile; fileRef = 84BE32A7089AF505FC5146ECE01492A9 /* APIMock.swift */; };
		17DA3E74618DEE4710279B35D77AFD88 /* Environment.swift in Sources */ = {isa = PBXBuildFile; fileRef = DEA81480832C2CED36A61F1DD6D2287D /* Environment.swift */; };
		1B031D11FA06D0100E43D321CCD73411 /* EndToEndTests.swift in Sources */ = {isa = PBXBuildFile; fileRef = 2B0C37C930F557FDD97F26608D498A32 /* EndToEndTests.swift */; };
		1FB7E5248F20AEB13B784BB5 /* Pods_Checklists.framework in Frameworks */ = {isa = PBXBuildFile; fileRef = 6A91E77A93E3CACFD8CBC24B /* Pods_Checklists.framework */; };
		268460360465E7A3B49BB2240B83DA1F /* LaunchScreen.storyboard in Resources */ = {isa = PBXBuildFile; fileRef = C85F82CDB62CDEA543ACA67999688322 /* LaunchScreen.storyboard */; };
		37CB536F6FBCB3DE5785344A /* Pods_End_to_End_Tests.framework in Frameworks */ = {isa = PBXBuildFile; fileRef = EB3130EC67CDCE2CD97440F8 /* Pods_End_to_End_Tests.framework */; };
		422545B705F80A444FA97E95 /* Pods_Integration_Tests.framework in Frameworks */ = {isa = PBXBuildFile; fileRef = 9200E187BCD6769852231B80 /* Pods_Integration_Tests.framework */; };
		45748597C382E22ADF5F0B88DE5CCE7D /* EndToEndEnvironmentSpec.swift in Sources */ = {isa = PBXBuildFile; fileRef = D31089092B39EE81311A4C444516E6B7 /* EndToEndEnvironmentSpec.swift */; };
		45C150624DB463D20C72B0ED986B95BD /* ChecklistViewControllerSpec.swift in Sources */ = {isa = PBXBuildFile; fileRef = DB5D986C2656EEF179DFF681BFDE7626 /* ChecklistViewControllerSpec.swift */; };
		45CB9C17F92557EC5EBB7578FAF9AFCE /* EnvironmentSpec.swift in Sources */ = {isa = PBXBuildFile; fileRef = 2A52D15D2ED4CF7C35ED93921ED0C68C /* EnvironmentSpec.swift */; };
		561D0CC5FB4BF7496BF0BD1F528B981C /* ItemDetailViewController.swift in Sources */ = {isa = PBXBuildFile; fileRef = 27A0479C0F8DA0A5396BF77E15CB471B /* ItemDetailViewController.swift */; };
		5D7DE33B095EED803F869B7416A7ED71 /* ItemDetailViewControllerDelegateMock.swift in Sources */ = {isa = PBXBuildFile; fileRef = C7677B1BD1B67AB23026004637563A43 /* ItemDetailViewControllerDelegateMock.swift */; };
		64FDD0BC33E8C47883322E148F78D948 /* ChecklistDataPersistence.swift in Sources */ = {isa = PBXBuildFile; fileRef = 537AEBED620C53C4D14BA813979DED43 /* ChecklistDataPersistence.swift */; };
		66707CC7CBCC6B3C89B7B329 /* Pods_Unit_Tests.framework in Frameworks */ = {isa = PBXBuildFile; fileRef = 13C5C206EB6DD6D444AE10DC /* Pods_Unit_Tests.framework */; };
		790A6618BE612CC5F68120587F108C72 /* ChecklistDataPersistenceSpec.swift in Sources */ = {isa = PBXBuildFile; fileRef = E332576A778FB9EE9732CB6D55E01EFF /* ChecklistDataPersistenceSpec.swift */; };
		829634D6CC62666EA36E620BEB41DCAD /* ChecklistRobot.swift in Sources */ = {isa = PBXBuildFile; fileRef = E0824A7A4C5E0173E3C9E54ED68AD3A7 /* ChecklistRobot.swift */; };
		88FE3E5A135C0E513E954C9D82AF6081 /* ChecklistRobot.swift in Sources */ = {isa = PBXBuildFile; fileRef = E0824A7A4C5E0173E3C9E54ED68AD3A7 /* ChecklistRobot.swift */; };
		8A600BA4F92829D933D25F4DA87B4E54 /* ChecklistDataPersistenceRest.swift in Sources */ = {isa = PBXBuildFile; fileRef = BED906414EC0452AF5624959708846A8 /* ChecklistDataPersistenceRest.swift */; };
		94443FE79AC7C9656E73A47630827697 /* Main.storyboard in Resources */ = {isa = PBXBuildFile; fileRef = 1F2FA77C497A9ECA00DEBA96A31941C9 /* Main.storyboard */; };
		9FB3E246BC7D116732DC12DEF9470DCF /* Assets.xcassets in Resources */ = {isa = PBXBuildFile; fileRef = 5173F3E7466A2F8361B84BA8E810DEE8 /* Assets.xcassets */; };
		A3A32C522E0414134E0CD0AF053309CA /* AppDelegate.swift in Sources */ = {isa = PBXBuildFile; fileRef = D7DE7A15AF494470EB04BF9EA7122D7C /* AppDelegate.swift */; };
		C2017A025FAEBAED3AEA21AB616C8701 /* ItemDetailViewControllerSpec.swift in Sources */ = {isa = PBXBuildFile; fileRef = 98CCCFB8D0A9B3CB1DAD118441EAB8C6 /* ItemDetailViewControllerSpec.swift */; };
		C56BD9FD39D4215D0FA2E9710C5B14FB /* ChecklistDataProviderSpec.swift in Sources */ = {isa = PBXBuildFile; fileRef = CA31EF877DC6E31E57921C1DAFB58B9B /* ChecklistDataProviderSpec.swift */; };
		C66AFCED28C3615C3B1F6F0B2B27C2B1 /* LocalUITests.swift in Sources */ = {isa = PBXBuildFile; fileRef = 795177B3AB9FA7A5918ED3602DCC5864 /* LocalUITests.swift */; };
		C7F5878AE1C9A457B357BF8EF9F58B95 /* LocalEnvironmentSpec.swift in Sources */ = {isa = PBXBuildFile; fileRef = 466E505413E9F1F590183FD9964BB4BE /* LocalEnvironmentSpec.swift */; };
		CC424BD05B0E2DF8EEA30826D3C0FDBB /* BaseRobot.swift in Sources */ = {isa = PBXBuildFile; fileRef = AA2FCBDA8DFCD4C06AC93ACC03A688DC /* BaseRobot.swift */; };
		D374C01AC4D8F035DD175F9A818112CC /* ChecklistDataPersistenceMock.swift in Sources */ = {isa = PBXBuildFile; fileRef = 5DF7A5ADAFBA6739F74E0A5D0B73363D /* ChecklistDataPersistenceMock.swift */; };
		E02845E1E26C7FAD1EA73CFF3BEA484C /* CheckListItemSpec.swift in Sources */ = {isa = PBXBuildFile; fileRef = 65C08BAEE7C28467840FB615A962BCD3 /* CheckListItemSpec.swift */; };
		E0FC6B05CEA0D94707C185CB2DDE57FF /* BaseRobot.swift in Sources */ = {isa = PBXBuildFile; fileRef = AA2FCBDA8DFCD4C06AC93ACC03A688DC /* BaseRobot.swift */; };
		E4DF1F1ECAD4EE963BE47BE1DD194FC5 /* Environment.swift in Sources */ = {isa = PBXBuildFile; fileRef = DEA81480832C2CED36A61F1DD6D2287D /* Environment.swift */; };
		E84ED4AFA8DA0C7D430DC455FF8FF551 /* ChecklistDataProviderTypeMock.swift in Sources */ = {isa = PBXBuildFile; fileRef = 8F91986940E27B8BF6CBFEF44E1DC092 /* ChecklistDataProviderTypeMock.swift */; };
		EE493660A68A79FD1D07B0B20B29C2E2 /* ChecklistItem.swift in Sources */ = {isa = PBXBuildFile; fileRef = E1D3424EEE6448F3C289C33B90B3BD85 /* ChecklistItem.swift */; };
		EF4559CC211424057053637A7ADD1362 /* Environment.swift in Sources */ = {isa = PBXBuildFile; fileRef = DEA81480832C2CED36A61F1DD6D2287D /* Environment.swift */; };
/* End PBXBuildFile section */

/* Begin PBXContainerItemProxy section */
		30FD26C1376330AAC6991A1BA6379264 /* PBXContainerItemProxy */ = {
			isa = PBXContainerItemProxy;
			containerPortal = E810412BCEBC4E4DBF6042106A57A373 /* Project object */;
			proxyType = 1;
			remoteGlobalIDString = ADF66C4C9F00975F16EBC494FECC3DE7;
			remoteInfo = Checklists;
		};
		6612113C9D8261121811235C38B0982C /* PBXContainerItemProxy */ = {
			isa = PBXContainerItemProxy;
			containerPortal = E810412BCEBC4E4DBF6042106A57A373 /* Project object */;
			proxyType = 1;
			remoteGlobalIDString = ADF66C4C9F00975F16EBC494FECC3DE7;
			remoteInfo = Checklists;
		};
		CC32EEEF3695776097FC96C18504F90F /* PBXContainerItemProxy */ = {
			isa = PBXContainerItemProxy;
			containerPortal = E810412BCEBC4E4DBF6042106A57A373 /* Project object */;
			proxyType = 1;
			remoteGlobalIDString = ADF66C4C9F00975F16EBC494FECC3DE7;
			remoteInfo = Checklists;
		};
/* End PBXContainerItemProxy section */

/* Begin PBXFileReference section */
		1005F839282B306D2F7AC183 /* Pods-End to End Tests.debug.xcconfig */ = {isa = PBXFileReference; includeInIndex = 1; lastKnownFileType = text.xcconfig; name = "Pods-End to End Tests.debug.xcconfig"; path = "Pods/Target Support Files/Pods-End to End Tests/Pods-End to End Tests.debug.xcconfig"; sourceTree = "<group>"; };
		108584CFC56573EB4E299497 /* Pods-Integration Tests.debug.xcconfig */ = {isa = PBXFileReference; includeInIndex = 1; lastKnownFileType = text.xcconfig; name = "Pods-Integration Tests.debug.xcconfig"; path = "Pods/Target Support Files/Pods-Integration Tests/Pods-Integration Tests.debug.xcconfig"; sourceTree = "<group>"; };
		121EAC2F9A050F0019FE5158CA1B3C53 /* Checklists.app */ = {isa = PBXFileReference; explicitFileType = wrapper.application; includeInIndex = 0; path = Checklists.app; sourceTree = BUILT_PRODUCTS_DIR; };
		13C5C206EB6DD6D444AE10DC /* Pods_Unit_Tests.framework */ = {isa = PBXFileReference; explicitFileType = wrapper.framework; includeInIndex = 0; path = Pods_Unit_Tests.framework; sourceTree = BUILT_PRODUCTS_DIR; };
		17C3717DB9127C753A932091B3BB0A8A /* Info.plist */ = {isa = PBXFileReference; lastKnownFileType = text.plist.xml; path = Info.plist; sourceTree = "<group>"; };
		24321628192836734DF73387388A8563 /* Unit Tests.xctest */ = {isa = PBXFileReference; explicitFileType = wrapper.cfbundle; includeInIndex = 0; path = "Unit Tests.xctest"; sourceTree = BUILT_PRODUCTS_DIR; };
		27A0479C0F8DA0A5396BF77E15CB471B /* ItemDetailViewController.swift */ = {isa = PBXFileReference; lastKnownFileType = sourcecode.swift; path = ItemDetailViewController.swift; sourceTree = "<group>"; };
		27CA188C8410467C4A548DD5C77CFF99 /* Makefile */ = {isa = PBXFileReference; lastKnownFileType = sourcecode.make; path = Makefile; sourceTree = "<group>"; };
		2A52D15D2ED4CF7C35ED93921ED0C68C /* EnvironmentSpec.swift */ = {isa = PBXFileReference; lastKnownFileType = sourcecode.swift; path = EnvironmentSpec.swift; sourceTree = "<group>"; };
		2B0C37C930F557FDD97F26608D498A32 /* EndToEndTests.swift */ = {isa = PBXFileReference; lastKnownFileType = sourcecode.swift; path = EndToEndTests.swift; sourceTree = "<group>"; };
		3F44FD17221AFEA85A0AA25155CFF0AF /* Info.plist */ = {isa = PBXFileReference; lastKnownFileType = text.plist.xml; path = Info.plist; sourceTree = "<group>"; };
		4063011482C2B76A5B985FFE8EB04540 /* Info.plist */ = {isa = PBXFileReference; lastKnownFileType = text.plist.xml; path = Info.plist; sourceTree = "<group>"; };
		466E505413E9F1F590183FD9964BB4BE /* LocalEnvironmentSpec.swift */ = {isa = PBXFileReference; lastKnownFileType = sourcecode.swift; path = LocalEnvironmentSpec.swift; sourceTree = "<group>"; };
		496CF5CA99C40DDC64558CD9 /* Pods-Integration Tests.release.xcconfig */ = {isa = PBXFileReference; includeInIndex = 1; lastKnownFileType = text.xcconfig; name = "Pods-Integration Tests.release.xcconfig"; path = "Pods/Target Support Files/Pods-Integration Tests/Pods-Integration Tests.release.xcconfig"; sourceTree = "<group>"; };
		5173F3E7466A2F8361B84BA8E810DEE8 /* Assets.xcassets */ = {isa = PBXFileReference; lastKnownFileType = folder.assetcatalog; path = Assets.xcassets; sourceTree = "<group>"; };
		51B3FD98425C05DCB258A2372AEF2400 /* Base */ = {isa = PBXFileReference; lastKnownFileType = file.storyboard; name = Base; path = Base.lproj/Main.storyboard; sourceTree = "<group>"; };
		537AEBED620C53C4D14BA813979DED43 /* ChecklistDataPersistence.swift */ = {isa = PBXFileReference; lastKnownFileType = sourcecode.swift; path = ChecklistDataPersistence.swift; sourceTree = "<group>"; };
		5B58C97B5D24923386F419A24A3C091E /* Integration Tests.xctest */ = {isa = PBXFileReference; explicitFileType = wrapper.cfbundle; includeInIndex = 0; path = "Integration Tests.xctest"; sourceTree = BUILT_PRODUCTS_DIR; };
		5DF7A5ADAFBA6739F74E0A5D0B73363D /* ChecklistDataPersistenceMock.swift */ = {isa = PBXFileReference; lastKnownFileType = sourcecode.swift; path = ChecklistDataPersistenceMock.swift; sourceTree = "<group>"; };
		602F32D221B965DD001FC273 /* Info.plist */ = {isa = PBXFileReference; lastKnownFileType = text.plist.xml; path = Info.plist; sourceTree = "<group>"; };
		6189C84E1BCDB6DF0C980F2EA91BC94E /* ChecklistViewController.swift */ = {isa = PBXFileReference; lastKnownFileType = sourcecode.swift; path = ChecklistViewController.swift; sourceTree = "<group>"; };
		64E93CED2A5AF8CB8EE2BBC2 /* Pods-End to End Tests.release.xcconfig */ = {isa = PBXFileReference; includeInIndex = 1; lastKnownFileType = text.xcconfig; name = "Pods-End to End Tests.release.xcconfig"; path = "Pods/Target Support Files/Pods-End to End Tests/Pods-End to End Tests.release.xcconfig"; sourceTree = "<group>"; };
		65C08BAEE7C28467840FB615A962BCD3 /* CheckListItemSpec.swift */ = {isa = PBXFileReference; lastKnownFileType = sourcecode.swift; path = CheckListItemSpec.swift; sourceTree = "<group>"; };
		6A91E77A93E3CACFD8CBC24B /* Pods_Checklists.framework */ = {isa = PBXFileReference; explicitFileType = wrapper.framework; includeInIndex = 0; path = Pods_Checklists.framework; sourceTree = BUILT_PRODUCTS_DIR; };
		6C3CB1E56C4BB518BF906BD3 /* Pods-Checklists.release.xcconfig */ = {isa = PBXFileReference; includeInIndex = 1; lastKnownFileType = text.xcconfig; name = "Pods-Checklists.release.xcconfig"; path = "Pods/Target Support Files/Pods-Checklists/Pods-Checklists.release.xcconfig"; sourceTree = "<group>"; };
		6D8C1B4D3B413AB0419426B7923989C2 /* Base */ = {isa = PBXFileReference; lastKnownFileType = file.storyboard; name = Base; path = Base.lproj/LaunchScreen.storyboard; sourceTree = "<group>"; };
		795177B3AB9FA7A5918ED3602DCC5864 /* LocalUITests.swift */ = {isa = PBXFileReference; lastKnownFileType = sourcecode.swift; path = LocalUITests.swift; sourceTree = "<group>"; };
		84BE32A7089AF505FC5146ECE01492A9 /* APIMock.swift */ = {isa = PBXFileReference; lastKnownFileType = sourcecode.swift; path = APIMock.swift; sourceTree = "<group>"; };
		89A7E45148639CDADD790AC5 /* Pods-Unit Tests.debug.xcconfig */ = {isa = PBXFileReference; includeInIndex = 1; lastKnownFileType = text.xcconfig; name = "Pods-Unit Tests.debug.xcconfig"; path = "Pods/Target Support Files/Pods-Unit Tests/Pods-Unit Tests.debug.xcconfig"; sourceTree = "<group>"; };
		8F91986940E27B8BF6CBFEF44E1DC092 /* ChecklistDataProviderTypeMock.swift */ = {isa = PBXFileReference; lastKnownFileType = sourcecode.swift; path = ChecklistDataProviderTypeMock.swift; sourceTree = "<group>"; };
		9200E187BCD6769852231B80 /* Pods_Integration_Tests.framework */ = {isa = PBXFileReference; explicitFileType = wrapper.framework; includeInIndex = 0; path = Pods_Integration_Tests.framework; sourceTree = BUILT_PRODUCTS_DIR; };
		96D43AEE865688E1AC7B99A46A6561E6 /* ChecklistDataProvider.swift */ = {isa = PBXFileReference; lastKnownFileType = sourcecode.swift; path = ChecklistDataProvider.swift; sourceTree = "<group>"; };
		98CCCFB8D0A9B3CB1DAD118441EAB8C6 /* ItemDetailViewControllerSpec.swift */ = {isa = PBXFileReference; lastKnownFileType = sourcecode.swift; path = ItemDetailViewControllerSpec.swift; sourceTree = "<group>"; };
		A667E00B5FB33A1E5296AA87 /* Pods-Checklists.debug.xcconfig */ = {isa = PBXFileReference; includeInIndex = 1; lastKnownFileType = text.xcconfig; name = "Pods-Checklists.debug.xcconfig"; path = "Pods/Target Support Files/Pods-Checklists/Pods-Checklists.debug.xcconfig"; sourceTree = "<group>"; };
		AA2FCBDA8DFCD4C06AC93ACC03A688DC /* BaseRobot.swift */ = {isa = PBXFileReference; fileEncoding = 4; lastKnownFileType = sourcecode.swift; path = BaseRobot.swift; sourceTree = "<group>"; };
		BED906414EC0452AF5624959708846A8 /* ChecklistDataPersistenceRest.swift */ = {isa = PBXFileReference; lastKnownFileType = sourcecode.swift; path = ChecklistDataPersistenceRest.swift; sourceTree = "<group>"; };
		C7677B1BD1B67AB23026004637563A43 /* ItemDetailViewControllerDelegateMock.swift */ = {isa = PBXFileReference; lastKnownFileType = sourcecode.swift; path = ItemDetailViewControllerDelegateMock.swift; sourceTree = "<group>"; };
		CA31EF877DC6E31E57921C1DAFB58B9B /* ChecklistDataProviderSpec.swift */ = {isa = PBXFileReference; lastKnownFileType = sourcecode.swift; path = ChecklistDataProviderSpec.swift; sourceTree = "<group>"; };
		D31089092B39EE81311A4C444516E6B7 /* EndToEndEnvironmentSpec.swift */ = {isa = PBXFileReference; lastKnownFileType = sourcecode.swift; path = EndToEndEnvironmentSpec.swift; sourceTree = "<group>"; };
		D7DE7A15AF494470EB04BF9EA7122D7C /* AppDelegate.swift */ = {isa = PBXFileReference; lastKnownFileType = sourcecode.swift; path = AppDelegate.swift; sourceTree = "<group>"; };
		DB5D986C2656EEF179DFF681BFDE7626 /* ChecklistViewControllerSpec.swift */ = {isa = PBXFileReference; lastKnownFileType = sourcecode.swift; path = ChecklistViewControllerSpec.swift; sourceTree = "<group>"; };
		DD5CF44B0C2EEFF60B6874CE958AD95D /* End to End Tests.xctest */ = {isa = PBXFileReference; explicitFileType = wrapper.cfbundle; includeInIndex = 0; path = "End to End Tests.xctest"; sourceTree = BUILT_PRODUCTS_DIR; };
		DEA81480832C2CED36A61F1DD6D2287D /* Environment.swift */ = {isa = PBXFileReference; lastKnownFileType = sourcecode.swift; path = Environment.swift; sourceTree = "<group>"; };
		E0824A7A4C5E0173E3C9E54ED68AD3A7 /* ChecklistRobot.swift */ = {isa = PBXFileReference; lastKnownFileType = sourcecode.swift; path = ChecklistRobot.swift; sourceTree = "<group>"; };
		E1D3424EEE6448F3C289C33B90B3BD85 /* ChecklistItem.swift */ = {isa = PBXFileReference; lastKnownFileType = sourcecode.swift; path = ChecklistItem.swift; sourceTree = "<group>"; };
		E332576A778FB9EE9732CB6D55E01EFF /* ChecklistDataPersistenceSpec.swift */ = {isa = PBXFileReference; lastKnownFileType = sourcecode.swift; path = ChecklistDataPersistenceSpec.swift; sourceTree = "<group>"; };
		E9EDD2C625AC13960F9F0164 /* Pods-Unit Tests.release.xcconfig */ = {isa = PBXFileReference; includeInIndex = 1; lastKnownFileType = text.xcconfig; name = "Pods-Unit Tests.release.xcconfig"; path = "Pods/Target Support Files/Pods-Unit Tests/Pods-Unit Tests.release.xcconfig"; sourceTree = "<group>"; };
		EB3130EC67CDCE2CD97440F8 /* Pods_End_to_End_Tests.framework */ = {isa = PBXFileReference; explicitFileType = wrapper.framework; includeInIndex = 0; path = Pods_End_to_End_Tests.framework; sourceTree = BUILT_PRODUCTS_DIR; };
/* End PBXFileReference section */

/* Begin PBXFrameworksBuildPhase section */
		23B5A969984D7005DD1D946A6FB48692 /* Frameworks */ = {
			isa = PBXFrameworksBuildPhase;
			buildActionMask = 2147483647;
			files = (
				66707CC7CBCC6B3C89B7B329 /* Pods_Unit_Tests.framework in Frameworks */,
			);
			runOnlyForDeploymentPostprocessing = 0;
		};
		50E3DF9E074CC079999B4C4E2B507D9C /* Frameworks */ = {
			isa = PBXFrameworksBuildPhase;
			buildActionMask = 2147483647;
			files = (
				1FB7E5248F20AEB13B784BB5 /* Pods_Checklists.framework in Frameworks */,
			);
			runOnlyForDeploymentPostprocessing = 0;
		};
		71D7497A674878A08953F656A1784083 /* Frameworks */ = {
			isa = PBXFrameworksBuildPhase;
			buildActionMask = 2147483647;
			files = (
				37CB536F6FBCB3DE5785344A /* Pods_End_to_End_Tests.framework in Frameworks */,
			);
			runOnlyForDeploymentPostprocessing = 0;
		};
		C9E837F228CD5574AF30BA019A6F9946 /* Frameworks */ = {
			isa = PBXFrameworksBuildPhase;
			buildActionMask = 2147483647;
			files = (
				422545B705F80A444FA97E95 /* Pods_Integration_Tests.framework in Frameworks */,
			);
			runOnlyForDeploymentPostprocessing = 0;
		};
/* End PBXFrameworksBuildPhase section */

/* Begin PBXGroup section */
		03444B99D17DCBEBADDC02CB646CA6A4 /* Data */ = {
			isa = PBXGroup;
			children = (
				537AEBED620C53C4D14BA813979DED43 /* ChecklistDataPersistence.swift */,
				BED906414EC0452AF5624959708846A8 /* ChecklistDataPersistenceRest.swift */,
				96D43AEE865688E1AC7B99A46A6561E6 /* ChecklistDataProvider.swift */,
			);
			path = Data;
			sourceTree = "<group>";
		};
		0C62139A97642777659F619730F54168 /* View */ = {
			isa = PBXGroup;
			children = (
				6189C84E1BCDB6DF0C980F2EA91BC94E /* ChecklistViewController.swift */,
				27A0479C0F8DA0A5396BF77E15CB471B /* ItemDetailViewController.swift */,
			);
			path = View;
			sourceTree = "<group>";
		};
		0E4DB5F5FC31F825041EE382FE2CE99A /* Integration Tests */ = {
			isa = PBXGroup;
			children = (
				602F32D221B965DD001FC273 /* Info.plist */,
				84BE32A7089AF505FC5146ECE01492A9 /* APIMock.swift */,
				466E505413E9F1F590183FD9964BB4BE /* LocalEnvironmentSpec.swift */,
				795177B3AB9FA7A5918ED3602DCC5864 /* LocalUITests.swift */,
			);
			path = "Integration Tests";
			sourceTree = "<group>";
		};
		291A62E5F3BCB4E6337B9C6BAF5C5645 /* Checklists */ = {
			isa = PBXGroup;
			children = (
				03444B99D17DCBEBADDC02CB646CA6A4 /* Data */,
				2E2C1FF87AF24C4731F70C058E542EF8 /* Model */,
				0C62139A97642777659F619730F54168 /* View */,
				D7DE7A15AF494470EB04BF9EA7122D7C /* AppDelegate.swift */,
				5173F3E7466A2F8361B84BA8E810DEE8 /* Assets.xcassets */,
				DEA81480832C2CED36A61F1DD6D2287D /* Environment.swift */,
				4063011482C2B76A5B985FFE8EB04540 /* Info.plist */,
				C85F82CDB62CDEA543ACA67999688322 /* LaunchScreen.storyboard */,
				1F2FA77C497A9ECA00DEBA96A31941C9 /* Main.storyboard */,
			);
			path = Checklists;
			sourceTree = "<group>";
		};
		2E2C1FF87AF24C4731F70C058E542EF8 /* Model */ = {
			isa = PBXGroup;
			children = (
				E1D3424EEE6448F3C289C33B90B3BD85 /* ChecklistItem.swift */,
			);
			path = Model;
			sourceTree = "<group>";
		};
		405359CCA47BD455B8876E93 /* Pods */ = {
			isa = PBXGroup;
			children = (
				A667E00B5FB33A1E5296AA87 /* Pods-Checklists.debug.xcconfig */,
				6C3CB1E56C4BB518BF906BD3 /* Pods-Checklists.release.xcconfig */,
				1005F839282B306D2F7AC183 /* Pods-End to End Tests.debug.xcconfig */,
				64E93CED2A5AF8CB8EE2BBC2 /* Pods-End to End Tests.release.xcconfig */,
				108584CFC56573EB4E299497 /* Pods-Integration Tests.debug.xcconfig */,
				496CF5CA99C40DDC64558CD9 /* Pods-Integration Tests.release.xcconfig */,
				89A7E45148639CDADD790AC5 /* Pods-Unit Tests.debug.xcconfig */,
				E9EDD2C625AC13960F9F0164 /* Pods-Unit Tests.release.xcconfig */,
			);
			name = Pods;
			sourceTree = "<group>";
		};
		5834CCDEC622B98AC669A5E626A28137 = {
			isa = PBXGroup;
			children = (
				602F32D121B9659B001FC273 /* Tests */,
				291A62E5F3BCB4E6337B9C6BAF5C5645 /* Checklists */,
				27CA188C8410467C4A548DD5C77CFF99 /* Makefile */,
				C6DCF49DC5CBEF67DD72ADFC82F87856 /* Products */,
				6C0940CC3C8B78330A8513BC24A9C400 /* UI Tests */,
				405359CCA47BD455B8876E93 /* Pods */,
				A6AC2AA246EEA4CF0159C94D /* Frameworks */,
			);
			sourceTree = "<group>";
		};
		600383E1EF390EC2ADAFEF88D7CEF66C /* Helpers */ = {
			isa = PBXGroup;
			children = (
				AA2FCBDA8DFCD4C06AC93ACC03A688DC /* BaseRobot.swift */,
				E0824A7A4C5E0173E3C9E54ED68AD3A7 /* ChecklistRobot.swift */,
			);
			path = Helpers;
			sourceTree = "<group>";
		};
		602F32D121B9659B001FC273 /* Tests */ = {
			isa = PBXGroup;
			children = (
				600383E1EF390EC2ADAFEF88D7CEF66C /* Helpers */,
				BACBB7B546F8D8F21205E7FDF230AB51 /* Unit Tests */,
				D1D42D90FD5FCEF08685A0AD792CC08E /* End to End Tests */,
				0E4DB5F5FC31F825041EE382FE2CE99A /* Integration Tests */,
			);
			path = Tests;
			sourceTree = "<group>";
		};
		62A08DBC5D0327EBE863848AE11A9C1C /* Data */ = {
			isa = PBXGroup;
			children = (
				E332576A778FB9EE9732CB6D55E01EFF /* ChecklistDataPersistenceSpec.swift */,
				CA31EF877DC6E31E57921C1DAFB58B9B /* ChecklistDataProviderSpec.swift */,
			);
			path = Data;
			sourceTree = "<group>";
		};
		6C0940CC3C8B78330A8513BC24A9C400 /* UI Tests */ = {
			isa = PBXGroup;
			children = (
			);
			path = "UI Tests";
			sourceTree = "<group>";
		};
		7107E4CDAD2BA2CF0F20CF4F358B00AF /* Model */ = {
			isa = PBXGroup;
			children = (
				65C08BAEE7C28467840FB615A962BCD3 /* CheckListItemSpec.swift */,
			);
			path = Model;
			sourceTree = "<group>";
		};
		A6AC2AA246EEA4CF0159C94D /* Frameworks */ = {
			isa = PBXGroup;
			children = (
				6A91E77A93E3CACFD8CBC24B /* Pods_Checklists.framework */,
				EB3130EC67CDCE2CD97440F8 /* Pods_End_to_End_Tests.framework */,
				9200E187BCD6769852231B80 /* Pods_Integration_Tests.framework */,
				13C5C206EB6DD6D444AE10DC /* Pods_Unit_Tests.framework */,
			);
			name = Frameworks;
			sourceTree = "<group>";
		};
		BACBB7B546F8D8F21205E7FDF230AB51 /* Unit Tests */ = {
			isa = PBXGroup;
			children = (
				62A08DBC5D0327EBE863848AE11A9C1C /* Data */,
				DFB8E5BE57F20CCFE1A4C9D716EC06C6 /* Mocks */,
				7107E4CDAD2BA2CF0F20CF4F358B00AF /* Model */,
				DE889B6EAF8A593EED66CEBB00FFBEB7 /* View */,
				2A52D15D2ED4CF7C35ED93921ED0C68C /* EnvironmentSpec.swift */,
				17C3717DB9127C753A932091B3BB0A8A /* Info.plist */,
			);
			path = "Unit Tests";
			sourceTree = "<group>";
		};
		C6DCF49DC5CBEF67DD72ADFC82F87856 /* Products */ = {
			isa = PBXGroup;
			children = (
				121EAC2F9A050F0019FE5158CA1B3C53 /* Checklists.app */,
				DD5CF44B0C2EEFF60B6874CE958AD95D /* End to End Tests.xctest */,
				5B58C97B5D24923386F419A24A3C091E /* Integration Tests.xctest */,
				24321628192836734DF73387388A8563 /* Unit Tests.xctest */,
			);
			name = Products;
			sourceTree = "<group>";
		};
		D1D42D90FD5FCEF08685A0AD792CC08E /* End to End Tests */ = {
			isa = PBXGroup;
			children = (
				3F44FD17221AFEA85A0AA25155CFF0AF /* Info.plist */,
				D31089092B39EE81311A4C444516E6B7 /* EndToEndEnvironmentSpec.swift */,
				2B0C37C930F557FDD97F26608D498A32 /* EndToEndTests.swift */,
			);
			path = "End to End Tests";
			sourceTree = "<group>";
		};
		DE889B6EAF8A593EED66CEBB00FFBEB7 /* View */ = {
			isa = PBXGroup;
			children = (
				DB5D986C2656EEF179DFF681BFDE7626 /* ChecklistViewControllerSpec.swift */,
				98CCCFB8D0A9B3CB1DAD118441EAB8C6 /* ItemDetailViewControllerSpec.swift */,
			);
			path = View;
			sourceTree = "<group>";
		};
		DFB8E5BE57F20CCFE1A4C9D716EC06C6 /* Mocks */ = {
			isa = PBXGroup;
			children = (
				5DF7A5ADAFBA6739F74E0A5D0B73363D /* ChecklistDataPersistenceMock.swift */,
				8F91986940E27B8BF6CBFEF44E1DC092 /* ChecklistDataProviderTypeMock.swift */,
				C7677B1BD1B67AB23026004637563A43 /* ItemDetailViewControllerDelegateMock.swift */,
			);
			path = Mocks;
			sourceTree = "<group>";
		};
/* End PBXGroup section */

/* Begin PBXNativeTarget section */
		084CC429B5C558577B12AF10E6A9370A /* Unit Tests */ = {
			isa = PBXNativeTarget;
			buildConfigurationList = 72946CCC51FE2E7446E838DA87A08F63 /* Build configuration list for PBXNativeTarget "Unit Tests" */;
			buildPhases = (
				D00FA56C3D4DA957F757CEA1 /* [CP] Check Pods Manifest.lock */,
				D78ED0A81A066E4571565F087B0D0FBD /* Sources */,
				23B5A969984D7005DD1D946A6FB48692 /* Frameworks */,
				911F1ECE6B4B79925699B0924842D940 /* Resources */,
				2D0FA961E60FCD205B477D86 /* [CP] Embed Pods Frameworks */,
			);
			buildRules = (
			);
			dependencies = (
				22239B0F3C0BE19D03B9ED5818ED1845 /* PBXTargetDependency */,
			);
			name = "Unit Tests";
			productName = ChecklistsTests;
			productReference = 24321628192836734DF73387388A8563 /* Unit Tests.xctest */;
			productType = "com.apple.product-type.bundle.unit-test";
		};
		568DD8498FBDD1B6F318C76C3CF19FF0 /* End to End Tests */ = {
			isa = PBXNativeTarget;
			buildConfigurationList = E9498E920BC9518DFFE9493F35D4CDAB /* Build configuration list for PBXNativeTarget "End to End Tests" */;
			buildPhases = (
				2632CD2A955BBAACBBB34602 /* [CP] Check Pods Manifest.lock */,
				0A893A3AA55BF6C3DDD2FB590BD417E9 /* Sources */,
				71D7497A674878A08953F656A1784083 /* Frameworks */,
				40C8BC32BC68CDA8F7D1A3A031FBAF4F /* Resources */,
				9985C5246AEB767A9EF9B7CE /* [CP] Embed Pods Frameworks */,
			);
			buildRules = (
			);
			dependencies = (
				4BC5F95C701CD778DDDE903B13F5A14E /* PBXTargetDependency */,
			);
			name = "End to End Tests";
			productName = ChecklistsUITests;
			productReference = DD5CF44B0C2EEFF60B6874CE958AD95D /* End to End Tests.xctest */;
			productType = "com.apple.product-type.bundle.ui-testing";
		};
		ADF66C4C9F00975F16EBC494FECC3DE7 /* Checklists */ = {
			isa = PBXNativeTarget;
			buildConfigurationList = 1C1BE9454D544B1F7A7444AADB49BDDC /* Build configuration list for PBXNativeTarget "Checklists" */;
			buildPhases = (
				B6B9495EB862B7848344DCB0 /* [CP] Check Pods Manifest.lock */,
				EBA468E16DF747E875846A34E025C097 /* Sources */,
				50E3DF9E074CC079999B4C4E2B507D9C /* Frameworks */,
				EDF9553A33F0935D48AD4CC16D3C882D /* Resources */,
				E17B07CC4B481EC6F4667463 /* [CP] Embed Pods Frameworks */,
			);
			buildRules = (
			);
			dependencies = (
			);
			name = Checklists;
			productName = Checklists;
			productReference = 121EAC2F9A050F0019FE5158CA1B3C53 /* Checklists.app */;
			productType = "com.apple.product-type.application";
		};
		D056BE22D9BD09BFF53D3332F4A01AEE /* Integration Tests */ = {
			isa = PBXNativeTarget;
			buildConfigurationList = 7F2194D150F2C690DC9396FEE70CE2B4 /* Build configuration list for PBXNativeTarget "Integration Tests" */;
			buildPhases = (
				92E6B8F8E35A3F4E95F1F3B0 /* [CP] Check Pods Manifest.lock */,
				A137F1CF27CEDCEDA846549B368A73EC /* Sources */,
				C9E837F228CD5574AF30BA019A6F9946 /* Frameworks */,
				CAE314B28F3F5A1843F6AAC22E3FF753 /* Resources */,
				F232032FAC3C590C0FB298B5 /* [CP] Embed Pods Frameworks */,
			);
			buildRules = (
			);
			dependencies = (
				7988735AEEDEAA7A847FC1256FD220F3 /* PBXTargetDependency */,
			);
			name = "Integration Tests";
			productName = ChecklistsUITests;
			productReference = 5B58C97B5D24923386F419A24A3C091E /* Integration Tests.xctest */;
			productType = "com.apple.product-type.bundle.ui-testing";
		};
/* End PBXNativeTarget section */

/* Begin PBXProject section */
		E810412BCEBC4E4DBF6042106A57A373 /* Project object */ = {
			isa = PBXProject;
			attributes = {
				LastSwiftUpdateCheck = 0920;
				LastUpgradeCheck = 0920;
				ORGANIZATIONNAME = "CapDev ThoughtWorks";
				TargetAttributes = {
					084CC429B5C558577B12AF10E6A9370A = {
						CreatedOnToolsVersion = 9.2;
						ProvisioningStyle = Automatic;
						TestTargetID = ADF66C4C9F00975F16EBC494FECC3DE7;
					};
					568DD8498FBDD1B6F318C76C3CF19FF0 = {
						ProvisioningStyle = Automatic;
						TestTargetID = ADF66C4C9F00975F16EBC494FECC3DE7;
					};
					ADF66C4C9F00975F16EBC494FECC3DE7 = {
						CreatedOnToolsVersion = 9.2;
						ProvisioningStyle = Automatic;
					};
					D056BE22D9BD09BFF53D3332F4A01AEE = {
						CreatedOnToolsVersion = 9.2;
						ProvisioningStyle = Automatic;
						TestTargetID = ADF66C4C9F00975F16EBC494FECC3DE7;
					};
				};
			};
			buildConfigurationList = D9682820D5D83E1329EA6EE1BEC6E4B9 /* Build configuration list for PBXProject "Checklists" */;
			compatibilityVersion = "Xcode 8.0";
			developmentRegion = en;
			hasScannedForEncodings = 0;
			knownRegions = (
				en,
				Base,
			);
			mainGroup = 5834CCDEC622B98AC669A5E626A28137;
			productRefGroup = C6DCF49DC5CBEF67DD72ADFC82F87856 /* Products */;
			projectDirPath = "";
			projectRoot = "";
			targets = (
				ADF66C4C9F00975F16EBC494FECC3DE7 /* Checklists */,
				084CC429B5C558577B12AF10E6A9370A /* Unit Tests */,
				D056BE22D9BD09BFF53D3332F4A01AEE /* Integration Tests */,
				568DD8498FBDD1B6F318C76C3CF19FF0 /* End to End Tests */,
			);
		};
/* End PBXProject section */

/* Begin PBXResourcesBuildPhase section */
		40C8BC32BC68CDA8F7D1A3A031FBAF4F /* Resources */ = {
			isa = PBXResourcesBuildPhase;
			buildActionMask = 2147483647;
			files = (
			);
			runOnlyForDeploymentPostprocessing = 0;
		};
		911F1ECE6B4B79925699B0924842D940 /* Resources */ = {
			isa = PBXResourcesBuildPhase;
			buildActionMask = 2147483647;
			files = (
			);
			runOnlyForDeploymentPostprocessing = 0;
		};
		CAE314B28F3F5A1843F6AAC22E3FF753 /* Resources */ = {
			isa = PBXResourcesBuildPhase;
			buildActionMask = 2147483647;
			files = (
			);
			runOnlyForDeploymentPostprocessing = 0;
		};
		EDF9553A33F0935D48AD4CC16D3C882D /* Resources */ = {
			isa = PBXResourcesBuildPhase;
			buildActionMask = 2147483647;
			files = (
				9FB3E246BC7D116732DC12DEF9470DCF /* Assets.xcassets in Resources */,
				268460360465E7A3B49BB2240B83DA1F /* LaunchScreen.storyboard in Resources */,
				94443FE79AC7C9656E73A47630827697 /* Main.storyboard in Resources */,
			);
			runOnlyForDeploymentPostprocessing = 0;
		};
/* End PBXResourcesBuildPhase section */

/* Begin PBXShellScriptBuildPhase section */
		2632CD2A955BBAACBBB34602 /* [CP] Check Pods Manifest.lock */ = {
			isa = PBXShellScriptBuildPhase;
			buildActionMask = 2147483647;
			files = (
			);
			inputPaths = (
				"${PODS_PODFILE_DIR_PATH}/Podfile.lock",
				"${PODS_ROOT}/Manifest.lock",
			);
			name = "[CP] Check Pods Manifest.lock";
			outputPaths = (
				"$(DERIVED_FILE_DIR)/Pods-End to End Tests-checkManifestLockResult.txt",
			);
			runOnlyForDeploymentPostprocessing = 0;
			shellPath = /bin/sh;
			shellScript = "diff \"${PODS_PODFILE_DIR_PATH}/Podfile.lock\" \"${PODS_ROOT}/Manifest.lock\" > /dev/null\nif [ $? != 0 ] ; then\n    # print error to STDERR\n    echo \"error: The sandbox is not in sync with the Podfile.lock. Run 'pod install' or update your CocoaPods installation.\" >&2\n    exit 1\nfi\n# This output is used by Xcode 'outputs' to avoid re-running this script phase.\necho \"SUCCESS\" > \"${SCRIPT_OUTPUT_FILE_0}\"\n";
			showEnvVarsInLog = 0;
		};
		2D0FA961E60FCD205B477D86 /* [CP] Embed Pods Frameworks */ = {
			isa = PBXShellScriptBuildPhase;
			buildActionMask = 2147483647;
			files = (
			);
			inputPaths = (
				"${SRCROOT}/Pods/Target Support Files/Pods-Unit Tests/Pods-Unit Tests-frameworks.sh",
				"${BUILT_PRODUCTS_DIR}/RxSwift/RxSwift.framework",
				"${BUILT_PRODUCTS_DIR}/Nimble/Nimble.framework",
				"${BUILT_PRODUCTS_DIR}/Quick/Quick.framework",
				"${BUILT_PRODUCTS_DIR}/RxBlocking/RxBlocking.framework",
				"${BUILT_PRODUCTS_DIR}/RxTest/RxTest.framework",
				"${BUILT_PRODUCTS_DIR}/SwiftMonkey/SwiftMonkey.framework",
				"${BUILT_PRODUCTS_DIR}/Swifter/Swifter.framework",
			);
			name = "[CP] Embed Pods Frameworks";
			outputPaths = (
				"${TARGET_BUILD_DIR}/${FRAMEWORKS_FOLDER_PATH}/RxSwift.framework",
				"${TARGET_BUILD_DIR}/${FRAMEWORKS_FOLDER_PATH}/Nimble.framework",
				"${TARGET_BUILD_DIR}/${FRAMEWORKS_FOLDER_PATH}/Quick.framework",
				"${TARGET_BUILD_DIR}/${FRAMEWORKS_FOLDER_PATH}/RxBlocking.framework",
				"${TARGET_BUILD_DIR}/${FRAMEWORKS_FOLDER_PATH}/RxTest.framework",
				"${TARGET_BUILD_DIR}/${FRAMEWORKS_FOLDER_PATH}/SwiftMonkey.framework",
				"${TARGET_BUILD_DIR}/${FRAMEWORKS_FOLDER_PATH}/Swifter.framework",
			);
			runOnlyForDeploymentPostprocessing = 0;
			shellPath = /bin/sh;
			shellScript = "\"${SRCROOT}/Pods/Target Support Files/Pods-Unit Tests/Pods-Unit Tests-frameworks.sh\"\n";
			showEnvVarsInLog = 0;
		};
		92E6B8F8E35A3F4E95F1F3B0 /* [CP] Check Pods Manifest.lock */ = {
			isa = PBXShellScriptBuildPhase;
			buildActionMask = 2147483647;
			files = (
			);
			inputPaths = (
				"${PODS_PODFILE_DIR_PATH}/Podfile.lock",
				"${PODS_ROOT}/Manifest.lock",
			);
			name = "[CP] Check Pods Manifest.lock";
			outputPaths = (
				"$(DERIVED_FILE_DIR)/Pods-Integration Tests-checkManifestLockResult.txt",
			);
			runOnlyForDeploymentPostprocessing = 0;
			shellPath = /bin/sh;
			shellScript = "diff \"${PODS_PODFILE_DIR_PATH}/Podfile.lock\" \"${PODS_ROOT}/Manifest.lock\" > /dev/null\nif [ $? != 0 ] ; then\n    # print error to STDERR\n    echo \"error: The sandbox is not in sync with the Podfile.lock. Run 'pod install' or update your CocoaPods installation.\" >&2\n    exit 1\nfi\n# This output is used by Xcode 'outputs' to avoid re-running this script phase.\necho \"SUCCESS\" > \"${SCRIPT_OUTPUT_FILE_0}\"\n";
			showEnvVarsInLog = 0;
		};
		9985C5246AEB767A9EF9B7CE /* [CP] Embed Pods Frameworks */ = {
			isa = PBXShellScriptBuildPhase;
			buildActionMask = 2147483647;
			files = (
			);
			inputPaths = (
				"${SRCROOT}/Pods/Target Support Files/Pods-End to End Tests/Pods-End to End Tests-frameworks.sh",
				"${BUILT_PRODUCTS_DIR}/RxSwift/RxSwift.framework",
				"${BUILT_PRODUCTS_DIR}/Nimble/Nimble.framework",
				"${BUILT_PRODUCTS_DIR}/Quick/Quick.framework",
				"${BUILT_PRODUCTS_DIR}/RxBlocking/RxBlocking.framework",
				"${BUILT_PRODUCTS_DIR}/RxTest/RxTest.framework",
				"${BUILT_PRODUCTS_DIR}/SwiftMonkey/SwiftMonkey.framework",
				"${BUILT_PRODUCTS_DIR}/Swifter/Swifter.framework",
			);
			name = "[CP] Embed Pods Frameworks";
			outputPaths = (
				"${TARGET_BUILD_DIR}/${FRAMEWORKS_FOLDER_PATH}/RxSwift.framework",
				"${TARGET_BUILD_DIR}/${FRAMEWORKS_FOLDER_PATH}/Nimble.framework",
				"${TARGET_BUILD_DIR}/${FRAMEWORKS_FOLDER_PATH}/Quick.framework",
				"${TARGET_BUILD_DIR}/${FRAMEWORKS_FOLDER_PATH}/RxBlocking.framework",
				"${TARGET_BUILD_DIR}/${FRAMEWORKS_FOLDER_PATH}/RxTest.framework",
				"${TARGET_BUILD_DIR}/${FRAMEWORKS_FOLDER_PATH}/SwiftMonkey.framework",
				"${TARGET_BUILD_DIR}/${FRAMEWORKS_FOLDER_PATH}/Swifter.framework",
			);
			runOnlyForDeploymentPostprocessing = 0;
			shellPath = /bin/sh;
			shellScript = "\"${SRCROOT}/Pods/Target Support Files/Pods-End to End Tests/Pods-End to End Tests-frameworks.sh\"\n";
			showEnvVarsInLog = 0;
		};
		B6B9495EB862B7848344DCB0 /* [CP] Check Pods Manifest.lock */ = {
			isa = PBXShellScriptBuildPhase;
			buildActionMask = 2147483647;
			files = (
			);
			inputPaths = (
				"${PODS_PODFILE_DIR_PATH}/Podfile.lock",
				"${PODS_ROOT}/Manifest.lock",
			);
			name = "[CP] Check Pods Manifest.lock";
			outputPaths = (
				"$(DERIVED_FILE_DIR)/Pods-Checklists-checkManifestLockResult.txt",
			);
			runOnlyForDeploymentPostprocessing = 0;
			shellPath = /bin/sh;
			shellScript = "diff \"${PODS_PODFILE_DIR_PATH}/Podfile.lock\" \"${PODS_ROOT}/Manifest.lock\" > /dev/null\nif [ $? != 0 ] ; then\n    # print error to STDERR\n    echo \"error: The sandbox is not in sync with the Podfile.lock. Run 'pod install' or update your CocoaPods installation.\" >&2\n    exit 1\nfi\n# This output is used by Xcode 'outputs' to avoid re-running this script phase.\necho \"SUCCESS\" > \"${SCRIPT_OUTPUT_FILE_0}\"\n";
			showEnvVarsInLog = 0;
		};
		D00FA56C3D4DA957F757CEA1 /* [CP] Check Pods Manifest.lock */ = {
			isa = PBXShellScriptBuildPhase;
			buildActionMask = 2147483647;
			files = (
			);
			inputPaths = (
				"${PODS_PODFILE_DIR_PATH}/Podfile.lock",
				"${PODS_ROOT}/Manifest.lock",
			);
			name = "[CP] Check Pods Manifest.lock";
			outputPaths = (
				"$(DERIVED_FILE_DIR)/Pods-Unit Tests-checkManifestLockResult.txt",
			);
			runOnlyForDeploymentPostprocessing = 0;
			shellPath = /bin/sh;
			shellScript = "diff \"${PODS_PODFILE_DIR_PATH}/Podfile.lock\" \"${PODS_ROOT}/Manifest.lock\" > /dev/null\nif [ $? != 0 ] ; then\n    # print error to STDERR\n    echo \"error: The sandbox is not in sync with the Podfile.lock. Run 'pod install' or update your CocoaPods installation.\" >&2\n    exit 1\nfi\n# This output is used by Xcode 'outputs' to avoid re-running this script phase.\necho \"SUCCESS\" > \"${SCRIPT_OUTPUT_FILE_0}\"\n";
			showEnvVarsInLog = 0;
		};
		E17B07CC4B481EC6F4667463 /* [CP] Embed Pods Frameworks */ = {
			isa = PBXShellScriptBuildPhase;
			buildActionMask = 2147483647;
			files = (
			);
			inputPaths = (
				"${SRCROOT}/Pods/Target Support Files/Pods-Checklists/Pods-Checklists-frameworks.sh",
				"${BUILT_PRODUCTS_DIR}/Alamofire/Alamofire.framework",
				"${BUILT_PRODUCTS_DIR}/Alamofire-Synchronous/Alamofire_Synchronous.framework",
				"${BUILT_PRODUCTS_DIR}/ProgressHUD/ProgressHUD.framework",
				"${BUILT_PRODUCTS_DIR}/RxCocoa/RxCocoa.framework",
				"${BUILT_PRODUCTS_DIR}/RxSwift/RxSwift.framework",
				"${BUILT_PRODUCTS_DIR}/SwiftyJSON/SwiftyJSON.framework",
			);
			name = "[CP] Embed Pods Frameworks";
			outputPaths = (
				"${TARGET_BUILD_DIR}/${FRAMEWORKS_FOLDER_PATH}/Alamofire.framework",
				"${TARGET_BUILD_DIR}/${FRAMEWORKS_FOLDER_PATH}/Alamofire_Synchronous.framework",
				"${TARGET_BUILD_DIR}/${FRAMEWORKS_FOLDER_PATH}/ProgressHUD.framework",
				"${TARGET_BUILD_DIR}/${FRAMEWORKS_FOLDER_PATH}/RxCocoa.framework",
				"${TARGET_BUILD_DIR}/${FRAMEWORKS_FOLDER_PATH}/RxSwift.framework",
				"${TARGET_BUILD_DIR}/${FRAMEWORKS_FOLDER_PATH}/SwiftyJSON.framework",
			);
			runOnlyForDeploymentPostprocessing = 0;
			shellPath = /bin/sh;
			shellScript = "\"${SRCROOT}/Pods/Target Support Files/Pods-Checklists/Pods-Checklists-frameworks.sh\"\n";
			showEnvVarsInLog = 0;
		};
		F232032FAC3C590C0FB298B5 /* [CP] Embed Pods Frameworks */ = {
			isa = PBXShellScriptBuildPhase;
			buildActionMask = 2147483647;
			files = (
			);
			inputPaths = (
				"${SRCROOT}/Pods/Target Support Files/Pods-Integration Tests/Pods-Integration Tests-frameworks.sh",
				"${BUILT_PRODUCTS_DIR}/RxSwift/RxSwift.framework",
				"${BUILT_PRODUCTS_DIR}/Nimble/Nimble.framework",
				"${BUILT_PRODUCTS_DIR}/Quick/Quick.framework",
				"${BUILT_PRODUCTS_DIR}/RxBlocking/RxBlocking.framework",
				"${BUILT_PRODUCTS_DIR}/RxTest/RxTest.framework",
				"${BUILT_PRODUCTS_DIR}/SwiftMonkey/SwiftMonkey.framework",
				"${BUILT_PRODUCTS_DIR}/Swifter/Swifter.framework",
			);
			name = "[CP] Embed Pods Frameworks";
			outputPaths = (
				"${TARGET_BUILD_DIR}/${FRAMEWORKS_FOLDER_PATH}/RxSwift.framework",
				"${TARGET_BUILD_DIR}/${FRAMEWORKS_FOLDER_PATH}/Nimble.framework",
				"${TARGET_BUILD_DIR}/${FRAMEWORKS_FOLDER_PATH}/Quick.framework",
				"${TARGET_BUILD_DIR}/${FRAMEWORKS_FOLDER_PATH}/RxBlocking.framework",
				"${TARGET_BUILD_DIR}/${FRAMEWORKS_FOLDER_PATH}/RxTest.framework",
				"${TARGET_BUILD_DIR}/${FRAMEWORKS_FOLDER_PATH}/SwiftMonkey.framework",
				"${TARGET_BUILD_DIR}/${FRAMEWORKS_FOLDER_PATH}/Swifter.framework",
			);
			runOnlyForDeploymentPostprocessing = 0;
			shellPath = /bin/sh;
			shellScript = "\"${SRCROOT}/Pods/Target Support Files/Pods-Integration Tests/Pods-Integration Tests-frameworks.sh\"\n";
			showEnvVarsInLog = 0;
		};
/* End PBXShellScriptBuildPhase section */

/* Begin PBXSourcesBuildPhase section */
		0A893A3AA55BF6C3DDD2FB590BD417E9 /* Sources */ = {
			isa = PBXSourcesBuildPhase;
			buildActionMask = 2147483647;
			files = (
				CC424BD05B0E2DF8EEA30826D3C0FDBB /* BaseRobot.swift in Sources */,
				829634D6CC62666EA36E620BEB41DCAD /* ChecklistRobot.swift in Sources */,
				45748597C382E22ADF5F0B88DE5CCE7D /* EndToEndEnvironmentSpec.swift in Sources */,
				1B031D11FA06D0100E43D321CCD73411 /* EndToEndTests.swift in Sources */,
				E4DF1F1ECAD4EE963BE47BE1DD194FC5 /* Environment.swift in Sources */,
			);
			runOnlyForDeploymentPostprocessing = 0;
		};
		A137F1CF27CEDCEDA846549B368A73EC /* Sources */ = {
			isa = PBXSourcesBuildPhase;
			buildActionMask = 2147483647;
			files = (
				0FEADC42E4591CFA075CF2E9AEE8E5D8 /* APIMock.swift in Sources */,
				E0FC6B05CEA0D94707C185CB2DDE57FF /* BaseRobot.swift in Sources */,
				88FE3E5A135C0E513E954C9D82AF6081 /* ChecklistRobot.swift in Sources */,
				EF4559CC211424057053637A7ADD1362 /* Environment.swift in Sources */,
				C7F5878AE1C9A457B357BF8EF9F58B95 /* LocalEnvironmentSpec.swift in Sources */,
				C66AFCED28C3615C3B1F6F0B2B27C2B1 /* LocalUITests.swift in Sources */,
			);
			runOnlyForDeploymentPostprocessing = 0;
		};
		D78ED0A81A066E4571565F087B0D0FBD /* Sources */ = {
			isa = PBXSourcesBuildPhase;
			buildActionMask = 2147483647;
			files = (
				E02845E1E26C7FAD1EA73CFF3BEA484C /* CheckListItemSpec.swift in Sources */,
				D374C01AC4D8F035DD175F9A818112CC /* ChecklistDataPersistenceMock.swift in Sources */,
				790A6618BE612CC5F68120587F108C72 /* ChecklistDataPersistenceSpec.swift in Sources */,
				C56BD9FD39D4215D0FA2E9710C5B14FB /* ChecklistDataProviderSpec.swift in Sources */,
				E84ED4AFA8DA0C7D430DC455FF8FF551 /* ChecklistDataProviderTypeMock.swift in Sources */,
				45C150624DB463D20C72B0ED986B95BD /* ChecklistViewControllerSpec.swift in Sources */,
				45CB9C17F92557EC5EBB7578FAF9AFCE /* EnvironmentSpec.swift in Sources */,
				5D7DE33B095EED803F869B7416A7ED71 /* ItemDetailViewControllerDelegateMock.swift in Sources */,
				C2017A025FAEBAED3AEA21AB616C8701 /* ItemDetailViewControllerSpec.swift in Sources */,
			);
			runOnlyForDeploymentPostprocessing = 0;
		};
		EBA468E16DF747E875846A34E025C097 /* Sources */ = {
			isa = PBXSourcesBuildPhase;
			buildActionMask = 2147483647;
			files = (
				A3A32C522E0414134E0CD0AF053309CA /* AppDelegate.swift in Sources */,
				64FDD0BC33E8C47883322E148F78D948 /* ChecklistDataPersistence.swift in Sources */,
				8A600BA4F92829D933D25F4DA87B4E54 /* ChecklistDataPersistenceRest.swift in Sources */,
				0E6B385C8DC1229F200420E96DF19F3E /* ChecklistDataProvider.swift in Sources */,
				EE493660A68A79FD1D07B0B20B29C2E2 /* ChecklistItem.swift in Sources */,
				061CC3A80DA207C22923B6B9A2AB469A /* ChecklistViewController.swift in Sources */,
				17DA3E74618DEE4710279B35D77AFD88 /* Environment.swift in Sources */,
				561D0CC5FB4BF7496BF0BD1F528B981C /* ItemDetailViewController.swift in Sources */,
			);
			runOnlyForDeploymentPostprocessing = 0;
		};
/* End PBXSourcesBuildPhase section */

/* Begin PBXTargetDependency section */
		22239B0F3C0BE19D03B9ED5818ED1845 /* PBXTargetDependency */ = {
			isa = PBXTargetDependency;
			target = ADF66C4C9F00975F16EBC494FECC3DE7 /* Checklists */;
			targetProxy = CC32EEEF3695776097FC96C18504F90F /* PBXContainerItemProxy */;
		};
		4BC5F95C701CD778DDDE903B13F5A14E /* PBXTargetDependency */ = {
			isa = PBXTargetDependency;
			target = ADF66C4C9F00975F16EBC494FECC3DE7 /* Checklists */;
			targetProxy = 30FD26C1376330AAC6991A1BA6379264 /* PBXContainerItemProxy */;
		};
		7988735AEEDEAA7A847FC1256FD220F3 /* PBXTargetDependency */ = {
			isa = PBXTargetDependency;
			target = ADF66C4C9F00975F16EBC494FECC3DE7 /* Checklists */;
			targetProxy = 6612113C9D8261121811235C38B0982C /* PBXContainerItemProxy */;
		};
/* End PBXTargetDependency section */

/* Begin PBXVariantGroup section */
		1F2FA77C497A9ECA00DEBA96A31941C9 /* Main.storyboard */ = {
			isa = PBXVariantGroup;
			children = (
				51B3FD98425C05DCB258A2372AEF2400 /* Base */,
			);
			name = Main.storyboard;
			sourceTree = "<group>";
		};
		C85F82CDB62CDEA543ACA67999688322 /* LaunchScreen.storyboard */ = {
			isa = PBXVariantGroup;
			children = (
				6D8C1B4D3B413AB0419426B7923989C2 /* Base */,
			);
			name = LaunchScreen.storyboard;
			sourceTree = "<group>";
		};
/* End PBXVariantGroup section */

/* Begin XCBuildConfiguration section */
		14D08E54A3BF57C226E83F6DCC2F5F85 /* Debug */ = {
			isa = XCBuildConfiguration;
			baseConfigurationReference = 89A7E45148639CDADD790AC5 /* Pods-Unit Tests.debug.xcconfig */;
			buildSettings = {
				ALWAYS_EMBED_SWIFT_STANDARD_LIBRARIES = YES;
				BUNDLE_LOADER = "$(TEST_HOST)";
				CODE_SIGN_STYLE = Automatic;
				DEVELOPMENT_TEAM = CZ8P948NCH;
				INFOPLIST_FILE = "Tests/Unit Tests/Info.plist";
				LD_RUNPATH_SEARCH_PATHS = "$(inherited) @executable_path/Frameworks @loader_path/Frameworks";
				PRODUCT_BUNDLE_IDENTIFIER = com.thoughtworks.capdev.lbarra.ChecklistsTests;
				PRODUCT_NAME = "$(TARGET_NAME)";
				SWIFT_VERSION = 4.0;
				TARGETED_DEVICE_FAMILY = "1,2";
				TEST_HOST = "$(BUILT_PRODUCTS_DIR)/Checklists.app/Checklists";
			};
			name = Debug;
		};
		2E04943539C0EA97897770E98B105719 /* Release */ = {
			isa = XCBuildConfiguration;
			baseConfigurationReference = 64E93CED2A5AF8CB8EE2BBC2 /* Pods-End to End Tests.release.xcconfig */;
			buildSettings = {
				ALWAYS_EMBED_SWIFT_STANDARD_LIBRARIES = YES;
				CODE_SIGN_STYLE = Automatic;
				DEVELOPMENT_TEAM = CZ8P948NCH;
				INFOPLIST_FILE = "Tests/End to End Tests/Info.plist";
				LD_RUNPATH_SEARCH_PATHS = "$(inherited) @executable_path/Frameworks @loader_path/Frameworks";
				PRODUCT_BUNDLE_IDENTIFIER = com.thoughtworks.capdev.lbarra.ChecklistsUITests;
				PRODUCT_NAME = "$(TARGET_NAME)";
				SWIFT_VERSION = 4.0;
				TARGETED_DEVICE_FAMILY = "1,2";
				TEST_TARGET_NAME = Checklists;
			};
			name = Release;
		};
		3739928C3A7567070346BF2C0E4AD834 /* Release */ = {
			isa = XCBuildConfiguration;
			buildSettings = {
				ALWAYS_SEARCH_USER_PATHS = NO;
				CLANG_ANALYZER_NONNULL = YES;
				CLANG_ANALYZER_NUMBER_OBJECT_CONVERSION = YES_AGGRESSIVE;
				CLANG_CXX_LANGUAGE_STANDARD = "gnu++14";
				CLANG_CXX_LIBRARY = "libc++";
				CLANG_ENABLE_MODULES = YES;
				CLANG_ENABLE_OBJC_ARC = YES;
				CLANG_WARN_BLOCK_CAPTURE_AUTORELEASING = YES;
				CLANG_WARN_BOOL_CONVERSION = YES;
				CLANG_WARN_COMMA = YES;
				CLANG_WARN_CONSTANT_CONVERSION = YES;
				CLANG_WARN_DIRECT_OBJC_ISA_USAGE = YES_ERROR;
				CLANG_WARN_DOCUMENTATION_COMMENTS = YES;
				CLANG_WARN_EMPTY_BODY = YES;
				CLANG_WARN_ENUM_CONVERSION = YES;
				CLANG_WARN_INFINITE_RECURSION = YES;
				CLANG_WARN_INT_CONVERSION = YES;
				CLANG_WARN_NON_LITERAL_NULL_CONVERSION = YES;
				CLANG_WARN_OBJC_LITERAL_CONVERSION = YES;
				CLANG_WARN_OBJC_ROOT_CLASS = YES_ERROR;
				CLANG_WARN_RANGE_LOOP_ANALYSIS = YES;
				CLANG_WARN_STRICT_PROTOTYPES = YES;
				CLANG_WARN_SUSPICIOUS_MOVE = YES;
				CLANG_WARN_UNGUARDED_AVAILABILITY = YES_AGGRESSIVE;
				CLANG_WARN_UNREACHABLE_CODE = YES;
				CLANG_WARN__DUPLICATE_METHOD_MATCH = YES;
				CODE_SIGN_IDENTITY = "iPhone Developer";
				COPY_PHASE_STRIP = NO;
				DEBUG_INFORMATION_FORMAT = "dwarf-with-dsym";
				ENABLE_NS_ASSERTIONS = NO;
				ENABLE_STRICT_OBJC_MSGSEND = YES;
				GCC_C_LANGUAGE_STANDARD = gnu11;
				GCC_NO_COMMON_BLOCKS = YES;
				GCC_WARN_64_TO_32_BIT_CONVERSION = YES;
				GCC_WARN_ABOUT_RETURN_TYPE = YES_ERROR;
				GCC_WARN_UNDECLARED_SELECTOR = YES;
				GCC_WARN_UNINITIALIZED_AUTOS = YES_AGGRESSIVE;
				GCC_WARN_UNUSED_FUNCTION = YES;
				GCC_WARN_UNUSED_VARIABLE = YES;
				IPHONEOS_DEPLOYMENT_TARGET = 11.2;
				MTL_ENABLE_DEBUG_INFO = NO;
				SDKROOT = iphoneos;
				SWIFT_OPTIMIZATION_LEVEL = "-Owholemodule";
				VALIDATE_PRODUCT = YES;
			};
			name = Release;
		};
		3FDFB576E853503E268E4CD5B7E8340C /* Release */ = {
			isa = XCBuildConfiguration;
			baseConfigurationReference = E9EDD2C625AC13960F9F0164 /* Pods-Unit Tests.release.xcconfig */;
			buildSettings = {
				ALWAYS_EMBED_SWIFT_STANDARD_LIBRARIES = YES;
				BUNDLE_LOADER = "$(TEST_HOST)";
				CODE_SIGN_STYLE = Automatic;
				DEVELOPMENT_TEAM = CZ8P948NCH;
				INFOPLIST_FILE = "Tests/Unit Tests/Info.plist";
				LD_RUNPATH_SEARCH_PATHS = "$(inherited) @executable_path/Frameworks @loader_path/Frameworks";
				PRODUCT_BUNDLE_IDENTIFIER = com.thoughtworks.capdev.lbarra.ChecklistsTests;
				PRODUCT_NAME = "$(TARGET_NAME)";
				SWIFT_VERSION = 4.0;
				TARGETED_DEVICE_FAMILY = "1,2";
				TEST_HOST = "$(BUILT_PRODUCTS_DIR)/Checklists.app/Checklists";
			};
			name = Release;
		};
		5FC90A34DB4173D99E420D8797316A98 /* Debug */ = {
			isa = XCBuildConfiguration;
			baseConfigurationReference = A667E00B5FB33A1E5296AA87 /* Pods-Checklists.debug.xcconfig */;
			buildSettings = {
				ASSETCATALOG_COMPILER_APPICON_NAME = AppIcon;
				CODE_SIGN_STYLE = Automatic;
				DEVELOPMENT_TEAM = CZ8P948NCH;
				INFOPLIST_FILE = Checklists/Info.plist;
				LD_RUNPATH_SEARCH_PATHS = "$(inherited) @executable_path/Frameworks";
				PRODUCT_BUNDLE_IDENTIFIER = com.thoughtworks.capdev.lbarra.Checklists;
				PRODUCT_NAME = "$(TARGET_NAME)";
				SWIFT_VERSION = 4.0;
				TARGETED_DEVICE_FAMILY = "1,2";
			};
			name = Debug;
		};
		AE758799F8CEACE5E795776B917BD387 /* Debug */ = {
			isa = XCBuildConfiguration;
			baseConfigurationReference = 108584CFC56573EB4E299497 /* Pods-Integration Tests.debug.xcconfig */;
			buildSettings = {
				ALWAYS_EMBED_SWIFT_STANDARD_LIBRARIES = YES;
				CODE_SIGN_STYLE = Automatic;
				DEVELOPMENT_TEAM = CZ8P948NCH;
				INFOPLIST_FILE = "Tests/Integration Tests/Info.plist";
				LD_RUNPATH_SEARCH_PATHS = "$(inherited) @executable_path/Frameworks @loader_path/Frameworks";
				PRODUCT_BUNDLE_IDENTIFIER = com.thoughtworks.capdev.lbarra.ChecklistsUITests;
				PRODUCT_NAME = "$(TARGET_NAME)";
				SWIFT_VERSION = 4.0;
				TARGETED_DEVICE_FAMILY = "1,2";
				TEST_TARGET_NAME = Checklists;
			};
			name = Debug;
		};
		B46EB23B48CD4FE2C02C416729132928 /* Debug */ = {
			isa = XCBuildConfiguration;
			baseConfigurationReference = 1005F839282B306D2F7AC183 /* Pods-End to End Tests.debug.xcconfig */;
			buildSettings = {
				ALWAYS_EMBED_SWIFT_STANDARD_LIBRARIES = YES;
				CODE_SIGN_STYLE = Automatic;
				DEVELOPMENT_TEAM = CZ8P948NCH;
				INFOPLIST_FILE = "Tests/End to End Tests/Info.plist";
				LD_RUNPATH_SEARCH_PATHS = "$(inherited) @executable_path/Frameworks @loader_path/Frameworks";
				PRODUCT_BUNDLE_IDENTIFIER = com.thoughtworks.capdev.lbarra.ChecklistsUITests;
				PRODUCT_NAME = "$(TARGET_NAME)";
				SWIFT_VERSION = 4.0;
				TARGETED_DEVICE_FAMILY = "1,2";
				TEST_TARGET_NAME = Checklists;
			};
			name = Debug;
		};
		B51F1FFED82F21EE158367712D53C693 /* Debug */ = {
			isa = XCBuildConfiguration;
			buildSettings = {
				ALWAYS_SEARCH_USER_PATHS = NO;
				CLANG_ANALYZER_NONNULL = YES;
				CLANG_ANALYZER_NUMBER_OBJECT_CONVERSION = YES_AGGRESSIVE;
				CLANG_CXX_LANGUAGE_STANDARD = "gnu++14";
				CLANG_CXX_LIBRARY = "libc++";
				CLANG_ENABLE_MODULES = YES;
				CLANG_ENABLE_OBJC_ARC = YES;
				CLANG_WARN_BLOCK_CAPTURE_AUTORELEASING = YES;
				CLANG_WARN_BOOL_CONVERSION = YES;
				CLANG_WARN_COMMA = YES;
				CLANG_WARN_CONSTANT_CONVERSION = YES;
				CLANG_WARN_DIRECT_OBJC_ISA_USAGE = YES_ERROR;
				CLANG_WARN_DOCUMENTATION_COMMENTS = YES;
				CLANG_WARN_EMPTY_BODY = YES;
				CLANG_WARN_ENUM_CONVERSION = YES;
				CLANG_WARN_INFINITE_RECURSION = YES;
				CLANG_WARN_INT_CONVERSION = YES;
				CLANG_WARN_NON_LITERAL_NULL_CONVERSION = YES;
				CLANG_WARN_OBJC_LITERAL_CONVERSION = YES;
				CLANG_WARN_OBJC_ROOT_CLASS = YES_ERROR;
				CLANG_WARN_RANGE_LOOP_ANALYSIS = YES;
				CLANG_WARN_STRICT_PROTOTYPES = YES;
				CLANG_WARN_SUSPICIOUS_MOVE = YES;
				CLANG_WARN_UNGUARDED_AVAILABILITY = YES_AGGRESSIVE;
				CLANG_WARN_UNREACHABLE_CODE = YES;
				CLANG_WARN__DUPLICATE_METHOD_MATCH = YES;
				CODE_SIGN_IDENTITY = "iPhone Developer";
				COPY_PHASE_STRIP = NO;
				DEBUG_INFORMATION_FORMAT = dwarf;
				ENABLE_STRICT_OBJC_MSGSEND = YES;
				ENABLE_TESTABILITY = YES;
				GCC_C_LANGUAGE_STANDARD = gnu11;
				GCC_DYNAMIC_NO_PIC = NO;
				GCC_NO_COMMON_BLOCKS = YES;
				GCC_OPTIMIZATION_LEVEL = 0;
				GCC_PREPROCESSOR_DEFINITIONS = (
					"DEBUG=1",
					"$(inherited)",
				);
				GCC_WARN_64_TO_32_BIT_CONVERSION = YES;
				GCC_WARN_ABOUT_RETURN_TYPE = YES_ERROR;
				GCC_WARN_UNDECLARED_SELECTOR = YES;
				GCC_WARN_UNINITIALIZED_AUTOS = YES_AGGRESSIVE;
				GCC_WARN_UNUSED_FUNCTION = YES;
				GCC_WARN_UNUSED_VARIABLE = YES;
				IPHONEOS_DEPLOYMENT_TARGET = 11.2;
				MTL_ENABLE_DEBUG_INFO = YES;
				ONLY_ACTIVE_ARCH = YES;
				SDKROOT = iphoneos;
				SWIFT_ACTIVE_COMPILATION_CONDITIONS = DEBUG;
				SWIFT_OPTIMIZATION_LEVEL = "-Onone";
			};
			name = Debug;
		};
		BEE648FB8170476F1F4A5BEB76EBD63D /* Release */ = {
			isa = XCBuildConfiguration;
			baseConfigurationReference = 496CF5CA99C40DDC64558CD9 /* Pods-Integration Tests.release.xcconfig */;
			buildSettings = {
				ALWAYS_EMBED_SWIFT_STANDARD_LIBRARIES = YES;
				CODE_SIGN_STYLE = Automatic;
				DEVELOPMENT_TEAM = CZ8P948NCH;
				INFOPLIST_FILE = "Tests/Integration Tests/Info.plist";
				LD_RUNPATH_SEARCH_PATHS = "$(inherited) @executable_path/Frameworks @loader_path/Frameworks";
				PRODUCT_BUNDLE_IDENTIFIER = com.thoughtworks.capdev.lbarra.ChecklistsUITests;
				PRODUCT_NAME = "$(TARGET_NAME)";
				SWIFT_VERSION = 4.0;
				TARGETED_DEVICE_FAMILY = "1,2";
				TEST_TARGET_NAME = Checklists;
			};
			name = Release;
		};
		F21169EE9354B2C73BC7F334FDFB59A6 /* Release */ = {
			isa = XCBuildConfiguration;
			baseConfigurationReference = 6C3CB1E56C4BB518BF906BD3 /* Pods-Checklists.release.xcconfig */;
			buildSettings = {
				ASSETCATALOG_COMPILER_APPICON_NAME = AppIcon;
				CODE_SIGN_STYLE = Automatic;
				DEVELOPMENT_TEAM = CZ8P948NCH;
				INFOPLIST_FILE = Checklists/Info.plist;
				LD_RUNPATH_SEARCH_PATHS = "$(inherited) @executable_path/Frameworks";
				PRODUCT_BUNDLE_IDENTIFIER = com.thoughtworks.capdev.lbarra.Checklists;
				PRODUCT_NAME = "$(TARGET_NAME)";
				SWIFT_VERSION = 4.0;
				TARGETED_DEVICE_FAMILY = "1,2";
			};
			name = Release;
		};
/* End XCBuildConfiguration section */

/* Begin XCConfigurationList section */
		1C1BE9454D544B1F7A7444AADB49BDDC /* Build configuration list for PBXNativeTarget "Checklists" */ = {
			isa = XCConfigurationList;
			buildConfigurations = (
				5FC90A34DB4173D99E420D8797316A98 /* Debug */,
				F21169EE9354B2C73BC7F334FDFB59A6 /* Release */,
			);
			defaultConfigurationIsVisible = 0;
			defaultConfigurationName = Release;
		};
		72946CCC51FE2E7446E838DA87A08F63 /* Build configuration list for PBXNativeTarget "Unit Tests" */ = {
			isa = XCConfigurationList;
			buildConfigurations = (
				14D08E54A3BF57C226E83F6DCC2F5F85 /* Debug */,
				3FDFB576E853503E268E4CD5B7E8340C /* Release */,
			);
			defaultConfigurationIsVisible = 0;
			defaultConfigurationName = Release;
		};
		7F2194D150F2C690DC9396FEE70CE2B4 /* Build configuration list for PBXNativeTarget "Integration Tests" */ = {
			isa = XCConfigurationList;
			buildConfigurations = (
				AE758799F8CEACE5E795776B917BD387 /* Debug */,
				BEE648FB8170476F1F4A5BEB76EBD63D /* Release */,
			);
			defaultConfigurationIsVisible = 0;
			defaultConfigurationName = Release;
		};
		D9682820D5D83E1329EA6EE1BEC6E4B9 /* Build configuration list for PBXProject "Checklists" */ = {
			isa = XCConfigurationList;
			buildConfigurations = (
				B51F1FFED82F21EE158367712D53C693 /* Debug */,
				3739928C3A7567070346BF2C0E4AD834 /* Release */,
			);
			defaultConfigurationIsVisible = 0;
			defaultConfigurationName = Release;
		};
		E9498E920BC9518DFFE9493F35D4CDAB /* Build configuration list for PBXNativeTarget "End to End Tests" */ = {
			isa = XCConfigurationList;
			buildConfigurations = (
				B46EB23B48CD4FE2C02C416729132928 /* Debug */,
				2E04943539C0EA97897770E98B105719 /* Release */,
			);
			defaultConfigurationIsVisible = 0;
			defaultConfigurationName = Release;
		};
/* End XCConfigurationList section */
	};
	rootObject = E810412BCEBC4E4DBF6042106A57A373 /* Project object */;
}
