// !$*UTF8*$!
{
	archiveVersion = 1;
	classes = {
	};
	objectVersion = 48;
	objects = {

/* Begin PBXBuildFile section */
		061CC3A80DA207C22923B6B9A2AB469A /* ChecklistViewController.swift in Sources */ = {isa = PBXBuildFile; fileRef = 6189C84E1BCDB6DF0C980F2EA91BC94E /* ChecklistViewController.swift */; };
		0A279B00CCF870AB51672B83643394BE /* CheckListItemSpec.swift in Sources */ = {isa = PBXBuildFile; fileRef = 735ED6F64FA225BB29E7D04517DBB29F /* CheckListItemSpec.swift */; };
		0E4734AA03D8C1DB36E796C2ED217A19 /* BaseRobot.swift in Sources */ = {isa = PBXBuildFile; fileRef = 8BC6931835A0A3119CF5FEB0CFD2FE8E /* BaseRobot.swift */; };
		0E6B385C8DC1229F200420E96DF19F3E /* ChecklistDataProvider.swift in Sources */ = {isa = PBXBuildFile; fileRef = 96D43AEE865688E1AC7B99A46A6561E6 /* ChecklistDataProvider.swift */; };
		17DA3E74618DEE4710279B35D77AFD88 /* Environment.swift in Sources */ = {isa = PBXBuildFile; fileRef = DEA81480832C2CED36A61F1DD6D2287D /* Environment.swift */; };
		1A46D5B1309E43ECFC42EBF21BD1782C /* ItemDetailViewControllerDelegateMock.swift in Sources */ = {isa = PBXBuildFile; fileRef = E8DC6B57DA2C93BACC1BC9446BD6914D /* ItemDetailViewControllerDelegateMock.swift */; };
		1BF92A26B46C6459DD041AF6C22E2864 /* Pods_Checklists.framework in Frameworks */ = {isa = PBXBuildFile; fileRef = 9C53B8A34CE47B39F6AEFD3C555CD48B /* Pods_Checklists.framework */; };
		232DF36A66793F6CE1B4C056244F8E77 /* IntegrationUITests.swift in Sources */ = {isa = PBXBuildFile; fileRef = DC8EB281BC2CDC61D6DFCF4CA7307C18 /* IntegrationUITests.swift */; };
		268460360465E7A3B49BB2240B83DA1F /* LaunchScreen.storyboard in Resources */ = {isa = PBXBuildFile; fileRef = C85F82CDB62CDEA543ACA67999688322 /* LaunchScreen.storyboard */; };
		45BFD8DFD1503E2F0237C55974856CF5 /* LocalUITests.swift in Sources */ = {isa = PBXBuildFile; fileRef = 90B7C8616A0FAD6984542CDC31BD3075 /* LocalUITests.swift */; };
		4D57291190F6913AC30E20BBFFFA2A53 /* Pods_ChecklistsTests.framework in Frameworks */ = {isa = PBXBuildFile; fileRef = F2DE29E4D724BFCA09B9FAFD15633E12 /* Pods_ChecklistsTests.framework */; };
		561D0CC5FB4BF7496BF0BD1F528B981C /* ItemDetailViewController.swift in Sources */ = {isa = PBXBuildFile; fileRef = 27A0479C0F8DA0A5396BF77E15CB471B /* ItemDetailViewController.swift */; };
		5AC8CB6F79AB5A14D1F4CCFBDB1E942E /* ChecklistRobot.swift in Sources */ = {isa = PBXBuildFile; fileRef = FAF895E03E33D9008392111F553D43C9 /* ChecklistRobot.swift */; };
		5F9854625D434B12CE5D63E6799652D9 /* Pods_ChecklistsUITestLocal.framework in Frameworks */ = {isa = PBXBuildFile; fileRef = D84462B77214DFD2CDDCA044F2852E09 /* Pods_ChecklistsUITestLocal.framework */; };
		60F58AE421861A4E0038C48C /* IntegrationEnvironmentSpec.swift in Sources */ = {isa = PBXBuildFile; fileRef = 60F58AE221861A410038C48C /* IntegrationEnvironmentSpec.swift */; };
		60F58AE521861B6F0038C48C /* Environment.swift in Sources */ = {isa = PBXBuildFile; fileRef = DEA81480832C2CED36A61F1DD6D2287D /* Environment.swift */; };
		60F58AE621861B6F0038C48C /* Environment.swift in Sources */ = {isa = PBXBuildFile; fileRef = DEA81480832C2CED36A61F1DD6D2287D /* Environment.swift */; };
		60F58AE921861BF10038C48C /* LocalEnvironmentSpec.swift in Sources */ = {isa = PBXBuildFile; fileRef = 60F58AE821861BF00038C48C /* LocalEnvironmentSpec.swift */; };
		62FAFFD8934A360C31C8731DABEBDB8F /* BaseRobot.swift in Sources */ = {isa = PBXBuildFile; fileRef = 8BC6931835A0A3119CF5FEB0CFD2FE8E /* BaseRobot.swift */; };
		64FDD0BC33E8C47883322E148F78D948 /* ChecklistDataPersistence.swift in Sources */ = {isa = PBXBuildFile; fileRef = 537AEBED620C53C4D14BA813979DED43 /* ChecklistDataPersistence.swift */; };
		67D5E266E357C9464E089B4D7537F9AE /* ChecklistDataProviderTypeMock.swift in Sources */ = {isa = PBXBuildFile; fileRef = 471783747A1D1B569C347FDD6FDC3B82 /* ChecklistDataProviderTypeMock.swift */; };
		72605A5F1A1B0AA534C819BA2C15BECC /* ChecklistRobot.swift in Sources */ = {isa = PBXBuildFile; fileRef = FAF895E03E33D9008392111F553D43C9 /* ChecklistRobot.swift */; };
		7A6F1388C27E07A8D2391BC752B9ECFD /* MonkeyTest.swift in Sources */ = {isa = PBXBuildFile; fileRef = F72424B5F480C99550F44AEFB52F6348 /* MonkeyTest.swift */; };
		8A600BA4F92829D933D25F4DA87B4E54 /* ChecklistDataPersistenceRest.swift in Sources */ = {isa = PBXBuildFile; fileRef = BED906414EC0452AF5624959708846A8 /* ChecklistDataPersistenceRest.swift */; };
		94443FE79AC7C9656E73A47630827697 /* Main.storyboard in Resources */ = {isa = PBXBuildFile; fileRef = 1F2FA77C497A9ECA00DEBA96A31941C9 /* Main.storyboard */; };
		9FB3E246BC7D116732DC12DEF9470DCF /* Assets.xcassets in Resources */ = {isa = PBXBuildFile; fileRef = 5173F3E7466A2F8361B84BA8E810DEE8 /* Assets.xcassets */; };
		A0754B2B125BA74EE9BF4E6D4B436E66 /* Pods_ChecklistsUITests.framework in Frameworks */ = {isa = PBXBuildFile; fileRef = B2C8894CFC1A8D2F6D8EB838F2C5C774 /* Pods_ChecklistsUITests.framework */; };
		A3A32C522E0414134E0CD0AF053309CA /* AppDelegate.swift in Sources */ = {isa = PBXBuildFile; fileRef = D7DE7A15AF494470EB04BF9EA7122D7C /* AppDelegate.swift */; };
		A47C86DDA7EAE5128007A7118383ECE1 /* Pods_ChecklistsUITestIntegration.framework in Frameworks */ = {isa = PBXBuildFile; fileRef = 8A0F25CC97B963E04F16D44230385323 /* Pods_ChecklistsUITestIntegration.framework */; };
		A8540EDC0A393735B2E67955BEB489AE /* ChecklistDataPersistenceSpec.swift in Sources */ = {isa = PBXBuildFile; fileRef = 12CF8FD696B037936487214B0F42EFB7 /* ChecklistDataPersistenceSpec.swift */; };
		B313522E0D69A00C13340EF8CFBDAE8E /* APIMock.swift in Sources */ = {isa = PBXBuildFile; fileRef = D432984443441593085E9F822A4BAED6 /* APIMock.swift */; };
		BF87BCE99E8CDB979E047896893EAD24 /* ChecklistDataProviderSpec.swift in Sources */ = {isa = PBXBuildFile; fileRef = 75C09C958236F4FC8DBB4D3610722792 /* ChecklistDataProviderSpec.swift */; };
		DACD0F77D4E19524EE2C281ACFC40C76 /* EnvironmentSpec.swift in Sources */ = {isa = PBXBuildFile; fileRef = 9270401642564D4EC6CCB6B9AA197A93 /* EnvironmentSpec.swift */; };
		DF8BD98F67AD36404060CC776C4A3D29 /* Pods_ChecklistsUITests.framework in Frameworks */ = {isa = PBXBuildFile; fileRef = B2C8894CFC1A8D2F6D8EB838F2C5C774 /* Pods_ChecklistsUITests.framework */; };
		E2E8920AAE5DADC5EE021A1CE0F80A98 /* ChecklistDataPersistenceMock.swift in Sources */ = {isa = PBXBuildFile; fileRef = E744F0612C12127FA4261D7D13A69DDC /* ChecklistDataPersistenceMock.swift */; };
		E5C4E0D6870B44C9D8150812272CE7B2 /* ChecklistViewControllerSpec.swift in Sources */ = {isa = PBXBuildFile; fileRef = 56EDE94173C5B6947FCF8A27F562103D /* ChecklistViewControllerSpec.swift */; };
		EE493660A68A79FD1D07B0B20B29C2E2 /* ChecklistItem.swift in Sources */ = {isa = PBXBuildFile; fileRef = E1D3424EEE6448F3C289C33B90B3BD85 /* ChecklistItem.swift */; };
		F9897E0918EF262D0169DC708D3C4DAF /* ItemDetailViewControllerSpec.swift in Sources */ = {isa = PBXBuildFile; fileRef = 66AA40320E416F6C8C6AA01209809F7D /* ItemDetailViewControllerSpec.swift */; };
/* End PBXBuildFile section */

/* Begin PBXContainerItemProxy section */
		80D168A1CE6271F49D80E8207E5ECA38 /* PBXContainerItemProxy */ = {
			isa = PBXContainerItemProxy;
			containerPortal = E810412BCEBC4E4DBF6042106A57A373 /* Project object */;
			proxyType = 1;
			remoteGlobalIDString = ADF66C4C9F00975F16EBC494FECC3DE7;
			remoteInfo = Checklists;
		};
		BA6B9672EFA8600EDBA791CFB11B4C8B /* PBXContainerItemProxy */ = {
			isa = PBXContainerItemProxy;
			containerPortal = E810412BCEBC4E4DBF6042106A57A373 /* Project object */;
			proxyType = 1;
			remoteGlobalIDString = ADF66C4C9F00975F16EBC494FECC3DE7;
			remoteInfo = Checklists;
		};
		C96B84C3FC5C270B4C318BF2EF4585CE /* PBXContainerItemProxy */ = {
			isa = PBXContainerItemProxy;
			containerPortal = E810412BCEBC4E4DBF6042106A57A373 /* Project object */;
			proxyType = 1;
			remoteGlobalIDString = ADF66C4C9F00975F16EBC494FECC3DE7;
			remoteInfo = Checklists;
		};
/* End PBXContainerItemProxy section */

/* Begin PBXFileReference section */
		1052A893682154C2E5078BD7F4535901 /* ChecklistsTests.xctest */ = {isa = PBXFileReference; explicitFileType = wrapper.cfbundle; includeInIndex = 0; path = ChecklistsTests.xctest; sourceTree = BUILT_PRODUCTS_DIR; };
		121EAC2F9A050F0019FE5158CA1B3C53 /* Checklists.app */ = {isa = PBXFileReference; explicitFileType = wrapper.application; includeInIndex = 0; path = Checklists.app; sourceTree = BUILT_PRODUCTS_DIR; };
		12CF8FD696B037936487214B0F42EFB7 /* ChecklistDataPersistenceSpec.swift */ = {isa = PBXFileReference; lastKnownFileType = sourcecode.swift; path = ChecklistDataPersistenceSpec.swift; sourceTree = "<group>"; };
		27A0479C0F8DA0A5396BF77E15CB471B /* ItemDetailViewController.swift */ = {isa = PBXFileReference; lastKnownFileType = sourcecode.swift; path = ItemDetailViewController.swift; sourceTree = "<group>"; };
		27CA188C8410467C4A548DD5C77CFF99 /* Makefile */ = {isa = PBXFileReference; lastKnownFileType = sourcecode.make; path = Makefile; sourceTree = "<group>"; };
		2A57C9E793F3E868E211D553EDD76B6B /* Pods-ChecklistsTests.debug.xcconfig */ = {isa = PBXFileReference; includeInIndex = 1; lastKnownFileType = text.xcconfig; name = "Pods-ChecklistsTests.debug.xcconfig"; path = "Pods/Target Support Files/Pods-ChecklistsTests/Pods-ChecklistsTests.debug.xcconfig"; sourceTree = "<group>"; };
		2F5232103993033C8005D25C446F30FF /* Pods-Checklists.release.xcconfig */ = {isa = PBXFileReference; includeInIndex = 1; lastKnownFileType = text.xcconfig; name = "Pods-Checklists.release.xcconfig"; path = "Pods/Target Support Files/Pods-Checklists/Pods-Checklists.release.xcconfig"; sourceTree = "<group>"; };
		4063011482C2B76A5B985FFE8EB04540 /* Info.plist */ = {isa = PBXFileReference; lastKnownFileType = text.plist.xml; path = Info.plist; sourceTree = "<group>"; };
		40D6E8D18E82886FB9C357EC9789CAAD /* Info.plist */ = {isa = PBXFileReference; lastKnownFileType = text.plist.xml; path = Info.plist; sourceTree = "<group>"; };
		471783747A1D1B569C347FDD6FDC3B82 /* ChecklistDataProviderTypeMock.swift */ = {isa = PBXFileReference; lastKnownFileType = sourcecode.swift; path = ChecklistDataProviderTypeMock.swift; sourceTree = "<group>"; };
		4B3D6A434AA108C8F5AFD1BD4A037FE8 /* Pods-ChecklistsUITestLocal.release.xcconfig */ = {isa = PBXFileReference; includeInIndex = 1; lastKnownFileType = text.xcconfig; name = "Pods-ChecklistsUITestLocal.release.xcconfig"; path = "Pods/Target Support Files/Pods-ChecklistsUITestLocal/Pods-ChecklistsUITestLocal.release.xcconfig"; sourceTree = "<group>"; };
		5173F3E7466A2F8361B84BA8E810DEE8 /* Assets.xcassets */ = {isa = PBXFileReference; lastKnownFileType = folder.assetcatalog; path = Assets.xcassets; sourceTree = "<group>"; };
		51B3FD98425C05DCB258A2372AEF2400 /* Base */ = {isa = PBXFileReference; lastKnownFileType = file.storyboard; name = Base; path = Base.lproj/Main.storyboard; sourceTree = "<group>"; };
		537AEBED620C53C4D14BA813979DED43 /* ChecklistDataPersistence.swift */ = {isa = PBXFileReference; lastKnownFileType = sourcecode.swift; path = ChecklistDataPersistence.swift; sourceTree = "<group>"; };
		56EDE94173C5B6947FCF8A27F562103D /* ChecklistViewControllerSpec.swift */ = {isa = PBXFileReference; lastKnownFileType = sourcecode.swift; path = ChecklistViewControllerSpec.swift; sourceTree = "<group>"; };
		602235184783867B312B5713B7BA80E7 /* ChecklistsUITestLocal.xctest */ = {isa = PBXFileReference; explicitFileType = wrapper.cfbundle; includeInIndex = 0; path = ChecklistsUITestLocal.xctest; sourceTree = BUILT_PRODUCTS_DIR; };
		60F58AE221861A410038C48C /* IntegrationEnvironmentSpec.swift */ = {isa = PBXFileReference; lastKnownFileType = sourcecode.swift; path = IntegrationEnvironmentSpec.swift; sourceTree = "<group>"; };
		60F58AE821861BF00038C48C /* LocalEnvironmentSpec.swift */ = {isa = PBXFileReference; lastKnownFileType = sourcecode.swift; path = LocalEnvironmentSpec.swift; sourceTree = "<group>"; };
		6189C84E1BCDB6DF0C980F2EA91BC94E /* ChecklistViewController.swift */ = {isa = PBXFileReference; lastKnownFileType = sourcecode.swift; path = ChecklistViewController.swift; sourceTree = "<group>"; };
		66AA40320E416F6C8C6AA01209809F7D /* ItemDetailViewControllerSpec.swift */ = {isa = PBXFileReference; lastKnownFileType = sourcecode.swift; path = ItemDetailViewControllerSpec.swift; sourceTree = "<group>"; };
		6D8C1B4D3B413AB0419426B7923989C2 /* Base */ = {isa = PBXFileReference; lastKnownFileType = file.storyboard; name = Base; path = Base.lproj/LaunchScreen.storyboard; sourceTree = "<group>"; };
		735ED6F64FA225BB29E7D04517DBB29F /* CheckListItemSpec.swift */ = {isa = PBXFileReference; lastKnownFileType = sourcecode.swift; path = CheckListItemSpec.swift; sourceTree = "<group>"; };
		75C09C958236F4FC8DBB4D3610722792 /* ChecklistDataProviderSpec.swift */ = {isa = PBXFileReference; lastKnownFileType = sourcecode.swift; path = ChecklistDataProviderSpec.swift; sourceTree = "<group>"; };
		81C3CD34BDEEB1513BE7FB974DC44C4F /* Pods-ChecklistsTests.release.xcconfig */ = {isa = PBXFileReference; includeInIndex = 1; lastKnownFileType = text.xcconfig; name = "Pods-ChecklistsTests.release.xcconfig"; path = "Pods/Target Support Files/Pods-ChecklistsTests/Pods-ChecklistsTests.release.xcconfig"; sourceTree = "<group>"; };
		8A0F25CC97B963E04F16D44230385323 /* Pods_ChecklistsUITestIntegration.framework */ = {isa = PBXFileReference; explicitFileType = wrapper.framework; includeInIndex = 0; path = Pods_ChecklistsUITestIntegration.framework; sourceTree = BUILT_PRODUCTS_DIR; };
		8BC6931835A0A3119CF5FEB0CFD2FE8E /* BaseRobot.swift */ = {isa = PBXFileReference; fileEncoding = 4; lastKnownFileType = sourcecode.swift; path = BaseRobot.swift; sourceTree = "<group>"; };
		90B7C8616A0FAD6984542CDC31BD3075 /* LocalUITests.swift */ = {isa = PBXFileReference; lastKnownFileType = sourcecode.swift; path = LocalUITests.swift; sourceTree = "<group>"; };
		9270401642564D4EC6CCB6B9AA197A93 /* EnvironmentSpec.swift */ = {isa = PBXFileReference; lastKnownFileType = sourcecode.swift; path = EnvironmentSpec.swift; sourceTree = "<group>"; };
		93820AE52FF10329908D69A4F23A81A8 /* Pods-ChecklistsUITests.debug.xcconfig */ = {isa = PBXFileReference; includeInIndex = 1; lastKnownFileType = text.xcconfig; name = "Pods-ChecklistsUITests.debug.xcconfig"; path = "Pods/Target Support Files/Pods-ChecklistsUITests/Pods-ChecklistsUITests.debug.xcconfig"; sourceTree = "<group>"; };
		96D43AEE865688E1AC7B99A46A6561E6 /* ChecklistDataProvider.swift */ = {isa = PBXFileReference; lastKnownFileType = sourcecode.swift; path = ChecklistDataProvider.swift; sourceTree = "<group>"; };
		9A52C7AF563D703D159F31744C046060 /* Info.plist */ = {isa = PBXFileReference; lastKnownFileType = text.plist.xml; path = Info.plist; sourceTree = "<group>"; };
		9C53B8A34CE47B39F6AEFD3C555CD48B /* Pods_Checklists.framework */ = {isa = PBXFileReference; explicitFileType = wrapper.framework; includeInIndex = 0; path = Pods_Checklists.framework; sourceTree = BUILT_PRODUCTS_DIR; };
		A5D38C72462C0DE9999D76A86F97A56C /* Pods-ChecklistsUITests.release.xcconfig */ = {isa = PBXFileReference; includeInIndex = 1; lastKnownFileType = text.xcconfig; name = "Pods-ChecklistsUITests.release.xcconfig"; path = "Pods/Target Support Files/Pods-ChecklistsUITests/Pods-ChecklistsUITests.release.xcconfig"; sourceTree = "<group>"; };
		AB6282C562A8F9FC182133DAD7747EC9 /* ChecklistsUITestIntegration.xctest */ = {isa = PBXFileReference; explicitFileType = wrapper.cfbundle; includeInIndex = 0; path = ChecklistsUITestIntegration.xctest; sourceTree = BUILT_PRODUCTS_DIR; };
		B2C8894CFC1A8D2F6D8EB838F2C5C774 /* Pods_ChecklistsUITests.framework */ = {isa = PBXFileReference; explicitFileType = wrapper.framework; includeInIndex = 0; path = Pods_ChecklistsUITests.framework; sourceTree = BUILT_PRODUCTS_DIR; };
		B4147E8741644B3A4A70EDE46FD28235 /* Pods-ChecklistsUITestLocal.debug.xcconfig */ = {isa = PBXFileReference; includeInIndex = 1; lastKnownFileType = text.xcconfig; name = "Pods-ChecklistsUITestLocal.debug.xcconfig"; path = "Pods/Target Support Files/Pods-ChecklistsUITestLocal/Pods-ChecklistsUITestLocal.debug.xcconfig"; sourceTree = "<group>"; };
		BED906414EC0452AF5624959708846A8 /* ChecklistDataPersistenceRest.swift */ = {isa = PBXFileReference; lastKnownFileType = sourcecode.swift; path = ChecklistDataPersistenceRest.swift; sourceTree = "<group>"; };
		C3E3983852DF1DA56343F062A20B6CB0 /* Pods-ChecklistsUITestIntegration.debug.xcconfig */ = {isa = PBXFileReference; includeInIndex = 1; lastKnownFileType = text.xcconfig; name = "Pods-ChecklistsUITestIntegration.debug.xcconfig"; path = "Pods/Target Support Files/Pods-ChecklistsUITestIntegration/Pods-ChecklistsUITestIntegration.debug.xcconfig"; sourceTree = "<group>"; };
		D432984443441593085E9F822A4BAED6 /* APIMock.swift */ = {isa = PBXFileReference; lastKnownFileType = sourcecode.swift; path = APIMock.swift; sourceTree = "<group>"; };
		D7DE7A15AF494470EB04BF9EA7122D7C /* AppDelegate.swift */ = {isa = PBXFileReference; lastKnownFileType = sourcecode.swift; path = AppDelegate.swift; sourceTree = "<group>"; };
		D84462B77214DFD2CDDCA044F2852E09 /* Pods_ChecklistsUITestLocal.framework */ = {isa = PBXFileReference; explicitFileType = wrapper.framework; includeInIndex = 0; path = Pods_ChecklistsUITestLocal.framework; sourceTree = BUILT_PRODUCTS_DIR; };
		DC8EB281BC2CDC61D6DFCF4CA7307C18 /* IntegrationUITests.swift */ = {isa = PBXFileReference; lastKnownFileType = sourcecode.swift; path = IntegrationUITests.swift; sourceTree = "<group>"; };
		DEA81480832C2CED36A61F1DD6D2287D /* Environment.swift */ = {isa = PBXFileReference; lastKnownFileType = sourcecode.swift; path = Environment.swift; sourceTree = "<group>"; };
		E1D3424EEE6448F3C289C33B90B3BD85 /* ChecklistItem.swift */ = {isa = PBXFileReference; lastKnownFileType = sourcecode.swift; path = ChecklistItem.swift; sourceTree = "<group>"; };
		E472187A6B96426EFCC0DB9EAE512D0A /* Pods-ChecklistsUITestIntegration.release.xcconfig */ = {isa = PBXFileReference; includeInIndex = 1; lastKnownFileType = text.xcconfig; name = "Pods-ChecklistsUITestIntegration.release.xcconfig"; path = "Pods/Target Support Files/Pods-ChecklistsUITestIntegration/Pods-ChecklistsUITestIntegration.release.xcconfig"; sourceTree = "<group>"; };
		E744F0612C12127FA4261D7D13A69DDC /* ChecklistDataPersistenceMock.swift */ = {isa = PBXFileReference; lastKnownFileType = sourcecode.swift; path = ChecklistDataPersistenceMock.swift; sourceTree = "<group>"; };
		E8DC6B57DA2C93BACC1BC9446BD6914D /* ItemDetailViewControllerDelegateMock.swift */ = {isa = PBXFileReference; lastKnownFileType = sourcecode.swift; path = ItemDetailViewControllerDelegateMock.swift; sourceTree = "<group>"; };
		F2DE29E4D724BFCA09B9FAFD15633E12 /* Pods_ChecklistsTests.framework */ = {isa = PBXFileReference; explicitFileType = wrapper.framework; includeInIndex = 0; path = Pods_ChecklistsTests.framework; sourceTree = BUILT_PRODUCTS_DIR; };
		F39AF4559ED6BC307F2CF15601818249 /* Pods-Checklists.debug.xcconfig */ = {isa = PBXFileReference; includeInIndex = 1; lastKnownFileType = text.xcconfig; name = "Pods-Checklists.debug.xcconfig"; path = "Pods/Target Support Files/Pods-Checklists/Pods-Checklists.debug.xcconfig"; sourceTree = "<group>"; };
		F72424B5F480C99550F44AEFB52F6348 /* MonkeyTest.swift */ = {isa = PBXFileReference; lastKnownFileType = sourcecode.swift; path = MonkeyTest.swift; sourceTree = "<group>"; };
		FAF895E03E33D9008392111F553D43C9 /* ChecklistRobot.swift */ = {isa = PBXFileReference; lastKnownFileType = sourcecode.swift; path = ChecklistRobot.swift; sourceTree = "<group>"; };
/* End PBXFileReference section */

/* Begin PBXFrameworksBuildPhase section */
		1C19A9B0E4210AF61CA5541B10DF8035 /* Frameworks */ = {
			isa = PBXFrameworksBuildPhase;
			buildActionMask = 2147483647;
			files = (
				4D57291190F6913AC30E20BBFFFA2A53 /* Pods_ChecklistsTests.framework in Frameworks */,
			);
			runOnlyForDeploymentPostprocessing = 0;
		};
		50E3DF9E074CC079999B4C4E2B507D9C /* Frameworks */ = {
			isa = PBXFrameworksBuildPhase;
			buildActionMask = 2147483647;
			files = (
				1BF92A26B46C6459DD041AF6C22E2864 /* Pods_Checklists.framework in Frameworks */,
			);
			runOnlyForDeploymentPostprocessing = 0;
		};
		536C7826A035E1632AB2017CE1432DB1 /* Frameworks */ = {
			isa = PBXFrameworksBuildPhase;
			buildActionMask = 2147483647;
			files = (
				5F9854625D434B12CE5D63E6799652D9 /* Pods_ChecklistsUITestLocal.framework in Frameworks */,
				DF8BD98F67AD36404060CC776C4A3D29 /* Pods_ChecklistsUITests.framework in Frameworks */,
			);
			runOnlyForDeploymentPostprocessing = 0;
		};
		86C9F87F8B16424C2F246159FDF13BCF /* Frameworks */ = {
			isa = PBXFrameworksBuildPhase;
			buildActionMask = 2147483647;
			files = (
				A47C86DDA7EAE5128007A7118383ECE1 /* Pods_ChecklistsUITestIntegration.framework in Frameworks */,
				A0754B2B125BA74EE9BF4E6D4B436E66 /* Pods_ChecklistsUITests.framework in Frameworks */,
			);
			runOnlyForDeploymentPostprocessing = 0;
		};
/* End PBXFrameworksBuildPhase section */

/* Begin PBXGroup section */
		03444B99D17DCBEBADDC02CB646CA6A4 /* Data */ = {
			isa = PBXGroup;
			children = (
				537AEBED620C53C4D14BA813979DED43 /* ChecklistDataPersistence.swift */,
				BED906414EC0452AF5624959708846A8 /* ChecklistDataPersistenceRest.swift */,
				96D43AEE865688E1AC7B99A46A6561E6 /* ChecklistDataProvider.swift */,
			);
			path = Data;
			sourceTree = "<group>";
		};
		0C62139A97642777659F619730F54168 /* View */ = {
			isa = PBXGroup;
			children = (
				6189C84E1BCDB6DF0C980F2EA91BC94E /* ChecklistViewController.swift */,
				27A0479C0F8DA0A5396BF77E15CB471B /* ItemDetailViewController.swift */,
			);
			path = View;
			sourceTree = "<group>";
		};
		0E48AE4D641ACD654D34C93B8E331927 /* Integration */ = {
			isa = PBXGroup;
			children = (
				60F58AE221861A410038C48C /* IntegrationEnvironmentSpec.swift */,
				DC8EB281BC2CDC61D6DFCF4CA7307C18 /* IntegrationUITests.swift */,
			);
			path = Integration;
			sourceTree = "<group>";
		};
		291A62E5F3BCB4E6337B9C6BAF5C5645 /* Checklists */ = {
			isa = PBXGroup;
			children = (
				03444B99D17DCBEBADDC02CB646CA6A4 /* Data */,
				2E2C1FF87AF24C4731F70C058E542EF8 /* Model */,
				0C62139A97642777659F619730F54168 /* View */,
				D7DE7A15AF494470EB04BF9EA7122D7C /* AppDelegate.swift */,
				5173F3E7466A2F8361B84BA8E810DEE8 /* Assets.xcassets */,
				DEA81480832C2CED36A61F1DD6D2287D /* Environment.swift */,
				4063011482C2B76A5B985FFE8EB04540 /* Info.plist */,
				C85F82CDB62CDEA543ACA67999688322 /* LaunchScreen.storyboard */,
				1F2FA77C497A9ECA00DEBA96A31941C9 /* Main.storyboard */,
			);
			path = Checklists;
			sourceTree = "<group>";
		};
		2D14EC75D9F194A431C06197D4D95829 /* Model */ = {
			isa = PBXGroup;
			children = (
				735ED6F64FA225BB29E7D04517DBB29F /* CheckListItemSpec.swift */,
			);
			path = Model;
			sourceTree = "<group>";
		};
		2E2C1FF87AF24C4731F70C058E542EF8 /* Model */ = {
			isa = PBXGroup;
			children = (
				E1D3424EEE6448F3C289C33B90B3BD85 /* ChecklistItem.swift */,
			);
			path = Model;
			sourceTree = "<group>";
		};
		309123CA3A1F9F35F80CE5F88DCDAD9A /* ChecklistsUITests */ = {
			isa = PBXGroup;
			children = (
				0E48AE4D641ACD654D34C93B8E331927 /* Integration */,
				DA20F891D7C004693E4411ED27A195AA /* Local */,
				BC0879247C3EB68F033820C3B3DA5F70 /* Robots */,
				40D6E8D18E82886FB9C357EC9789CAAD /* Info.plist */,
			);
			path = ChecklistsUITests;
			sourceTree = "<group>";
		};
		4C4188C311DF31A39F24D60685057040 /* Pods */ = {
			isa = PBXGroup;
			children = (
				F39AF4559ED6BC307F2CF15601818249 /* Pods-Checklists.debug.xcconfig */,
				2F5232103993033C8005D25C446F30FF /* Pods-Checklists.release.xcconfig */,
				2A57C9E793F3E868E211D553EDD76B6B /* Pods-ChecklistsTests.debug.xcconfig */,
				81C3CD34BDEEB1513BE7FB974DC44C4F /* Pods-ChecklistsTests.release.xcconfig */,
				C3E3983852DF1DA56343F062A20B6CB0 /* Pods-ChecklistsUITestIntegration.debug.xcconfig */,
				E472187A6B96426EFCC0DB9EAE512D0A /* Pods-ChecklistsUITestIntegration.release.xcconfig */,
				B4147E8741644B3A4A70EDE46FD28235 /* Pods-ChecklistsUITestLocal.debug.xcconfig */,
				4B3D6A434AA108C8F5AFD1BD4A037FE8 /* Pods-ChecklistsUITestLocal.release.xcconfig */,
				93820AE52FF10329908D69A4F23A81A8 /* Pods-ChecklistsUITests.debug.xcconfig */,
				A5D38C72462C0DE9999D76A86F97A56C /* Pods-ChecklistsUITests.release.xcconfig */,
			);
			name = Pods;
			sourceTree = "<group>";
		};
		5834CCDEC622B98AC669A5E626A28137 = {
			isa = PBXGroup;
			children = (
				291A62E5F3BCB4E6337B9C6BAF5C5645 /* Checklists */,
				7E689135E3AD71A43AD958122EACE6BA /* ChecklistsTests */,
				309123CA3A1F9F35F80CE5F88DCDAD9A /* ChecklistsUITests */,
				BBAA098D47A2F84B7D5B519A8416078A /* Frameworks */,
				27CA188C8410467C4A548DD5C77CFF99 /* Makefile */,
				4C4188C311DF31A39F24D60685057040 /* Pods */,
				C6DCF49DC5CBEF67DD72ADFC82F87856 /* Products */,
			);
			sourceTree = "<group>";
		};
		5AAA29275BAD0A2EE1310D2B287B442C /* Data */ = {
			isa = PBXGroup;
			children = (
				12CF8FD696B037936487214B0F42EFB7 /* ChecklistDataPersistenceSpec.swift */,
				75C09C958236F4FC8DBB4D3610722792 /* ChecklistDataProviderSpec.swift */,
			);
			path = Data;
			sourceTree = "<group>";
		};
		7E689135E3AD71A43AD958122EACE6BA /* ChecklistsTests */ = {
			isa = PBXGroup;
			children = (
				5AAA29275BAD0A2EE1310D2B287B442C /* Data */,
				CBBE09E949531912F0D94B2EF682249D /* Mocks */,
				2D14EC75D9F194A431C06197D4D95829 /* Model */,
				998FA02568DB194A421EBFDC344E1E78 /* View */,
				9270401642564D4EC6CCB6B9AA197A93 /* EnvironmentSpec.swift */,
				9A52C7AF563D703D159F31744C046060 /* Info.plist */,
			);
			path = ChecklistsTests;
			sourceTree = "<group>";
		};
		998FA02568DB194A421EBFDC344E1E78 /* View */ = {
			isa = PBXGroup;
			children = (
				56EDE94173C5B6947FCF8A27F562103D /* ChecklistViewControllerSpec.swift */,
				66AA40320E416F6C8C6AA01209809F7D /* ItemDetailViewControllerSpec.swift */,
			);
			path = View;
			sourceTree = "<group>";
		};
		BBAA098D47A2F84B7D5B519A8416078A /* Frameworks */ = {
			isa = PBXGroup;
			children = (
				9C53B8A34CE47B39F6AEFD3C555CD48B /* Pods_Checklists.framework */,
				F2DE29E4D724BFCA09B9FAFD15633E12 /* Pods_ChecklistsTests.framework */,
				8A0F25CC97B963E04F16D44230385323 /* Pods_ChecklistsUITestIntegration.framework */,
				D84462B77214DFD2CDDCA044F2852E09 /* Pods_ChecklistsUITestLocal.framework */,
				B2C8894CFC1A8D2F6D8EB838F2C5C774 /* Pods_ChecklistsUITests.framework */,
			);
			name = Frameworks;
			sourceTree = "<group>";
		};
		BC0879247C3EB68F033820C3B3DA5F70 /* Robots */ = {
			isa = PBXGroup;
			children = (
				8BC6931835A0A3119CF5FEB0CFD2FE8E /* BaseRobot.swift */,
				FAF895E03E33D9008392111F553D43C9 /* ChecklistRobot.swift */,
			);
			path = Robots;
			sourceTree = "<group>";
		};
		C6DCF49DC5CBEF67DD72ADFC82F87856 /* Products */ = {
			isa = PBXGroup;
			children = (
				121EAC2F9A050F0019FE5158CA1B3C53 /* Checklists.app */,
				1052A893682154C2E5078BD7F4535901 /* ChecklistsTests.xctest */,
				AB6282C562A8F9FC182133DAD7747EC9 /* ChecklistsUITestIntegration.xctest */,
				602235184783867B312B5713B7BA80E7 /* ChecklistsUITestLocal.xctest */,
			);
			name = Products;
			sourceTree = "<group>";
		};
		CBBE09E949531912F0D94B2EF682249D /* Mocks */ = {
			isa = PBXGroup;
			children = (
				E744F0612C12127FA4261D7D13A69DDC /* ChecklistDataPersistenceMock.swift */,
				471783747A1D1B569C347FDD6FDC3B82 /* ChecklistDataProviderTypeMock.swift */,
				E8DC6B57DA2C93BACC1BC9446BD6914D /* ItemDetailViewControllerDelegateMock.swift */,
			);
			path = Mocks;
			sourceTree = "<group>";
		};
		DA20F891D7C004693E4411ED27A195AA /* Local */ = {
			isa = PBXGroup;
			children = (
				60F58AE821861BF00038C48C /* LocalEnvironmentSpec.swift */,
				D432984443441593085E9F822A4BAED6 /* APIMock.swift */,
				90B7C8616A0FAD6984542CDC31BD3075 /* LocalUITests.swift */,
				F72424B5F480C99550F44AEFB52F6348 /* MonkeyTest.swift */,
			);
			path = Local;
			sourceTree = "<group>";
		};
/* End PBXGroup section */

/* Begin PBXNativeTarget section */
		3A1A3A802891C679160F894E35507738 /* ChecklistsTests */ = {
			isa = PBXNativeTarget;
			buildConfigurationList = 20D738F8D6AE22E35FD904DE835157DD /* Build configuration list for PBXNativeTarget "ChecklistsTests" */;
			buildPhases = (
				7ECE055A92E5CB83FA4525D88AE8E5BD /* [CP] Check Pods Manifest.lock */,
				AA65AA382989445DAD4A285D021E0531 /* Sources */,
				1C19A9B0E4210AF61CA5541B10DF8035 /* Frameworks */,
				E615D227E543747B3ACE48F512284940 /* Resources */,
				E68241A941BCB0F9A87E9A41F83225B7 /* [CP] Embed Pods Frameworks */,
			);
			buildRules = (
			);
			dependencies = (
				B66B08C0C01CBB36103C47C54F76D5AF /* PBXTargetDependency */,
			);
			name = ChecklistsTests;
			productName = ChecklistsTests;
			productReference = 1052A893682154C2E5078BD7F4535901 /* ChecklistsTests.xctest */;
			productType = "com.apple.product-type.bundle.unit-test";
		};
		5872615BE8BBEB45011530AD1D9B5B7E /* ChecklistsUITestIntegration */ = {
			isa = PBXNativeTarget;
			buildConfigurationList = E8C58338870A439607862100D9A7978E /* Build configuration list for PBXNativeTarget "ChecklistsUITestIntegration" */;
			buildPhases = (
				2FEA619ADA11B72F68D43A08AB73818C /* [CP] Check Pods Manifest.lock */,
				C80D8F3BDCC9DC3CC71B23BF917CE50A /* Sources */,
				86C9F87F8B16424C2F246159FDF13BCF /* Frameworks */,
				24B0092915BE13AD14CA8808C1CCE021 /* Resources */,
				1DB33C5A082BAE41A47C253B56476DE4 /* [CP] Embed Pods Frameworks */,
			);
			buildRules = (
			);
			dependencies = (
				ACCE7815224524D6261B40E17613D6AE /* PBXTargetDependency */,
			);
			name = ChecklistsUITestIntegration;
			productName = ChecklistsUITests;
			productReference = AB6282C562A8F9FC182133DAD7747EC9 /* ChecklistsUITestIntegration.xctest */;
			productType = "com.apple.product-type.bundle.ui-testing";
		};
		ADF66C4C9F00975F16EBC494FECC3DE7 /* Checklists */ = {
			isa = PBXNativeTarget;
			buildConfigurationList = 1C1BE9454D544B1F7A7444AADB49BDDC /* Build configuration list for PBXNativeTarget "Checklists" */;
			buildPhases = (
				2E15DB319AD5F537B48299D67A934A1D /* [CP] Check Pods Manifest.lock */,
				EBA468E16DF747E875846A34E025C097 /* Sources */,
				50E3DF9E074CC079999B4C4E2B507D9C /* Frameworks */,
				EDF9553A33F0935D48AD4CC16D3C882D /* Resources */,
				9738B15DBA9CC06C586E74DE9867D7E3 /* [CP] Embed Pods Frameworks */,
			);
			buildRules = (
			);
			dependencies = (
			);
			name = Checklists;
			productName = Checklists;
			productReference = 121EAC2F9A050F0019FE5158CA1B3C53 /* Checklists.app */;
			productType = "com.apple.product-type.application";
		};
		CC11F681EECA7F87E6048445B29745D5 /* ChecklistsUITestLocal */ = {
			isa = PBXNativeTarget;
			buildConfigurationList = 67D11D11E8DC7E5FC85AB80422A9DC22 /* Build configuration list for PBXNativeTarget "ChecklistsUITestLocal" */;
			buildPhases = (
				3BEEBC22533278509DFF10F8489EA7F7 /* [CP] Check Pods Manifest.lock */,
				E2D0D13AFB06058A71AF886E967A1676 /* Sources */,
				536C7826A035E1632AB2017CE1432DB1 /* Frameworks */,
				32401BEDF520F20B916E999F50D79668 /* Resources */,
				D4B7DF39EEED5326D1323001799E5736 /* [CP] Embed Pods Frameworks */,
			);
			buildRules = (
			);
			dependencies = (
				258E6B8B7358C696FF61C9D44B48503B /* PBXTargetDependency */,
			);
			name = ChecklistsUITestLocal;
			productName = ChecklistsUITests;
			productReference = 602235184783867B312B5713B7BA80E7 /* ChecklistsUITestLocal.xctest */;
			productType = "com.apple.product-type.bundle.ui-testing";
		};
/* End PBXNativeTarget section */

/* Begin PBXProject section */
		E810412BCEBC4E4DBF6042106A57A373 /* Project object */ = {
			isa = PBXProject;
			attributes = {
				LastSwiftUpdateCheck = 0920;
				LastUpgradeCheck = 0920;
				ORGANIZATIONNAME = "CapDev ThoughtWorks";
				TargetAttributes = {
					3A1A3A802891C679160F894E35507738 = {
						CreatedOnToolsVersion = 9.2;
						ProvisioningStyle = Automatic;
						TestTargetID = ADF66C4C9F00975F16EBC494FECC3DE7;
					};
					5872615BE8BBEB45011530AD1D9B5B7E = {
						ProvisioningStyle = Automatic;
						TestTargetID = ADF66C4C9F00975F16EBC494FECC3DE7;
					};
					ADF66C4C9F00975F16EBC494FECC3DE7 = {
						CreatedOnToolsVersion = 9.2;
						ProvisioningStyle = Automatic;
					};
					CC11F681EECA7F87E6048445B29745D5 = {
						CreatedOnToolsVersion = 9.2;
						ProvisioningStyle = Automatic;
						TestTargetID = ADF66C4C9F00975F16EBC494FECC3DE7;
					};
				};
			};
			buildConfigurationList = D9682820D5D83E1329EA6EE1BEC6E4B9 /* Build configuration list for PBXProject "Checklists" */;
			compatibilityVersion = "Xcode 8.0";
			developmentRegion = en;
			hasScannedForEncodings = 0;
			knownRegions = (
				en,
				Base,
			);
			mainGroup = 5834CCDEC622B98AC669A5E626A28137;
			productRefGroup = C6DCF49DC5CBEF67DD72ADFC82F87856 /* Products */;
			projectDirPath = "";
			projectRoot = "";
			targets = (
				ADF66C4C9F00975F16EBC494FECC3DE7 /* Checklists */,
				3A1A3A802891C679160F894E35507738 /* ChecklistsTests */,
				CC11F681EECA7F87E6048445B29745D5 /* ChecklistsUITestLocal */,
				5872615BE8BBEB45011530AD1D9B5B7E /* ChecklistsUITestIntegration */,
			);
		};
/* End PBXProject section */

/* Begin PBXResourcesBuildPhase section */
		24B0092915BE13AD14CA8808C1CCE021 /* Resources */ = {
			isa = PBXResourcesBuildPhase;
			buildActionMask = 2147483647;
			files = (
			);
			runOnlyForDeploymentPostprocessing = 0;
		};
		32401BEDF520F20B916E999F50D79668 /* Resources */ = {
			isa = PBXResourcesBuildPhase;
			buildActionMask = 2147483647;
			files = (
			);
			runOnlyForDeploymentPostprocessing = 0;
		};
		E615D227E543747B3ACE48F512284940 /* Resources */ = {
			isa = PBXResourcesBuildPhase;
			buildActionMask = 2147483647;
			files = (
			);
			runOnlyForDeploymentPostprocessing = 0;
		};
		EDF9553A33F0935D48AD4CC16D3C882D /* Resources */ = {
			isa = PBXResourcesBuildPhase;
			buildActionMask = 2147483647;
			files = (
				9FB3E246BC7D116732DC12DEF9470DCF /* Assets.xcassets in Resources */,
				268460360465E7A3B49BB2240B83DA1F /* LaunchScreen.storyboard in Resources */,
				94443FE79AC7C9656E73A47630827697 /* Main.storyboard in Resources */,
			);
			runOnlyForDeploymentPostprocessing = 0;
		};
/* End PBXResourcesBuildPhase section */

/* Begin PBXShellScriptBuildPhase section */
		1DB33C5A082BAE41A47C253B56476DE4 /* [CP] Embed Pods Frameworks */ = {
			isa = PBXShellScriptBuildPhase;
			buildActionMask = 2147483647;
			files = (
			);
			inputPaths = (
				"${SRCROOT}/Pods/Target Support Files/Pods-ChecklistsUITestIntegration/Pods-ChecklistsUITestIntegration-frameworks.sh",
				"${BUILT_PRODUCTS_DIR}/RxSwift/RxSwift.framework",
				"${BUILT_PRODUCTS_DIR}/Nimble/Nimble.framework",
				"${BUILT_PRODUCTS_DIR}/Quick/Quick.framework",
				"${BUILT_PRODUCTS_DIR}/RxBlocking/RxBlocking.framework",
				"${BUILT_PRODUCTS_DIR}/RxTest/RxTest.framework",
				"${BUILT_PRODUCTS_DIR}/SwiftMonkey/SwiftMonkey.framework",
				"${BUILT_PRODUCTS_DIR}/Swifter/Swifter.framework",
			);
			name = "[CP] Embed Pods Frameworks";
			outputPaths = (
				"${TARGET_BUILD_DIR}/${FRAMEWORKS_FOLDER_PATH}/RxSwift.framework",
				"${TARGET_BUILD_DIR}/${FRAMEWORKS_FOLDER_PATH}/Nimble.framework",
				"${TARGET_BUILD_DIR}/${FRAMEWORKS_FOLDER_PATH}/Quick.framework",
				"${TARGET_BUILD_DIR}/${FRAMEWORKS_FOLDER_PATH}/RxBlocking.framework",
				"${TARGET_BUILD_DIR}/${FRAMEWORKS_FOLDER_PATH}/RxTest.framework",
				"${TARGET_BUILD_DIR}/${FRAMEWORKS_FOLDER_PATH}/SwiftMonkey.framework",
				"${TARGET_BUILD_DIR}/${FRAMEWORKS_FOLDER_PATH}/Swifter.framework",
			);
			runOnlyForDeploymentPostprocessing = 0;
			shellPath = /bin/sh;
			shellScript = "\"${SRCROOT}/Pods/Target Support Files/Pods-ChecklistsUITestIntegration/Pods-ChecklistsUITestIntegration-frameworks.sh\"\n";
			showEnvVarsInLog = 0;
		};
		2E15DB319AD5F537B48299D67A934A1D /* [CP] Check Pods Manifest.lock */ = {
			isa = PBXShellScriptBuildPhase;
			buildActionMask = 2147483647;
			files = (
			);
			inputPaths = (
				"${PODS_PODFILE_DIR_PATH}/Podfile.lock",
				"${PODS_ROOT}/Manifest.lock",
			);
			name = "[CP] Check Pods Manifest.lock";
			outputPaths = (
				"$(DERIVED_FILE_DIR)/Pods-Checklists-checkManifestLockResult.txt",
			);
			runOnlyForDeploymentPostprocessing = 0;
			shellPath = /bin/sh;
			shellScript = "diff \"${PODS_PODFILE_DIR_PATH}/Podfile.lock\" \"${PODS_ROOT}/Manifest.lock\" > /dev/null\nif [ $? != 0 ] ; then\n    # print error to STDERR\n    echo \"error: The sandbox is not in sync with the Podfile.lock. Run 'pod install' or update your CocoaPods installation.\" >&2\n    exit 1\nfi\n# This output is used by Xcode 'outputs' to avoid re-running this script phase.\necho \"SUCCESS\" > \"${SCRIPT_OUTPUT_FILE_0}\"\n";
			showEnvVarsInLog = 0;
		};
		2FEA619ADA11B72F68D43A08AB73818C /* [CP] Check Pods Manifest.lock */ = {
			isa = PBXShellScriptBuildPhase;
			buildActionMask = 2147483647;
			files = (
			);
			inputPaths = (
				"${PODS_PODFILE_DIR_PATH}/Podfile.lock",
				"${PODS_ROOT}/Manifest.lock",
			);
			name = "[CP] Check Pods Manifest.lock";
			outputPaths = (
				"$(DERIVED_FILE_DIR)/Pods-ChecklistsUITestIntegration-checkManifestLockResult.txt",
			);
			runOnlyForDeploymentPostprocessing = 0;
			shellPath = /bin/sh;
			shellScript = "diff \"${PODS_PODFILE_DIR_PATH}/Podfile.lock\" \"${PODS_ROOT}/Manifest.lock\" > /dev/null\nif [ $? != 0 ] ; then\n    # print error to STDERR\n    echo \"error: The sandbox is not in sync with the Podfile.lock. Run 'pod install' or update your CocoaPods installation.\" >&2\n    exit 1\nfi\n# This output is used by Xcode 'outputs' to avoid re-running this script phase.\necho \"SUCCESS\" > \"${SCRIPT_OUTPUT_FILE_0}\"\n";
			showEnvVarsInLog = 0;
		};
		3BEEBC22533278509DFF10F8489EA7F7 /* [CP] Check Pods Manifest.lock */ = {
			isa = PBXShellScriptBuildPhase;
			buildActionMask = 2147483647;
			files = (
			);
			inputPaths = (
				"${PODS_PODFILE_DIR_PATH}/Podfile.lock",
				"${PODS_ROOT}/Manifest.lock",
			);
			name = "[CP] Check Pods Manifest.lock";
			outputPaths = (
				"$(DERIVED_FILE_DIR)/Pods-ChecklistsUITestLocal-checkManifestLockResult.txt",
			);
			runOnlyForDeploymentPostprocessing = 0;
			shellPath = /bin/sh;
			shellScript = "diff \"${PODS_PODFILE_DIR_PATH}/Podfile.lock\" \"${PODS_ROOT}/Manifest.lock\" > /dev/null\nif [ $? != 0 ] ; then\n    # print error to STDERR\n    echo \"error: The sandbox is not in sync with the Podfile.lock. Run 'pod install' or update your CocoaPods installation.\" >&2\n    exit 1\nfi\n# This output is used by Xcode 'outputs' to avoid re-running this script phase.\necho \"SUCCESS\" > \"${SCRIPT_OUTPUT_FILE_0}\"\n";
			showEnvVarsInLog = 0;
		};
		7ECE055A92E5CB83FA4525D88AE8E5BD /* [CP] Check Pods Manifest.lock */ = {
			isa = PBXShellScriptBuildPhase;
			buildActionMask = 2147483647;
			files = (
			);
			inputPaths = (
				"${PODS_PODFILE_DIR_PATH}/Podfile.lock",
				"${PODS_ROOT}/Manifest.lock",
			);
			name = "[CP] Check Pods Manifest.lock";
			outputPaths = (
				"$(DERIVED_FILE_DIR)/Pods-ChecklistsTests-checkManifestLockResult.txt",
			);
			runOnlyForDeploymentPostprocessing = 0;
			shellPath = /bin/sh;
			shellScript = "diff \"${PODS_PODFILE_DIR_PATH}/Podfile.lock\" \"${PODS_ROOT}/Manifest.lock\" > /dev/null\nif [ $? != 0 ] ; then\n    # print error to STDERR\n    echo \"error: The sandbox is not in sync with the Podfile.lock. Run 'pod install' or update your CocoaPods installation.\" >&2\n    exit 1\nfi\n# This output is used by Xcode 'outputs' to avoid re-running this script phase.\necho \"SUCCESS\" > \"${SCRIPT_OUTPUT_FILE_0}\"\n";
			showEnvVarsInLog = 0;
		};
		9738B15DBA9CC06C586E74DE9867D7E3 /* [CP] Embed Pods Frameworks */ = {
			isa = PBXShellScriptBuildPhase;
			buildActionMask = 2147483647;
			files = (
			);
			inputPaths = (
				"${SRCROOT}/Pods/Target Support Files/Pods-Checklists/Pods-Checklists-frameworks.sh",
				"${BUILT_PRODUCTS_DIR}/Alamofire/Alamofire.framework",
				"${BUILT_PRODUCTS_DIR}/Alamofire-Synchronous/Alamofire_Synchronous.framework",
				"${BUILT_PRODUCTS_DIR}/RxCocoa/RxCocoa.framework",
				"${BUILT_PRODUCTS_DIR}/RxSwift/RxSwift.framework",
				"${BUILT_PRODUCTS_DIR}/SwiftyJSON/SwiftyJSON.framework",
			);
			name = "[CP] Embed Pods Frameworks";
			outputPaths = (
				"${TARGET_BUILD_DIR}/${FRAMEWORKS_FOLDER_PATH}/Alamofire.framework",
				"${TARGET_BUILD_DIR}/${FRAMEWORKS_FOLDER_PATH}/Alamofire_Synchronous.framework",
				"${TARGET_BUILD_DIR}/${FRAMEWORKS_FOLDER_PATH}/RxCocoa.framework",
				"${TARGET_BUILD_DIR}/${FRAMEWORKS_FOLDER_PATH}/RxSwift.framework",
				"${TARGET_BUILD_DIR}/${FRAMEWORKS_FOLDER_PATH}/SwiftyJSON.framework",
			);
			runOnlyForDeploymentPostprocessing = 0;
			shellPath = /bin/sh;
			shellScript = "\"${SRCROOT}/Pods/Target Support Files/Pods-Checklists/Pods-Checklists-frameworks.sh\"\n";
			showEnvVarsInLog = 0;
		};
		D4B7DF39EEED5326D1323001799E5736 /* [CP] Embed Pods Frameworks */ = {
			isa = PBXShellScriptBuildPhase;
			buildActionMask = 2147483647;
			files = (
			);
			inputPaths = (
				"${SRCROOT}/Pods/Target Support Files/Pods-ChecklistsUITestLocal/Pods-ChecklistsUITestLocal-frameworks.sh",
				"${BUILT_PRODUCTS_DIR}/RxSwift/RxSwift.framework",
				"${BUILT_PRODUCTS_DIR}/Nimble/Nimble.framework",
				"${BUILT_PRODUCTS_DIR}/Quick/Quick.framework",
				"${BUILT_PRODUCTS_DIR}/RxBlocking/RxBlocking.framework",
				"${BUILT_PRODUCTS_DIR}/RxTest/RxTest.framework",
				"${BUILT_PRODUCTS_DIR}/SwiftMonkey/SwiftMonkey.framework",
				"${BUILT_PRODUCTS_DIR}/Swifter/Swifter.framework",
			);
			name = "[CP] Embed Pods Frameworks";
			outputPaths = (
				"${TARGET_BUILD_DIR}/${FRAMEWORKS_FOLDER_PATH}/RxSwift.framework",
				"${TARGET_BUILD_DIR}/${FRAMEWORKS_FOLDER_PATH}/Nimble.framework",
				"${TARGET_BUILD_DIR}/${FRAMEWORKS_FOLDER_PATH}/Quick.framework",
				"${TARGET_BUILD_DIR}/${FRAMEWORKS_FOLDER_PATH}/RxBlocking.framework",
				"${TARGET_BUILD_DIR}/${FRAMEWORKS_FOLDER_PATH}/RxTest.framework",
				"${TARGET_BUILD_DIR}/${FRAMEWORKS_FOLDER_PATH}/SwiftMonkey.framework",
				"${TARGET_BUILD_DIR}/${FRAMEWORKS_FOLDER_PATH}/Swifter.framework",
			);
			runOnlyForDeploymentPostprocessing = 0;
			shellPath = /bin/sh;
			shellScript = "\"${SRCROOT}/Pods/Target Support Files/Pods-ChecklistsUITestLocal/Pods-ChecklistsUITestLocal-frameworks.sh\"\n";
			showEnvVarsInLog = 0;
		};
		E68241A941BCB0F9A87E9A41F83225B7 /* [CP] Embed Pods Frameworks */ = {
			isa = PBXShellScriptBuildPhase;
			buildActionMask = 2147483647;
			files = (
			);
			inputPaths = (
				"${SRCROOT}/Pods/Target Support Files/Pods-ChecklistsTests/Pods-ChecklistsTests-frameworks.sh",
				"${BUILT_PRODUCTS_DIR}/RxSwift/RxSwift.framework",
				"${BUILT_PRODUCTS_DIR}/Nimble/Nimble.framework",
				"${BUILT_PRODUCTS_DIR}/Quick/Quick.framework",
				"${BUILT_PRODUCTS_DIR}/RxBlocking/RxBlocking.framework",
				"${BUILT_PRODUCTS_DIR}/RxTest/RxTest.framework",
				"${BUILT_PRODUCTS_DIR}/SwiftMonkey/SwiftMonkey.framework",
				"${BUILT_PRODUCTS_DIR}/Swifter/Swifter.framework",
			);
			name = "[CP] Embed Pods Frameworks";
			outputPaths = (
				"${TARGET_BUILD_DIR}/${FRAMEWORKS_FOLDER_PATH}/RxSwift.framework",
				"${TARGET_BUILD_DIR}/${FRAMEWORKS_FOLDER_PATH}/Nimble.framework",
				"${TARGET_BUILD_DIR}/${FRAMEWORKS_FOLDER_PATH}/Quick.framework",
				"${TARGET_BUILD_DIR}/${FRAMEWORKS_FOLDER_PATH}/RxBlocking.framework",
				"${TARGET_BUILD_DIR}/${FRAMEWORKS_FOLDER_PATH}/RxTest.framework",
				"${TARGET_BUILD_DIR}/${FRAMEWORKS_FOLDER_PATH}/SwiftMonkey.framework",
				"${TARGET_BUILD_DIR}/${FRAMEWORKS_FOLDER_PATH}/Swifter.framework",
			);
			runOnlyForDeploymentPostprocessing = 0;
			shellPath = /bin/sh;
			shellScript = "\"${SRCROOT}/Pods/Target Support Files/Pods-ChecklistsTests/Pods-ChecklistsTests-frameworks.sh\"\n";
			showEnvVarsInLog = 0;
		};
/* End PBXShellScriptBuildPhase section */

/* Begin PBXSourcesBuildPhase section */
		AA65AA382989445DAD4A285D021E0531 /* Sources */ = {
			isa = PBXSourcesBuildPhase;
			buildActionMask = 2147483647;
			files = (
				0A279B00CCF870AB51672B83643394BE /* CheckListItemSpec.swift in Sources */,
				E2E8920AAE5DADC5EE021A1CE0F80A98 /* ChecklistDataPersistenceMock.swift in Sources */,
				A8540EDC0A393735B2E67955BEB489AE /* ChecklistDataPersistenceSpec.swift in Sources */,
				BF87BCE99E8CDB979E047896893EAD24 /* ChecklistDataProviderSpec.swift in Sources */,
				67D5E266E357C9464E089B4D7537F9AE /* ChecklistDataProviderTypeMock.swift in Sources */,
				E5C4E0D6870B44C9D8150812272CE7B2 /* ChecklistViewControllerSpec.swift in Sources */,
				DACD0F77D4E19524EE2C281ACFC40C76 /* EnvironmentSpec.swift in Sources */,
				1A46D5B1309E43ECFC42EBF21BD1782C /* ItemDetailViewControllerDelegateMock.swift in Sources */,
				F9897E0918EF262D0169DC708D3C4DAF /* ItemDetailViewControllerSpec.swift in Sources */,
			);
			runOnlyForDeploymentPostprocessing = 0;
		};
		C80D8F3BDCC9DC3CC71B23BF917CE50A /* Sources */ = {
			isa = PBXSourcesBuildPhase;
			buildActionMask = 2147483647;
			files = (
				60F58AE421861A4E0038C48C /* IntegrationEnvironmentSpec.swift in Sources */,
				62FAFFD8934A360C31C8731DABEBDB8F /* BaseRobot.swift in Sources */,
				72605A5F1A1B0AA534C819BA2C15BECC /* ChecklistRobot.swift in Sources */,
				232DF36A66793F6CE1B4C056244F8E77 /* IntegrationUITests.swift in Sources */,
				60F58AE521861B6F0038C48C /* Environment.swift in Sources */,
			);
			runOnlyForDeploymentPostprocessing = 0;
		};
		E2D0D13AFB06058A71AF886E967A1676 /* Sources */ = {
			isa = PBXSourcesBuildPhase;
			buildActionMask = 2147483647;
			files = (
				B313522E0D69A00C13340EF8CFBDAE8E /* APIMock.swift in Sources */,
				60F58AE621861B6F0038C48C /* Environment.swift in Sources */,
				0E4734AA03D8C1DB36E796C2ED217A19 /* BaseRobot.swift in Sources */,
				5AC8CB6F79AB5A14D1F4CCFBDB1E942E /* ChecklistRobot.swift in Sources */,
				60F58AE921861BF10038C48C /* LocalEnvironmentSpec.swift in Sources */,
				45BFD8DFD1503E2F0237C55974856CF5 /* LocalUITests.swift in Sources */,
				7A6F1388C27E07A8D2391BC752B9ECFD /* MonkeyTest.swift in Sources */,
			);
			runOnlyForDeploymentPostprocessing = 0;
		};
		EBA468E16DF747E875846A34E025C097 /* Sources */ = {
			isa = PBXSourcesBuildPhase;
			buildActionMask = 2147483647;
			files = (
				A3A32C522E0414134E0CD0AF053309CA /* AppDelegate.swift in Sources */,
				64FDD0BC33E8C47883322E148F78D948 /* ChecklistDataPersistence.swift in Sources */,
				8A600BA4F92829D933D25F4DA87B4E54 /* ChecklistDataPersistenceRest.swift in Sources */,
				0E6B385C8DC1229F200420E96DF19F3E /* ChecklistDataProvider.swift in Sources */,
				EE493660A68A79FD1D07B0B20B29C2E2 /* ChecklistItem.swift in Sources */,
				061CC3A80DA207C22923B6B9A2AB469A /* ChecklistViewController.swift in Sources */,
				17DA3E74618DEE4710279B35D77AFD88 /* Environment.swift in Sources */,
				561D0CC5FB4BF7496BF0BD1F528B981C /* ItemDetailViewController.swift in Sources */,
			);
			runOnlyForDeploymentPostprocessing = 0;
		};
/* End PBXSourcesBuildPhase section */

/* Begin PBXTargetDependency section */
		258E6B8B7358C696FF61C9D44B48503B /* PBXTargetDependency */ = {
			isa = PBXTargetDependency;
			target = ADF66C4C9F00975F16EBC494FECC3DE7 /* Checklists */;
			targetProxy = C96B84C3FC5C270B4C318BF2EF4585CE /* PBXContainerItemProxy */;
		};
		ACCE7815224524D6261B40E17613D6AE /* PBXTargetDependency */ = {
			isa = PBXTargetDependency;
			target = ADF66C4C9F00975F16EBC494FECC3DE7 /* Checklists */;
			targetProxy = 80D168A1CE6271F49D80E8207E5ECA38 /* PBXContainerItemProxy */;
		};
		B66B08C0C01CBB36103C47C54F76D5AF /* PBXTargetDependency */ = {
			isa = PBXTargetDependency;
			target = ADF66C4C9F00975F16EBC494FECC3DE7 /* Checklists */;
			targetProxy = BA6B9672EFA8600EDBA791CFB11B4C8B /* PBXContainerItemProxy */;
		};
/* End PBXTargetDependency section */

/* Begin PBXVariantGroup section */
		1F2FA77C497A9ECA00DEBA96A31941C9 /* Main.storyboard */ = {
			isa = PBXVariantGroup;
			children = (
				51B3FD98425C05DCB258A2372AEF2400 /* Base */,
			);
			name = Main.storyboard;
			sourceTree = "<group>";
		};
		C85F82CDB62CDEA543ACA67999688322 /* LaunchScreen.storyboard */ = {
			isa = PBXVariantGroup;
			children = (
				6D8C1B4D3B413AB0419426B7923989C2 /* Base */,
			);
			name = LaunchScreen.storyboard;
			sourceTree = "<group>";
		};
/* End PBXVariantGroup section */

/* Begin XCBuildConfiguration section */
		3739928C3A7567070346BF2C0E4AD834 /* Release */ = {
			isa = XCBuildConfiguration;
			buildSettings = {
				ALWAYS_SEARCH_USER_PATHS = NO;
				CLANG_ANALYZER_NONNULL = YES;
				CLANG_ANALYZER_NUMBER_OBJECT_CONVERSION = YES_AGGRESSIVE;
				CLANG_CXX_LANGUAGE_STANDARD = "gnu++14";
				CLANG_CXX_LIBRARY = "libc++";
				CLANG_ENABLE_MODULES = YES;
				CLANG_ENABLE_OBJC_ARC = YES;
				CLANG_WARN_BLOCK_CAPTURE_AUTORELEASING = YES;
				CLANG_WARN_BOOL_CONVERSION = YES;
				CLANG_WARN_COMMA = YES;
				CLANG_WARN_CONSTANT_CONVERSION = YES;
				CLANG_WARN_DIRECT_OBJC_ISA_USAGE = YES_ERROR;
				CLANG_WARN_DOCUMENTATION_COMMENTS = YES;
				CLANG_WARN_EMPTY_BODY = YES;
				CLANG_WARN_ENUM_CONVERSION = YES;
				CLANG_WARN_INFINITE_RECURSION = YES;
				CLANG_WARN_INT_CONVERSION = YES;
				CLANG_WARN_NON_LITERAL_NULL_CONVERSION = YES;
				CLANG_WARN_OBJC_LITERAL_CONVERSION = YES;
				CLANG_WARN_OBJC_ROOT_CLASS = YES_ERROR;
				CLANG_WARN_RANGE_LOOP_ANALYSIS = YES;
				CLANG_WARN_STRICT_PROTOTYPES = YES;
				CLANG_WARN_SUSPICIOUS_MOVE = YES;
				CLANG_WARN_UNGUARDED_AVAILABILITY = YES_AGGRESSIVE;
				CLANG_WARN_UNREACHABLE_CODE = YES;
				CLANG_WARN__DUPLICATE_METHOD_MATCH = YES;
				CODE_SIGN_IDENTITY = "iPhone Developer";
				COPY_PHASE_STRIP = NO;
				DEBUG_INFORMATION_FORMAT = "dwarf-with-dsym";
				ENABLE_NS_ASSERTIONS = NO;
				ENABLE_STRICT_OBJC_MSGSEND = YES;
				GCC_C_LANGUAGE_STANDARD = gnu11;
				GCC_NO_COMMON_BLOCKS = YES;
				GCC_WARN_64_TO_32_BIT_CONVERSION = YES;
				GCC_WARN_ABOUT_RETURN_TYPE = YES_ERROR;
				GCC_WARN_UNDECLARED_SELECTOR = YES;
				GCC_WARN_UNINITIALIZED_AUTOS = YES_AGGRESSIVE;
				GCC_WARN_UNUSED_FUNCTION = YES;
				GCC_WARN_UNUSED_VARIABLE = YES;
				IPHONEOS_DEPLOYMENT_TARGET = 11.2;
				MTL_ENABLE_DEBUG_INFO = NO;
				SDKROOT = iphoneos;
				SWIFT_OPTIMIZATION_LEVEL = "-Owholemodule";
				VALIDATE_PRODUCT = YES;
			};
			name = Release;
		};
		3AE2C65A984D798A835B508D48251461 /* Release */ = {
			isa = XCBuildConfiguration;
			baseConfigurationReference = E472187A6B96426EFCC0DB9EAE512D0A /* Pods-ChecklistsUITestIntegration.release.xcconfig */;
			buildSettings = {
				ALWAYS_EMBED_SWIFT_STANDARD_LIBRARIES = YES;
				CODE_SIGN_STYLE = Automatic;
				DEVELOPMENT_TEAM = CZ8P948NCH;
				INFOPLIST_FILE = ChecklistsUITests/Info.plist;
				LD_RUNPATH_SEARCH_PATHS = "$(inherited) @executable_path/Frameworks @loader_path/Frameworks";
				PRODUCT_BUNDLE_IDENTIFIER = com.thoughtworks.capdev.lbarra.ChecklistsUITests;
				PRODUCT_NAME = "$(TARGET_NAME)";
				SWIFT_VERSION = 4.0;
				TARGETED_DEVICE_FAMILY = "1,2";
				TEST_TARGET_NAME = Checklists;
			};
			name = Release;
		};
		3D096B775128878E423AC52F16368DEC /* Debug */ = {
			isa = XCBuildConfiguration;
			baseConfigurationReference = B4147E8741644B3A4A70EDE46FD28235 /* Pods-ChecklistsUITestLocal.debug.xcconfig */;
			buildSettings = {
				ALWAYS_EMBED_SWIFT_STANDARD_LIBRARIES = YES;
				CODE_SIGN_STYLE = Automatic;
				DEVELOPMENT_TEAM = CZ8P948NCH;
				INFOPLIST_FILE = ChecklistsUITests/Info.plist;
				LD_RUNPATH_SEARCH_PATHS = "$(inherited) @executable_path/Frameworks @loader_path/Frameworks";
				PRODUCT_BUNDLE_IDENTIFIER = com.thoughtworks.capdev.lbarra.ChecklistsUITests;
				PRODUCT_NAME = "$(TARGET_NAME)";
				SWIFT_VERSION = 4.0;
				TARGETED_DEVICE_FAMILY = "1,2";
				TEST_TARGET_NAME = Checklists;
			};
			name = Debug;
		};
		4C69A04D424435AAC288C78C9D81965D /* Release */ = {
			isa = XCBuildConfiguration;
			baseConfigurationReference = 4B3D6A434AA108C8F5AFD1BD4A037FE8 /* Pods-ChecklistsUITestLocal.release.xcconfig */;
			buildSettings = {
				ALWAYS_EMBED_SWIFT_STANDARD_LIBRARIES = YES;
				CODE_SIGN_STYLE = Automatic;
				DEVELOPMENT_TEAM = CZ8P948NCH;
				INFOPLIST_FILE = ChecklistsUITests/Info.plist;
				LD_RUNPATH_SEARCH_PATHS = "$(inherited) @executable_path/Frameworks @loader_path/Frameworks";
				PRODUCT_BUNDLE_IDENTIFIER = com.thoughtworks.capdev.lbarra.ChecklistsUITests;
				PRODUCT_NAME = "$(TARGET_NAME)";
				SWIFT_VERSION = 4.0;
				TARGETED_DEVICE_FAMILY = "1,2";
				TEST_TARGET_NAME = Checklists;
			};
			name = Release;
		};
		5FC90A34DB4173D99E420D8797316A98 /* Debug */ = {
			isa = XCBuildConfiguration;
			baseConfigurationReference = F39AF4559ED6BC307F2CF15601818249 /* Pods-Checklists.debug.xcconfig */;
			buildSettings = {
				ASSETCATALOG_COMPILER_APPICON_NAME = AppIcon;
				CODE_SIGN_STYLE = Automatic;
				DEVELOPMENT_TEAM = CZ8P948NCH;
				INFOPLIST_FILE = Checklists/Info.plist;
				LD_RUNPATH_SEARCH_PATHS = "$(inherited) @executable_path/Frameworks";
				PRODUCT_BUNDLE_IDENTIFIER = com.thoughtworks.capdev.lbarra.Checklists;
				PRODUCT_NAME = "$(TARGET_NAME)";
				SWIFT_VERSION = 4.0;
				TARGETED_DEVICE_FAMILY = "1,2";
			};
			name = Debug;
		};
		83D72132EC7B2E9FE03020A153775FA9 /* Debug */ = {
			isa = XCBuildConfiguration;
			baseConfigurationReference = 2A57C9E793F3E868E211D553EDD76B6B /* Pods-ChecklistsTests.debug.xcconfig */;
			buildSettings = {
				ALWAYS_EMBED_SWIFT_STANDARD_LIBRARIES = YES;
				BUNDLE_LOADER = "$(TEST_HOST)";
				CODE_SIGN_STYLE = Automatic;
				DEVELOPMENT_TEAM = CZ8P948NCH;
				INFOPLIST_FILE = ChecklistsTests/Info.plist;
				LD_RUNPATH_SEARCH_PATHS = "$(inherited) @executable_path/Frameworks @loader_path/Frameworks";
				PRODUCT_BUNDLE_IDENTIFIER = com.thoughtworks.capdev.lbarra.ChecklistsTests;
				PRODUCT_NAME = "$(TARGET_NAME)";
				SWIFT_VERSION = 4.0;
				TARGETED_DEVICE_FAMILY = "1,2";
				TEST_HOST = "$(BUILT_PRODUCTS_DIR)/Checklists.app/Checklists";
			};
			name = Debug;
		};
		B51F1FFED82F21EE158367712D53C693 /* Debug */ = {
			isa = XCBuildConfiguration;
			buildSettings = {
				ALWAYS_SEARCH_USER_PATHS = NO;
				CLANG_ANALYZER_NONNULL = YES;
				CLANG_ANALYZER_NUMBER_OBJECT_CONVERSION = YES_AGGRESSIVE;
				CLANG_CXX_LANGUAGE_STANDARD = "gnu++14";
				CLANG_CXX_LIBRARY = "libc++";
				CLANG_ENABLE_MODULES = YES;
				CLANG_ENABLE_OBJC_ARC = YES;
				CLANG_WARN_BLOCK_CAPTURE_AUTORELEASING = YES;
				CLANG_WARN_BOOL_CONVERSION = YES;
				CLANG_WARN_COMMA = YES;
				CLANG_WARN_CONSTANT_CONVERSION = YES;
				CLANG_WARN_DIRECT_OBJC_ISA_USAGE = YES_ERROR;
				CLANG_WARN_DOCUMENTATION_COMMENTS = YES;
				CLANG_WARN_EMPTY_BODY = YES;
				CLANG_WARN_ENUM_CONVERSION = YES;
				CLANG_WARN_INFINITE_RECURSION = YES;
				CLANG_WARN_INT_CONVERSION = YES;
				CLANG_WARN_NON_LITERAL_NULL_CONVERSION = YES;
				CLANG_WARN_OBJC_LITERAL_CONVERSION = YES;
				CLANG_WARN_OBJC_ROOT_CLASS = YES_ERROR;
				CLANG_WARN_RANGE_LOOP_ANALYSIS = YES;
				CLANG_WARN_STRICT_PROTOTYPES = YES;
				CLANG_WARN_SUSPICIOUS_MOVE = YES;
				CLANG_WARN_UNGUARDED_AVAILABILITY = YES_AGGRESSIVE;
				CLANG_WARN_UNREACHABLE_CODE = YES;
				CLANG_WARN__DUPLICATE_METHOD_MATCH = YES;
				CODE_SIGN_IDENTITY = "iPhone Developer";
				COPY_PHASE_STRIP = NO;
				DEBUG_INFORMATION_FORMAT = dwarf;
				ENABLE_STRICT_OBJC_MSGSEND = YES;
				ENABLE_TESTABILITY = YES;
				GCC_C_LANGUAGE_STANDARD = gnu11;
				GCC_DYNAMIC_NO_PIC = NO;
				GCC_NO_COMMON_BLOCKS = YES;
				GCC_OPTIMIZATION_LEVEL = 0;
				GCC_PREPROCESSOR_DEFINITIONS = (
					"DEBUG=1",
					"$(inherited)",
				);
				GCC_WARN_64_TO_32_BIT_CONVERSION = YES;
				GCC_WARN_ABOUT_RETURN_TYPE = YES_ERROR;
				GCC_WARN_UNDECLARED_SELECTOR = YES;
				GCC_WARN_UNINITIALIZED_AUTOS = YES_AGGRESSIVE;
				GCC_WARN_UNUSED_FUNCTION = YES;
				GCC_WARN_UNUSED_VARIABLE = YES;
				IPHONEOS_DEPLOYMENT_TARGET = 11.2;
				MTL_ENABLE_DEBUG_INFO = YES;
				ONLY_ACTIVE_ARCH = YES;
				SDKROOT = iphoneos;
				SWIFT_ACTIVE_COMPILATION_CONDITIONS = DEBUG;
				SWIFT_OPTIMIZATION_LEVEL = "-Onone";
			};
			name = Debug;
		};
		B8AE99471B11DF819262846071D4AB15 /* Debug */ = {
			isa = XCBuildConfiguration;
			baseConfigurationReference = C3E3983852DF1DA56343F062A20B6CB0 /* Pods-ChecklistsUITestIntegration.debug.xcconfig */;
			buildSettings = {
				ALWAYS_EMBED_SWIFT_STANDARD_LIBRARIES = YES;
				CODE_SIGN_STYLE = Automatic;
				DEVELOPMENT_TEAM = CZ8P948NCH;
				INFOPLIST_FILE = ChecklistsUITests/Info.plist;
				LD_RUNPATH_SEARCH_PATHS = "$(inherited) @executable_path/Frameworks @loader_path/Frameworks";
				PRODUCT_BUNDLE_IDENTIFIER = com.thoughtworks.capdev.lbarra.ChecklistsUITests;
				PRODUCT_NAME = "$(TARGET_NAME)";
				SWIFT_VERSION = 4.0;
				TARGETED_DEVICE_FAMILY = "1,2";
				TEST_TARGET_NAME = Checklists;
			};
			name = Debug;
		};
		EF4E31EFA585E4EBD171AA56D020EB41 /* Release */ = {
			isa = XCBuildConfiguration;
			baseConfigurationReference = 81C3CD34BDEEB1513BE7FB974DC44C4F /* Pods-ChecklistsTests.release.xcconfig */;
			buildSettings = {
				ALWAYS_EMBED_SWIFT_STANDARD_LIBRARIES = YES;
				BUNDLE_LOADER = "$(TEST_HOST)";
				CODE_SIGN_STYLE = Automatic;
				DEVELOPMENT_TEAM = CZ8P948NCH;
				INFOPLIST_FILE = ChecklistsTests/Info.plist;
				LD_RUNPATH_SEARCH_PATHS = "$(inherited) @executable_path/Frameworks @loader_path/Frameworks";
				PRODUCT_BUNDLE_IDENTIFIER = com.thoughtworks.capdev.lbarra.ChecklistsTests;
				PRODUCT_NAME = "$(TARGET_NAME)";
				SWIFT_VERSION = 4.0;
				TARGETED_DEVICE_FAMILY = "1,2";
				TEST_HOST = "$(BUILT_PRODUCTS_DIR)/Checklists.app/Checklists";
			};
			name = Release;
		};
		F21169EE9354B2C73BC7F334FDFB59A6 /* Release */ = {
			isa = XCBuildConfiguration;
			baseConfigurationReference = 2F5232103993033C8005D25C446F30FF /* Pods-Checklists.release.xcconfig */;
			buildSettings = {
				ASSETCATALOG_COMPILER_APPICON_NAME = AppIcon;
				CODE_SIGN_STYLE = Automatic;
				DEVELOPMENT_TEAM = CZ8P948NCH;
				INFOPLIST_FILE = Checklists/Info.plist;
				LD_RUNPATH_SEARCH_PATHS = "$(inherited) @executable_path/Frameworks";
				PRODUCT_BUNDLE_IDENTIFIER = com.thoughtworks.capdev.lbarra.Checklists;
				PRODUCT_NAME = "$(TARGET_NAME)";
				SWIFT_VERSION = 4.0;
				TARGETED_DEVICE_FAMILY = "1,2";
			};
			name = Release;
		};
/* End XCBuildConfiguration section */

/* Begin XCConfigurationList section */
		1C1BE9454D544B1F7A7444AADB49BDDC /* Build configuration list for PBXNativeTarget "Checklists" */ = {
			isa = XCConfigurationList;
			buildConfigurations = (
				5FC90A34DB4173D99E420D8797316A98 /* Debug */,
				F21169EE9354B2C73BC7F334FDFB59A6 /* Release */,
			);
			defaultConfigurationIsVisible = 0;
			defaultConfigurationName = Release;
		};
		20D738F8D6AE22E35FD904DE835157DD /* Build configuration list for PBXNativeTarget "ChecklistsTests" */ = {
			isa = XCConfigurationList;
			buildConfigurations = (
				83D72132EC7B2E9FE03020A153775FA9 /* Debug */,
				EF4E31EFA585E4EBD171AA56D020EB41 /* Release */,
			);
			defaultConfigurationIsVisible = 0;
			defaultConfigurationName = Release;
		};
		67D11D11E8DC7E5FC85AB80422A9DC22 /* Build configuration list for PBXNativeTarget "ChecklistsUITestLocal" */ = {
			isa = XCConfigurationList;
			buildConfigurations = (
				3D096B775128878E423AC52F16368DEC /* Debug */,
				4C69A04D424435AAC288C78C9D81965D /* Release */,
			);
			defaultConfigurationIsVisible = 0;
			defaultConfigurationName = Release;
		};
		D9682820D5D83E1329EA6EE1BEC6E4B9 /* Build configuration list for PBXProject "Checklists" */ = {
			isa = XCConfigurationList;
			buildConfigurations = (
				B51F1FFED82F21EE158367712D53C693 /* Debug */,
				3739928C3A7567070346BF2C0E4AD834 /* Release */,
			);
			defaultConfigurationIsVisible = 0;
			defaultConfigurationName = Release;
		};
		E8C58338870A439607862100D9A7978E /* Build configuration list for PBXNativeTarget "ChecklistsUITestIntegration" */ = {
			isa = XCConfigurationList;
			buildConfigurations = (
				B8AE99471B11DF819262846071D4AB15 /* Debug */,
				3AE2C65A984D798A835B508D48251461 /* Release */,
			);
			defaultConfigurationIsVisible = 0;
			defaultConfigurationName = Release;
		};
/* End XCConfigurationList section */
	};
	rootObject = E810412BCEBC4E4DBF6042106A57A373 /* Project object */;
}
